
Microsoft Visual Studio Solution File, Format Version 12.00
# Visual Studio 15
VisualStudioVersion = 15.0.26124.0
MinimumVisualStudioVersion = 15.0.26124.0
Project("{2150E333-8FDC-42A3-9474-1A3956D46DE8}") = "src", "src", "{0C167601-3D2A-4C5B-9B23-79D539C09711}"
EndProject
Project("{2150E333-8FDC-42A3-9474-1A3956D46DE8}") = "Core", "Core", "{CFF186D8-D8AE-4064-BA63-CF9D671A7BFE}"
EndProject
Project("{FAE04EC0-301F-11D3-BF4B-00C04F79EFBC}") = "LeanCode.Components", "src\Core\LeanCode.Components\LeanCode.Components.csproj", "{B5B07AE3-91D9-4D0E-8846-CA36FDC8CAB0}"
EndProject
Project("{FAE04EC0-301F-11D3-BF4B-00C04F79EFBC}") = "LeanCode.Components.Startup", "src\Core\LeanCode.Components.Startup\LeanCode.Components.Startup.csproj", "{4C889E83-17B0-4D2D-AF78-1A741F5F1BCD}"
EndProject
Project("{2150E333-8FDC-42A3-9474-1A3956D46DE8}") = "Domain", "Domain", "{279DD3FE-CED6-46DD-A156-B6CAA301557E}"
EndProject
Project("{FAE04EC0-301F-11D3-BF4B-00C04F79EFBC}") = "LeanCode.CQRS.Autofac", "src\Domain\LeanCode.CQRS.Autofac\LeanCode.CQRS.Autofac.csproj", "{8C1858B2-1986-446D-B65C-8DBCD2D825BA}"
EndProject
Project("{FAE04EC0-301F-11D3-BF4B-00C04F79EFBC}") = "LeanCode.CQRS.Default", "src\Domain\LeanCode.CQRS.Default\LeanCode.CQRS.Default.csproj", "{C23F70A3-B978-4104-AD55-AFD02BB3EE47}"
EndProject
Project("{FAE04EC0-301F-11D3-BF4B-00C04F79EFBC}") = "LeanCode.CQRS.FluentValidation", "src\Domain\LeanCode.CQRS.FluentValidation\LeanCode.CQRS.FluentValidation.csproj", "{A2F86B7D-A534-426E-9E39-18CB32239C1C}"
EndProject
Project("{FAE04EC0-301F-11D3-BF4B-00C04F79EFBC}") = "LeanCode.CQRS", "src\Domain\LeanCode.CQRS\LeanCode.CQRS.csproj", "{8A19ED3D-9E7E-4C07-9626-3CBA42A1D25D}"
EndProject
Project("{FAE04EC0-301F-11D3-BF4B-00C04F79EFBC}") = "LeanCode.CQRS.MvcValidation", "src\Domain\LeanCode.CQRS.MvcValidation\LeanCode.CQRS.MvcValidation.csproj", "{F86343B4-F2C9-459F-AD7B-161A6EB20344}"
EndProject
Project("{FAE04EC0-301F-11D3-BF4B-00C04F79EFBC}") = "LeanCode.CQRS.RemoteHttp.Client", "src\Domain\LeanCode.CQRS.RemoteHttp.Client\LeanCode.CQRS.RemoteHttp.Client.csproj", "{C12A2D32-D9F4-4F32-BF10-0147D6BC212B}"
EndProject
Project("{FAE04EC0-301F-11D3-BF4B-00C04F79EFBC}") = "LeanCode.CQRS.RemoteHttp.Server", "src\Domain\LeanCode.CQRS.RemoteHttp.Server\LeanCode.CQRS.RemoteHttp.Server.csproj", "{416956AD-03B1-49A3-BF0E-B198FE4C8C37}"
EndProject
Project("{FAE04EC0-301F-11D3-BF4B-00C04F79EFBC}") = "LeanCode.DomainModels.Autofac", "src\Domain\LeanCode.DomainModels.Autofac\LeanCode.DomainModels.Autofac.csproj", "{A0316925-E12E-46E1-B0B0-F791455BC9BE}"
EndProject
Project("{FAE04EC0-301F-11D3-BF4B-00C04F79EFBC}") = "LeanCode.DomainModels.EF", "src\Domain\LeanCode.DomainModels.EF\LeanCode.DomainModels.EF.csproj", "{306D8E4A-3FF2-4B2F-9218-6CDAFA2302DE}"
EndProject
Project("{FAE04EC0-301F-11D3-BF4B-00C04F79EFBC}") = "LeanCode.DomainModels.EventsExecutor", "src\Domain\LeanCode.DomainModels.EventsExecutor\LeanCode.DomainModels.EventsExecutor.csproj", "{F1556BF6-7FFD-4A17-AB21-455A38A3DF46}"
EndProject
Project("{FAE04EC0-301F-11D3-BF4B-00C04F79EFBC}") = "LeanCode.DomainModels", "src\Domain\LeanCode.DomainModels\LeanCode.DomainModels.csproj", "{404B1BF2-3E46-49E4-A28A-106140CBB077}"
EndProject
Project("{FAE04EC0-301F-11D3-BF4B-00C04F79EFBC}") = "LeanCode.DomainModels.RequestEventsExecutor", "src\Domain\LeanCode.DomainModels.RequestEventsExecutor\LeanCode.DomainModels.RequestEventsExecutor.csproj", "{1EAB8FC5-46BB-487E-974C-3540D120BA71}"
EndProject
Project("{FAE04EC0-301F-11D3-BF4B-00C04F79EFBC}") = "LeanCode.TimeProvider", "src\Domain\LeanCode.TimeProvider\LeanCode.TimeProvider.csproj", "{02972338-BB7A-4957-A6AC-27DEBB1709AA}"
EndProject
Project("{FAE04EC0-301F-11D3-BF4B-00C04F79EFBC}") = "LeanCode.Example", "src\Example\LeanCode.Example.csproj", "{823C1291-2B89-4254-875A-CD8B4E3497EA}"
EndProject
Project("{2150E333-8FDC-42A3-9474-1A3956D46DE8}") = "Helpers", "Helpers", "{1B51EC23-D22D-48E2-9EB5-CB1B98704846}"
EndProject
Project("{FAE04EC0-301F-11D3-BF4B-00C04F79EFBC}") = "LeanCode.Configuration", "src\Helpers\LeanCode.Configuration\LeanCode.Configuration.csproj", "{E7F18C95-3344-48C6-A866-B337472E6329}"
EndProject
Project("{2150E333-8FDC-42A3-9474-1A3956D46DE8}") = "Infrastructure", "Infrastructure", "{ED7C69C7-F421-4848-A317-2AD246E8950A}"
EndProject
Project("{FAE04EC0-301F-11D3-BF4B-00C04F79EFBC}") = "LeanCode.Cache.AspNet", "src\Infrastructure\LeanCode.Cache.AspNet\LeanCode.Cache.AspNet.csproj", "{A2899B45-BC1B-479C-B4AE-9BD24B6DC5D3}"
EndProject
Project("{FAE04EC0-301F-11D3-BF4B-00C04F79EFBC}") = "LeanCode.Cache", "src\Infrastructure\LeanCode.Cache\LeanCode.Cache.csproj", "{B9248394-9FD5-4872-82AA-4FAD1EC3A1F8}"
EndProject
Project("{FAE04EC0-301F-11D3-BF4B-00C04F79EFBC}") = "LeanCode.EmailSender", "src\Infrastructure\LeanCode.EmailSender\LeanCode.EmailSender.csproj", "{F7F2E307-0DC4-449D-B7BF-7AD0DCF03D88}"
EndProject
Project("{FAE04EC0-301F-11D3-BF4B-00C04F79EFBC}") = "LeanCode.EmailSender.SendGrid", "src\Infrastructure\LeanCode.EmailSender.SendGrid\LeanCode.EmailSender.SendGrid.csproj", "{32870E57-7328-4F6E-A9B3-59E7ED709130}"
EndProject
Project("{FAE04EC0-301F-11D3-BF4B-00C04F79EFBC}") = "LeanCode.Facebook", "src\Infrastructure\LeanCode.Facebook\LeanCode.Facebook.csproj", "{6D4E86DC-6BEF-48E5-8C22-221F23287AC2}"
EndProject
Project("{FAE04EC0-301F-11D3-BF4B-00C04F79EFBC}") = "LeanCode.PdfGenerator", "src\Infrastructure\LeanCode.PdfGenerator\LeanCode.PdfGenerator.csproj", "{34312A2F-8904-42DC-8665-E835EE402065}"
EndProject
Project("{FAE04EC0-301F-11D3-BF4B-00C04F79EFBC}") = "LeanCode.PdfGenerator.PdfRocket", "src\Infrastructure\LeanCode.PdfGenerator.PdfRocket\LeanCode.PdfGenerator.PdfRocket.csproj", "{731E6763-0925-4920-8BF4-89A4A1562FEA}"
EndProject
Project("{FAE04EC0-301F-11D3-BF4B-00C04F79EFBC}") = "LeanCode.PushNotifications.EF", "src\Infrastructure\LeanCode.PushNotifications.EF\LeanCode.PushNotifications.EF.csproj", "{40DC6DB5-BE89-4308-ACF8-DCD3828892D1}"
EndProject
Project("{FAE04EC0-301F-11D3-BF4B-00C04F79EFBC}") = "LeanCode.PushNotifications", "src\Infrastructure\LeanCode.PushNotifications\LeanCode.PushNotifications.csproj", "{8BEEB1D0-24F4-4635-AB25-D71BC2795B7B}"
EndProject
Project("{FAE04EC0-301F-11D3-BF4B-00C04F79EFBC}") = "LeanCode.ViewRenderer", "src\Infrastructure\LeanCode.ViewRenderer\LeanCode.ViewRenderer.csproj", "{19E45852-E9D4-44C0-8B71-1AF059A93857}"
EndProject
Project("{FAE04EC0-301F-11D3-BF4B-00C04F79EFBC}") = "LeanCode.ViewRenderer.Razor", "src\Infrastructure\LeanCode.ViewRenderer.Razor\LeanCode.ViewRenderer.Razor.csproj", "{54044878-E12B-4624-BC81-ED39A1E368AE}"
EndProject
Project("{2150E333-8FDC-42A3-9474-1A3956D46DE8}") = "test", "test", "{DA4FA15B-CD34-4F65-A11D-C39EF0781D4A}"
EndProject
Project("{2150E333-8FDC-42A3-9474-1A3956D46DE8}") = "Domain", "Domain", "{D6199C2D-2755-49B8-8904-077BA02DB35C}"
EndProject
Project("{FAE04EC0-301F-11D3-BF4B-00C04F79EFBC}") = "LeanCode.CQRS.Default.Tests", "test\Domain\LeanCode.CQRS.Default.Tests\LeanCode.CQRS.Default.Tests.csproj", "{85B1DB5B-C7B3-409E-85CE-E7FD2A7966EF}"
EndProject
Project("{FAE04EC0-301F-11D3-BF4B-00C04F79EFBC}") = "LeanCode.CQRS.FluentValidation.Tests", "test\Domain\LeanCode.CQRS.FluentValidation.Tests\LeanCode.CQRS.FluentValidation.Tests.csproj", "{65204184-B9C2-4578-897C-68BE505EC1F7}"
EndProject
Project("{FAE04EC0-301F-11D3-BF4B-00C04F79EFBC}") = "LeanCode.CQRS.RemoteHttp.Server.Tests", "test\Domain\LeanCode.CQRS.RemoteHttp.Server.Tests\LeanCode.CQRS.RemoteHttp.Server.Tests.csproj", "{AC93900B-33E4-44DA-9A63-EECAC77BF6E3}"
EndProject
Project("{FAE04EC0-301F-11D3-BF4B-00C04F79EFBC}") = "LeanCode.DomainModels.EventsExecutor.Tests", "test\Domain\LeanCode.DomainModels.EventsExecutor.Tests\LeanCode.DomainModels.EventsExecutor.Tests.csproj", "{BF33F987-57DD-4998-B9E5-F902B486AC00}"
EndProject
Project("{2150E333-8FDC-42A3-9474-1A3956D46DE8}") = "Infrastructure", "Infrastructure", "{EDA53AF9-F953-45E5-BB06-C7931990288F}"
EndProject
Project("{FAE04EC0-301F-11D3-BF4B-00C04F79EFBC}") = "LeanCode.Facebook.Tests", "test\Infrastructure\LeanCode.Facebook.Tests\LeanCode.Facebook.Tests.csproj", "{C1086CC9-AB71-444B-A90E-0D9075C90F10}"
EndProject
Project("{FAE04EC0-301F-11D3-BF4B-00C04F79EFBC}") = "LeanCode.PushNotifications.Tests", "test\Infrastructure\LeanCode.PushNotifications.Tests\LeanCode.PushNotifications.Tests.csproj", "{763AB4B2-CFD5-4F0C-B824-AAB78893BDE5}"
EndProject
Project("{FAE04EC0-301F-11D3-BF4B-00C04F79EFBC}") = "LeanCode.ViewRenderer.Razor.Tests", "test\Infrastructure\LeanCode.ViewRenderer.Razor.Tests\LeanCode.ViewRenderer.Razor.Tests.csproj", "{B4E41429-EB24-4551-9859-84E2DF839565}"
EndProject
Global
	GlobalSection(SolutionConfigurationPlatforms) = preSolution
		Debug|Any CPU = Debug|Any CPU
		Debug|x64 = Debug|x64
		Debug|x86 = Debug|x86
		Release|Any CPU = Release|Any CPU
		Release|x64 = Release|x64
		Release|x86 = Release|x86
	EndGlobalSection
	GlobalSection(SolutionProperties) = preSolution
		HideSolutionNode = FALSE
	EndGlobalSection
	GlobalSection(ProjectConfigurationPlatforms) = postSolution
		{B5B07AE3-91D9-4D0E-8846-CA36FDC8CAB0}.Debug|Any CPU.ActiveCfg = Debug|Any CPU
		{B5B07AE3-91D9-4D0E-8846-CA36FDC8CAB0}.Debug|Any CPU.Build.0 = Debug|Any CPU
		{B5B07AE3-91D9-4D0E-8846-CA36FDC8CAB0}.Debug|x64.ActiveCfg = Debug|x64
		{B5B07AE3-91D9-4D0E-8846-CA36FDC8CAB0}.Debug|x64.Build.0 = Debug|x64
		{B5B07AE3-91D9-4D0E-8846-CA36FDC8CAB0}.Debug|x86.ActiveCfg = Debug|x86
		{B5B07AE3-91D9-4D0E-8846-CA36FDC8CAB0}.Debug|x86.Build.0 = Debug|x86
		{B5B07AE3-91D9-4D0E-8846-CA36FDC8CAB0}.Release|Any CPU.ActiveCfg = Release|Any CPU
		{B5B07AE3-91D9-4D0E-8846-CA36FDC8CAB0}.Release|Any CPU.Build.0 = Release|Any CPU
		{B5B07AE3-91D9-4D0E-8846-CA36FDC8CAB0}.Release|x64.ActiveCfg = Release|x64
		{B5B07AE3-91D9-4D0E-8846-CA36FDC8CAB0}.Release|x64.Build.0 = Release|x64
		{B5B07AE3-91D9-4D0E-8846-CA36FDC8CAB0}.Release|x86.ActiveCfg = Release|x86
		{B5B07AE3-91D9-4D0E-8846-CA36FDC8CAB0}.Release|x86.Build.0 = Release|x86
		{4C889E83-17B0-4D2D-AF78-1A741F5F1BCD}.Debug|Any CPU.ActiveCfg = Debug|Any CPU
		{4C889E83-17B0-4D2D-AF78-1A741F5F1BCD}.Debug|Any CPU.Build.0 = Debug|Any CPU
		{4C889E83-17B0-4D2D-AF78-1A741F5F1BCD}.Debug|x64.ActiveCfg = Debug|x64
		{4C889E83-17B0-4D2D-AF78-1A741F5F1BCD}.Debug|x64.Build.0 = Debug|x64
		{4C889E83-17B0-4D2D-AF78-1A741F5F1BCD}.Debug|x86.ActiveCfg = Debug|x86
		{4C889E83-17B0-4D2D-AF78-1A741F5F1BCD}.Debug|x86.Build.0 = Debug|x86
		{4C889E83-17B0-4D2D-AF78-1A741F5F1BCD}.Release|Any CPU.ActiveCfg = Release|Any CPU
		{4C889E83-17B0-4D2D-AF78-1A741F5F1BCD}.Release|Any CPU.Build.0 = Release|Any CPU
		{4C889E83-17B0-4D2D-AF78-1A741F5F1BCD}.Release|x64.ActiveCfg = Release|x64
		{4C889E83-17B0-4D2D-AF78-1A741F5F1BCD}.Release|x64.Build.0 = Release|x64
		{4C889E83-17B0-4D2D-AF78-1A741F5F1BCD}.Release|x86.ActiveCfg = Release|x86
		{4C889E83-17B0-4D2D-AF78-1A741F5F1BCD}.Release|x86.Build.0 = Release|x86
		{8C1858B2-1986-446D-B65C-8DBCD2D825BA}.Debug|Any CPU.ActiveCfg = Debug|Any CPU
		{8C1858B2-1986-446D-B65C-8DBCD2D825BA}.Debug|Any CPU.Build.0 = Debug|Any CPU
		{8C1858B2-1986-446D-B65C-8DBCD2D825BA}.Debug|x64.ActiveCfg = Debug|x64
		{8C1858B2-1986-446D-B65C-8DBCD2D825BA}.Debug|x64.Build.0 = Debug|x64
		{8C1858B2-1986-446D-B65C-8DBCD2D825BA}.Debug|x86.ActiveCfg = Debug|x86
		{8C1858B2-1986-446D-B65C-8DBCD2D825BA}.Debug|x86.Build.0 = Debug|x86
		{8C1858B2-1986-446D-B65C-8DBCD2D825BA}.Release|Any CPU.ActiveCfg = Release|Any CPU
		{8C1858B2-1986-446D-B65C-8DBCD2D825BA}.Release|Any CPU.Build.0 = Release|Any CPU
		{8C1858B2-1986-446D-B65C-8DBCD2D825BA}.Release|x64.ActiveCfg = Release|x64
		{8C1858B2-1986-446D-B65C-8DBCD2D825BA}.Release|x64.Build.0 = Release|x64
		{8C1858B2-1986-446D-B65C-8DBCD2D825BA}.Release|x86.ActiveCfg = Release|x86
		{8C1858B2-1986-446D-B65C-8DBCD2D825BA}.Release|x86.Build.0 = Release|x86
		{C23F70A3-B978-4104-AD55-AFD02BB3EE47}.Debug|Any CPU.ActiveCfg = Debug|Any CPU
		{C23F70A3-B978-4104-AD55-AFD02BB3EE47}.Debug|Any CPU.Build.0 = Debug|Any CPU
		{C23F70A3-B978-4104-AD55-AFD02BB3EE47}.Debug|x64.ActiveCfg = Debug|x64
		{C23F70A3-B978-4104-AD55-AFD02BB3EE47}.Debug|x64.Build.0 = Debug|x64
		{C23F70A3-B978-4104-AD55-AFD02BB3EE47}.Debug|x86.ActiveCfg = Debug|x86
		{C23F70A3-B978-4104-AD55-AFD02BB3EE47}.Debug|x86.Build.0 = Debug|x86
		{C23F70A3-B978-4104-AD55-AFD02BB3EE47}.Release|Any CPU.ActiveCfg = Release|Any CPU
		{C23F70A3-B978-4104-AD55-AFD02BB3EE47}.Release|Any CPU.Build.0 = Release|Any CPU
		{C23F70A3-B978-4104-AD55-AFD02BB3EE47}.Release|x64.ActiveCfg = Release|x64
		{C23F70A3-B978-4104-AD55-AFD02BB3EE47}.Release|x64.Build.0 = Release|x64
		{C23F70A3-B978-4104-AD55-AFD02BB3EE47}.Release|x86.ActiveCfg = Release|x86
		{C23F70A3-B978-4104-AD55-AFD02BB3EE47}.Release|x86.Build.0 = Release|x86
		{A2F86B7D-A534-426E-9E39-18CB32239C1C}.Debug|Any CPU.ActiveCfg = Debug|Any CPU
		{A2F86B7D-A534-426E-9E39-18CB32239C1C}.Debug|Any CPU.Build.0 = Debug|Any CPU
		{A2F86B7D-A534-426E-9E39-18CB32239C1C}.Debug|x64.ActiveCfg = Debug|x64
		{A2F86B7D-A534-426E-9E39-18CB32239C1C}.Debug|x64.Build.0 = Debug|x64
		{A2F86B7D-A534-426E-9E39-18CB32239C1C}.Debug|x86.ActiveCfg = Debug|x86
		{A2F86B7D-A534-426E-9E39-18CB32239C1C}.Debug|x86.Build.0 = Debug|x86
		{A2F86B7D-A534-426E-9E39-18CB32239C1C}.Release|Any CPU.ActiveCfg = Release|Any CPU
		{A2F86B7D-A534-426E-9E39-18CB32239C1C}.Release|Any CPU.Build.0 = Release|Any CPU
		{A2F86B7D-A534-426E-9E39-18CB32239C1C}.Release|x64.ActiveCfg = Release|x64
		{A2F86B7D-A534-426E-9E39-18CB32239C1C}.Release|x64.Build.0 = Release|x64
		{A2F86B7D-A534-426E-9E39-18CB32239C1C}.Release|x86.ActiveCfg = Release|x86
		{A2F86B7D-A534-426E-9E39-18CB32239C1C}.Release|x86.Build.0 = Release|x86
		{8A19ED3D-9E7E-4C07-9626-3CBA42A1D25D}.Debug|Any CPU.ActiveCfg = Debug|Any CPU
		{8A19ED3D-9E7E-4C07-9626-3CBA42A1D25D}.Debug|Any CPU.Build.0 = Debug|Any CPU
		{8A19ED3D-9E7E-4C07-9626-3CBA42A1D25D}.Debug|x64.ActiveCfg = Debug|x64
		{8A19ED3D-9E7E-4C07-9626-3CBA42A1D25D}.Debug|x64.Build.0 = Debug|x64
		{8A19ED3D-9E7E-4C07-9626-3CBA42A1D25D}.Debug|x86.ActiveCfg = Debug|x86
		{8A19ED3D-9E7E-4C07-9626-3CBA42A1D25D}.Debug|x86.Build.0 = Debug|x86
		{8A19ED3D-9E7E-4C07-9626-3CBA42A1D25D}.Release|Any CPU.ActiveCfg = Release|Any CPU
		{8A19ED3D-9E7E-4C07-9626-3CBA42A1D25D}.Release|Any CPU.Build.0 = Release|Any CPU
		{8A19ED3D-9E7E-4C07-9626-3CBA42A1D25D}.Release|x64.ActiveCfg = Release|x64
		{8A19ED3D-9E7E-4C07-9626-3CBA42A1D25D}.Release|x64.Build.0 = Release|x64
		{8A19ED3D-9E7E-4C07-9626-3CBA42A1D25D}.Release|x86.ActiveCfg = Release|x86
		{8A19ED3D-9E7E-4C07-9626-3CBA42A1D25D}.Release|x86.Build.0 = Release|x86
		{F86343B4-F2C9-459F-AD7B-161A6EB20344}.Debug|Any CPU.ActiveCfg = Debug|Any CPU
		{F86343B4-F2C9-459F-AD7B-161A6EB20344}.Debug|Any CPU.Build.0 = Debug|Any CPU
		{F86343B4-F2C9-459F-AD7B-161A6EB20344}.Debug|x64.ActiveCfg = Debug|x64
		{F86343B4-F2C9-459F-AD7B-161A6EB20344}.Debug|x64.Build.0 = Debug|x64
		{F86343B4-F2C9-459F-AD7B-161A6EB20344}.Debug|x86.ActiveCfg = Debug|x86
		{F86343B4-F2C9-459F-AD7B-161A6EB20344}.Debug|x86.Build.0 = Debug|x86
		{F86343B4-F2C9-459F-AD7B-161A6EB20344}.Release|Any CPU.ActiveCfg = Release|Any CPU
		{F86343B4-F2C9-459F-AD7B-161A6EB20344}.Release|Any CPU.Build.0 = Release|Any CPU
		{F86343B4-F2C9-459F-AD7B-161A6EB20344}.Release|x64.ActiveCfg = Release|x64
		{F86343B4-F2C9-459F-AD7B-161A6EB20344}.Release|x64.Build.0 = Release|x64
		{F86343B4-F2C9-459F-AD7B-161A6EB20344}.Release|x86.ActiveCfg = Release|x86
		{F86343B4-F2C9-459F-AD7B-161A6EB20344}.Release|x86.Build.0 = Release|x86
		{C12A2D32-D9F4-4F32-BF10-0147D6BC212B}.Debug|Any CPU.ActiveCfg = Debug|Any CPU
		{C12A2D32-D9F4-4F32-BF10-0147D6BC212B}.Debug|Any CPU.Build.0 = Debug|Any CPU
		{C12A2D32-D9F4-4F32-BF10-0147D6BC212B}.Debug|x64.ActiveCfg = Debug|x64
		{C12A2D32-D9F4-4F32-BF10-0147D6BC212B}.Debug|x64.Build.0 = Debug|x64
		{C12A2D32-D9F4-4F32-BF10-0147D6BC212B}.Debug|x86.ActiveCfg = Debug|x86
		{C12A2D32-D9F4-4F32-BF10-0147D6BC212B}.Debug|x86.Build.0 = Debug|x86
		{C12A2D32-D9F4-4F32-BF10-0147D6BC212B}.Release|Any CPU.ActiveCfg = Release|Any CPU
		{C12A2D32-D9F4-4F32-BF10-0147D6BC212B}.Release|Any CPU.Build.0 = Release|Any CPU
		{C12A2D32-D9F4-4F32-BF10-0147D6BC212B}.Release|x64.ActiveCfg = Release|x64
		{C12A2D32-D9F4-4F32-BF10-0147D6BC212B}.Release|x64.Build.0 = Release|x64
		{C12A2D32-D9F4-4F32-BF10-0147D6BC212B}.Release|x86.ActiveCfg = Release|x86
		{C12A2D32-D9F4-4F32-BF10-0147D6BC212B}.Release|x86.Build.0 = Release|x86
		{416956AD-03B1-49A3-BF0E-B198FE4C8C37}.Debug|Any CPU.ActiveCfg = Debug|Any CPU
		{416956AD-03B1-49A3-BF0E-B198FE4C8C37}.Debug|Any CPU.Build.0 = Debug|Any CPU
		{416956AD-03B1-49A3-BF0E-B198FE4C8C37}.Debug|x64.ActiveCfg = Debug|x64
		{416956AD-03B1-49A3-BF0E-B198FE4C8C37}.Debug|x64.Build.0 = Debug|x64
		{416956AD-03B1-49A3-BF0E-B198FE4C8C37}.Debug|x86.ActiveCfg = Debug|x86
		{416956AD-03B1-49A3-BF0E-B198FE4C8C37}.Debug|x86.Build.0 = Debug|x86
		{416956AD-03B1-49A3-BF0E-B198FE4C8C37}.Release|Any CPU.ActiveCfg = Release|Any CPU
		{416956AD-03B1-49A3-BF0E-B198FE4C8C37}.Release|Any CPU.Build.0 = Release|Any CPU
		{416956AD-03B1-49A3-BF0E-B198FE4C8C37}.Release|x64.ActiveCfg = Release|x64
		{416956AD-03B1-49A3-BF0E-B198FE4C8C37}.Release|x64.Build.0 = Release|x64
		{416956AD-03B1-49A3-BF0E-B198FE4C8C37}.Release|x86.ActiveCfg = Release|x86
		{416956AD-03B1-49A3-BF0E-B198FE4C8C37}.Release|x86.Build.0 = Release|x86
		{A0316925-E12E-46E1-B0B0-F791455BC9BE}.Debug|Any CPU.ActiveCfg = Debug|Any CPU
		{A0316925-E12E-46E1-B0B0-F791455BC9BE}.Debug|Any CPU.Build.0 = Debug|Any CPU
		{A0316925-E12E-46E1-B0B0-F791455BC9BE}.Debug|x64.ActiveCfg = Debug|x64
		{A0316925-E12E-46E1-B0B0-F791455BC9BE}.Debug|x64.Build.0 = Debug|x64
		{A0316925-E12E-46E1-B0B0-F791455BC9BE}.Debug|x86.ActiveCfg = Debug|x86
		{A0316925-E12E-46E1-B0B0-F791455BC9BE}.Debug|x86.Build.0 = Debug|x86
		{A0316925-E12E-46E1-B0B0-F791455BC9BE}.Release|Any CPU.ActiveCfg = Release|Any CPU
		{A0316925-E12E-46E1-B0B0-F791455BC9BE}.Release|Any CPU.Build.0 = Release|Any CPU
		{A0316925-E12E-46E1-B0B0-F791455BC9BE}.Release|x64.ActiveCfg = Release|x64
		{A0316925-E12E-46E1-B0B0-F791455BC9BE}.Release|x64.Build.0 = Release|x64
		{A0316925-E12E-46E1-B0B0-F791455BC9BE}.Release|x86.ActiveCfg = Release|x86
		{A0316925-E12E-46E1-B0B0-F791455BC9BE}.Release|x86.Build.0 = Release|x86
		{306D8E4A-3FF2-4B2F-9218-6CDAFA2302DE}.Debug|Any CPU.ActiveCfg = Debug|Any CPU
		{306D8E4A-3FF2-4B2F-9218-6CDAFA2302DE}.Debug|Any CPU.Build.0 = Debug|Any CPU
		{306D8E4A-3FF2-4B2F-9218-6CDAFA2302DE}.Debug|x64.ActiveCfg = Debug|x64
		{306D8E4A-3FF2-4B2F-9218-6CDAFA2302DE}.Debug|x64.Build.0 = Debug|x64
		{306D8E4A-3FF2-4B2F-9218-6CDAFA2302DE}.Debug|x86.ActiveCfg = Debug|x86
		{306D8E4A-3FF2-4B2F-9218-6CDAFA2302DE}.Debug|x86.Build.0 = Debug|x86
		{306D8E4A-3FF2-4B2F-9218-6CDAFA2302DE}.Release|Any CPU.ActiveCfg = Release|Any CPU
		{306D8E4A-3FF2-4B2F-9218-6CDAFA2302DE}.Release|Any CPU.Build.0 = Release|Any CPU
		{306D8E4A-3FF2-4B2F-9218-6CDAFA2302DE}.Release|x64.ActiveCfg = Release|x64
		{306D8E4A-3FF2-4B2F-9218-6CDAFA2302DE}.Release|x64.Build.0 = Release|x64
		{306D8E4A-3FF2-4B2F-9218-6CDAFA2302DE}.Release|x86.ActiveCfg = Release|x86
		{306D8E4A-3FF2-4B2F-9218-6CDAFA2302DE}.Release|x86.Build.0 = Release|x86
		{F1556BF6-7FFD-4A17-AB21-455A38A3DF46}.Debug|Any CPU.ActiveCfg = Debug|Any CPU
		{F1556BF6-7FFD-4A17-AB21-455A38A3DF46}.Debug|Any CPU.Build.0 = Debug|Any CPU
		{F1556BF6-7FFD-4A17-AB21-455A38A3DF46}.Debug|x64.ActiveCfg = Debug|x64
		{F1556BF6-7FFD-4A17-AB21-455A38A3DF46}.Debug|x64.Build.0 = Debug|x64
		{F1556BF6-7FFD-4A17-AB21-455A38A3DF46}.Debug|x86.ActiveCfg = Debug|x86
		{F1556BF6-7FFD-4A17-AB21-455A38A3DF46}.Debug|x86.Build.0 = Debug|x86
		{F1556BF6-7FFD-4A17-AB21-455A38A3DF46}.Release|Any CPU.ActiveCfg = Release|Any CPU
		{F1556BF6-7FFD-4A17-AB21-455A38A3DF46}.Release|Any CPU.Build.0 = Release|Any CPU
		{F1556BF6-7FFD-4A17-AB21-455A38A3DF46}.Release|x64.ActiveCfg = Release|x64
		{F1556BF6-7FFD-4A17-AB21-455A38A3DF46}.Release|x64.Build.0 = Release|x64
		{F1556BF6-7FFD-4A17-AB21-455A38A3DF46}.Release|x86.ActiveCfg = Release|x86
		{F1556BF6-7FFD-4A17-AB21-455A38A3DF46}.Release|x86.Build.0 = Release|x86
		{404B1BF2-3E46-49E4-A28A-106140CBB077}.Debug|Any CPU.ActiveCfg = Debug|Any CPU
		{404B1BF2-3E46-49E4-A28A-106140CBB077}.Debug|Any CPU.Build.0 = Debug|Any CPU
		{404B1BF2-3E46-49E4-A28A-106140CBB077}.Debug|x64.ActiveCfg = Debug|x64
		{404B1BF2-3E46-49E4-A28A-106140CBB077}.Debug|x64.Build.0 = Debug|x64
		{404B1BF2-3E46-49E4-A28A-106140CBB077}.Debug|x86.ActiveCfg = Debug|x86
		{404B1BF2-3E46-49E4-A28A-106140CBB077}.Debug|x86.Build.0 = Debug|x86
		{404B1BF2-3E46-49E4-A28A-106140CBB077}.Release|Any CPU.ActiveCfg = Release|Any CPU
		{404B1BF2-3E46-49E4-A28A-106140CBB077}.Release|Any CPU.Build.0 = Release|Any CPU
		{404B1BF2-3E46-49E4-A28A-106140CBB077}.Release|x64.ActiveCfg = Release|x64
		{404B1BF2-3E46-49E4-A28A-106140CBB077}.Release|x64.Build.0 = Release|x64
		{404B1BF2-3E46-49E4-A28A-106140CBB077}.Release|x86.ActiveCfg = Release|x86
		{404B1BF2-3E46-49E4-A28A-106140CBB077}.Release|x86.Build.0 = Release|x86
		{1EAB8FC5-46BB-487E-974C-3540D120BA71}.Debug|Any CPU.ActiveCfg = Debug|Any CPU
		{1EAB8FC5-46BB-487E-974C-3540D120BA71}.Debug|Any CPU.Build.0 = Debug|Any CPU
		{1EAB8FC5-46BB-487E-974C-3540D120BA71}.Debug|x64.ActiveCfg = Debug|x64
		{1EAB8FC5-46BB-487E-974C-3540D120BA71}.Debug|x64.Build.0 = Debug|x64
		{1EAB8FC5-46BB-487E-974C-3540D120BA71}.Debug|x86.ActiveCfg = Debug|x86
		{1EAB8FC5-46BB-487E-974C-3540D120BA71}.Debug|x86.Build.0 = Debug|x86
		{1EAB8FC5-46BB-487E-974C-3540D120BA71}.Release|Any CPU.ActiveCfg = Release|Any CPU
		{1EAB8FC5-46BB-487E-974C-3540D120BA71}.Release|Any CPU.Build.0 = Release|Any CPU
		{1EAB8FC5-46BB-487E-974C-3540D120BA71}.Release|x64.ActiveCfg = Release|x64
		{1EAB8FC5-46BB-487E-974C-3540D120BA71}.Release|x64.Build.0 = Release|x64
		{1EAB8FC5-46BB-487E-974C-3540D120BA71}.Release|x86.ActiveCfg = Release|x86
		{1EAB8FC5-46BB-487E-974C-3540D120BA71}.Release|x86.Build.0 = Release|x86
		{02972338-BB7A-4957-A6AC-27DEBB1709AA}.Debug|Any CPU.ActiveCfg = Debug|Any CPU
		{02972338-BB7A-4957-A6AC-27DEBB1709AA}.Debug|Any CPU.Build.0 = Debug|Any CPU
		{02972338-BB7A-4957-A6AC-27DEBB1709AA}.Debug|x64.ActiveCfg = Debug|x64
		{02972338-BB7A-4957-A6AC-27DEBB1709AA}.Debug|x64.Build.0 = Debug|x64
		{02972338-BB7A-4957-A6AC-27DEBB1709AA}.Debug|x86.ActiveCfg = Debug|x86
		{02972338-BB7A-4957-A6AC-27DEBB1709AA}.Debug|x86.Build.0 = Debug|x86
		{02972338-BB7A-4957-A6AC-27DEBB1709AA}.Release|Any CPU.ActiveCfg = Release|Any CPU
		{02972338-BB7A-4957-A6AC-27DEBB1709AA}.Release|Any CPU.Build.0 = Release|Any CPU
		{02972338-BB7A-4957-A6AC-27DEBB1709AA}.Release|x64.ActiveCfg = Release|x64
		{02972338-BB7A-4957-A6AC-27DEBB1709AA}.Release|x64.Build.0 = Release|x64
		{02972338-BB7A-4957-A6AC-27DEBB1709AA}.Release|x86.ActiveCfg = Release|x86
		{02972338-BB7A-4957-A6AC-27DEBB1709AA}.Release|x86.Build.0 = Release|x86
		{823C1291-2B89-4254-875A-CD8B4E3497EA}.Debug|Any CPU.ActiveCfg = Debug|Any CPU
		{823C1291-2B89-4254-875A-CD8B4E3497EA}.Debug|Any CPU.Build.0 = Debug|Any CPU
		{823C1291-2B89-4254-875A-CD8B4E3497EA}.Debug|x64.ActiveCfg = Debug|x64
		{823C1291-2B89-4254-875A-CD8B4E3497EA}.Debug|x64.Build.0 = Debug|x64
		{823C1291-2B89-4254-875A-CD8B4E3497EA}.Debug|x86.ActiveCfg = Debug|x86
		{823C1291-2B89-4254-875A-CD8B4E3497EA}.Debug|x86.Build.0 = Debug|x86
		{823C1291-2B89-4254-875A-CD8B4E3497EA}.Release|Any CPU.ActiveCfg = Release|Any CPU
		{823C1291-2B89-4254-875A-CD8B4E3497EA}.Release|Any CPU.Build.0 = Release|Any CPU
		{823C1291-2B89-4254-875A-CD8B4E3497EA}.Release|x64.ActiveCfg = Release|x64
		{823C1291-2B89-4254-875A-CD8B4E3497EA}.Release|x64.Build.0 = Release|x64
		{823C1291-2B89-4254-875A-CD8B4E3497EA}.Release|x86.ActiveCfg = Release|x86
		{823C1291-2B89-4254-875A-CD8B4E3497EA}.Release|x86.Build.0 = Release|x86
		{E7F18C95-3344-48C6-A866-B337472E6329}.Debug|Any CPU.ActiveCfg = Debug|Any CPU
		{E7F18C95-3344-48C6-A866-B337472E6329}.Debug|Any CPU.Build.0 = Debug|Any CPU
		{E7F18C95-3344-48C6-A866-B337472E6329}.Debug|x64.ActiveCfg = Debug|x64
		{E7F18C95-3344-48C6-A866-B337472E6329}.Debug|x64.Build.0 = Debug|x64
		{E7F18C95-3344-48C6-A866-B337472E6329}.Debug|x86.ActiveCfg = Debug|x86
		{E7F18C95-3344-48C6-A866-B337472E6329}.Debug|x86.Build.0 = Debug|x86
		{E7F18C95-3344-48C6-A866-B337472E6329}.Release|Any CPU.ActiveCfg = Release|Any CPU
		{E7F18C95-3344-48C6-A866-B337472E6329}.Release|Any CPU.Build.0 = Release|Any CPU
		{E7F18C95-3344-48C6-A866-B337472E6329}.Release|x64.ActiveCfg = Release|x64
		{E7F18C95-3344-48C6-A866-B337472E6329}.Release|x64.Build.0 = Release|x64
		{E7F18C95-3344-48C6-A866-B337472E6329}.Release|x86.ActiveCfg = Release|x86
		{E7F18C95-3344-48C6-A866-B337472E6329}.Release|x86.Build.0 = Release|x86
		{A2899B45-BC1B-479C-B4AE-9BD24B6DC5D3}.Debug|Any CPU.ActiveCfg = Debug|Any CPU
		{A2899B45-BC1B-479C-B4AE-9BD24B6DC5D3}.Debug|Any CPU.Build.0 = Debug|Any CPU
		{A2899B45-BC1B-479C-B4AE-9BD24B6DC5D3}.Debug|x64.ActiveCfg = Debug|x64
		{A2899B45-BC1B-479C-B4AE-9BD24B6DC5D3}.Debug|x64.Build.0 = Debug|x64
		{A2899B45-BC1B-479C-B4AE-9BD24B6DC5D3}.Debug|x86.ActiveCfg = Debug|x86
		{A2899B45-BC1B-479C-B4AE-9BD24B6DC5D3}.Debug|x86.Build.0 = Debug|x86
		{A2899B45-BC1B-479C-B4AE-9BD24B6DC5D3}.Release|Any CPU.ActiveCfg = Release|Any CPU
		{A2899B45-BC1B-479C-B4AE-9BD24B6DC5D3}.Release|Any CPU.Build.0 = Release|Any CPU
		{A2899B45-BC1B-479C-B4AE-9BD24B6DC5D3}.Release|x64.ActiveCfg = Release|x64
		{A2899B45-BC1B-479C-B4AE-9BD24B6DC5D3}.Release|x64.Build.0 = Release|x64
		{A2899B45-BC1B-479C-B4AE-9BD24B6DC5D3}.Release|x86.ActiveCfg = Release|x86
		{A2899B45-BC1B-479C-B4AE-9BD24B6DC5D3}.Release|x86.Build.0 = Release|x86
		{B9248394-9FD5-4872-82AA-4FAD1EC3A1F8}.Debug|Any CPU.ActiveCfg = Debug|Any CPU
		{B9248394-9FD5-4872-82AA-4FAD1EC3A1F8}.Debug|Any CPU.Build.0 = Debug|Any CPU
		{B9248394-9FD5-4872-82AA-4FAD1EC3A1F8}.Debug|x64.ActiveCfg = Debug|x64
		{B9248394-9FD5-4872-82AA-4FAD1EC3A1F8}.Debug|x64.Build.0 = Debug|x64
		{B9248394-9FD5-4872-82AA-4FAD1EC3A1F8}.Debug|x86.ActiveCfg = Debug|x86
		{B9248394-9FD5-4872-82AA-4FAD1EC3A1F8}.Debug|x86.Build.0 = Debug|x86
		{B9248394-9FD5-4872-82AA-4FAD1EC3A1F8}.Release|Any CPU.ActiveCfg = Release|Any CPU
		{B9248394-9FD5-4872-82AA-4FAD1EC3A1F8}.Release|Any CPU.Build.0 = Release|Any CPU
		{B9248394-9FD5-4872-82AA-4FAD1EC3A1F8}.Release|x64.ActiveCfg = Release|x64
		{B9248394-9FD5-4872-82AA-4FAD1EC3A1F8}.Release|x64.Build.0 = Release|x64
		{B9248394-9FD5-4872-82AA-4FAD1EC3A1F8}.Release|x86.ActiveCfg = Release|x86
		{B9248394-9FD5-4872-82AA-4FAD1EC3A1F8}.Release|x86.Build.0 = Release|x86
		{F7F2E307-0DC4-449D-B7BF-7AD0DCF03D88}.Debug|Any CPU.ActiveCfg = Debug|Any CPU
		{F7F2E307-0DC4-449D-B7BF-7AD0DCF03D88}.Debug|Any CPU.Build.0 = Debug|Any CPU
		{F7F2E307-0DC4-449D-B7BF-7AD0DCF03D88}.Debug|x64.ActiveCfg = Debug|x64
		{F7F2E307-0DC4-449D-B7BF-7AD0DCF03D88}.Debug|x64.Build.0 = Debug|x64
		{F7F2E307-0DC4-449D-B7BF-7AD0DCF03D88}.Debug|x86.ActiveCfg = Debug|x86
		{F7F2E307-0DC4-449D-B7BF-7AD0DCF03D88}.Debug|x86.Build.0 = Debug|x86
		{F7F2E307-0DC4-449D-B7BF-7AD0DCF03D88}.Release|Any CPU.ActiveCfg = Release|Any CPU
		{F7F2E307-0DC4-449D-B7BF-7AD0DCF03D88}.Release|Any CPU.Build.0 = Release|Any CPU
		{F7F2E307-0DC4-449D-B7BF-7AD0DCF03D88}.Release|x64.ActiveCfg = Release|x64
		{F7F2E307-0DC4-449D-B7BF-7AD0DCF03D88}.Release|x64.Build.0 = Release|x64
		{F7F2E307-0DC4-449D-B7BF-7AD0DCF03D88}.Release|x86.ActiveCfg = Release|x86
		{F7F2E307-0DC4-449D-B7BF-7AD0DCF03D88}.Release|x86.Build.0 = Release|x86
		{32870E57-7328-4F6E-A9B3-59E7ED709130}.Debug|Any CPU.ActiveCfg = Debug|Any CPU
		{32870E57-7328-4F6E-A9B3-59E7ED709130}.Debug|Any CPU.Build.0 = Debug|Any CPU
		{32870E57-7328-4F6E-A9B3-59E7ED709130}.Debug|x64.ActiveCfg = Debug|x64
		{32870E57-7328-4F6E-A9B3-59E7ED709130}.Debug|x64.Build.0 = Debug|x64
		{32870E57-7328-4F6E-A9B3-59E7ED709130}.Debug|x86.ActiveCfg = Debug|x86
		{32870E57-7328-4F6E-A9B3-59E7ED709130}.Debug|x86.Build.0 = Debug|x86
		{32870E57-7328-4F6E-A9B3-59E7ED709130}.Release|Any CPU.ActiveCfg = Release|Any CPU
		{32870E57-7328-4F6E-A9B3-59E7ED709130}.Release|Any CPU.Build.0 = Release|Any CPU
		{32870E57-7328-4F6E-A9B3-59E7ED709130}.Release|x64.ActiveCfg = Release|x64
		{32870E57-7328-4F6E-A9B3-59E7ED709130}.Release|x64.Build.0 = Release|x64
		{32870E57-7328-4F6E-A9B3-59E7ED709130}.Release|x86.ActiveCfg = Release|x86
		{32870E57-7328-4F6E-A9B3-59E7ED709130}.Release|x86.Build.0 = Release|x86
		{6D4E86DC-6BEF-48E5-8C22-221F23287AC2}.Debug|Any CPU.ActiveCfg = Debug|Any CPU
		{6D4E86DC-6BEF-48E5-8C22-221F23287AC2}.Debug|Any CPU.Build.0 = Debug|Any CPU
		{6D4E86DC-6BEF-48E5-8C22-221F23287AC2}.Debug|x64.ActiveCfg = Debug|x64
		{6D4E86DC-6BEF-48E5-8C22-221F23287AC2}.Debug|x64.Build.0 = Debug|x64
		{6D4E86DC-6BEF-48E5-8C22-221F23287AC2}.Debug|x86.ActiveCfg = Debug|x86
		{6D4E86DC-6BEF-48E5-8C22-221F23287AC2}.Debug|x86.Build.0 = Debug|x86
		{6D4E86DC-6BEF-48E5-8C22-221F23287AC2}.Release|Any CPU.ActiveCfg = Release|Any CPU
		{6D4E86DC-6BEF-48E5-8C22-221F23287AC2}.Release|Any CPU.Build.0 = Release|Any CPU
		{6D4E86DC-6BEF-48E5-8C22-221F23287AC2}.Release|x64.ActiveCfg = Release|x64
		{6D4E86DC-6BEF-48E5-8C22-221F23287AC2}.Release|x64.Build.0 = Release|x64
		{6D4E86DC-6BEF-48E5-8C22-221F23287AC2}.Release|x86.ActiveCfg = Release|x86
		{6D4E86DC-6BEF-48E5-8C22-221F23287AC2}.Release|x86.Build.0 = Release|x86
		{34312A2F-8904-42DC-8665-E835EE402065}.Debug|Any CPU.ActiveCfg = Debug|Any CPU
		{34312A2F-8904-42DC-8665-E835EE402065}.Debug|Any CPU.Build.0 = Debug|Any CPU
		{34312A2F-8904-42DC-8665-E835EE402065}.Debug|x64.ActiveCfg = Debug|x64
		{34312A2F-8904-42DC-8665-E835EE402065}.Debug|x64.Build.0 = Debug|x64
		{34312A2F-8904-42DC-8665-E835EE402065}.Debug|x86.ActiveCfg = Debug|x86
		{34312A2F-8904-42DC-8665-E835EE402065}.Debug|x86.Build.0 = Debug|x86
		{34312A2F-8904-42DC-8665-E835EE402065}.Release|Any CPU.ActiveCfg = Release|Any CPU
		{34312A2F-8904-42DC-8665-E835EE402065}.Release|Any CPU.Build.0 = Release|Any CPU
		{34312A2F-8904-42DC-8665-E835EE402065}.Release|x64.ActiveCfg = Release|x64
		{34312A2F-8904-42DC-8665-E835EE402065}.Release|x64.Build.0 = Release|x64
		{34312A2F-8904-42DC-8665-E835EE402065}.Release|x86.ActiveCfg = Release|x86
		{34312A2F-8904-42DC-8665-E835EE402065}.Release|x86.Build.0 = Release|x86
		{731E6763-0925-4920-8BF4-89A4A1562FEA}.Debug|Any CPU.ActiveCfg = Debug|Any CPU
		{731E6763-0925-4920-8BF4-89A4A1562FEA}.Debug|Any CPU.Build.0 = Debug|Any CPU
		{731E6763-0925-4920-8BF4-89A4A1562FEA}.Debug|x64.ActiveCfg = Debug|x64
		{731E6763-0925-4920-8BF4-89A4A1562FEA}.Debug|x64.Build.0 = Debug|x64
		{731E6763-0925-4920-8BF4-89A4A1562FEA}.Debug|x86.ActiveCfg = Debug|x86
		{731E6763-0925-4920-8BF4-89A4A1562FEA}.Debug|x86.Build.0 = Debug|x86
		{731E6763-0925-4920-8BF4-89A4A1562FEA}.Release|Any CPU.ActiveCfg = Release|Any CPU
		{731E6763-0925-4920-8BF4-89A4A1562FEA}.Release|Any CPU.Build.0 = Release|Any CPU
		{731E6763-0925-4920-8BF4-89A4A1562FEA}.Release|x64.ActiveCfg = Release|x64
		{731E6763-0925-4920-8BF4-89A4A1562FEA}.Release|x64.Build.0 = Release|x64
		{731E6763-0925-4920-8BF4-89A4A1562FEA}.Release|x86.ActiveCfg = Release|x86
		{731E6763-0925-4920-8BF4-89A4A1562FEA}.Release|x86.Build.0 = Release|x86
		{40DC6DB5-BE89-4308-ACF8-DCD3828892D1}.Debug|Any CPU.ActiveCfg = Debug|Any CPU
		{40DC6DB5-BE89-4308-ACF8-DCD3828892D1}.Debug|Any CPU.Build.0 = Debug|Any CPU
		{40DC6DB5-BE89-4308-ACF8-DCD3828892D1}.Debug|x64.ActiveCfg = Debug|x64
		{40DC6DB5-BE89-4308-ACF8-DCD3828892D1}.Debug|x64.Build.0 = Debug|x64
		{40DC6DB5-BE89-4308-ACF8-DCD3828892D1}.Debug|x86.ActiveCfg = Debug|x86
		{40DC6DB5-BE89-4308-ACF8-DCD3828892D1}.Debug|x86.Build.0 = Debug|x86
		{40DC6DB5-BE89-4308-ACF8-DCD3828892D1}.Release|Any CPU.ActiveCfg = Release|Any CPU
		{40DC6DB5-BE89-4308-ACF8-DCD3828892D1}.Release|Any CPU.Build.0 = Release|Any CPU
		{40DC6DB5-BE89-4308-ACF8-DCD3828892D1}.Release|x64.ActiveCfg = Release|x64
		{40DC6DB5-BE89-4308-ACF8-DCD3828892D1}.Release|x64.Build.0 = Release|x64
		{40DC6DB5-BE89-4308-ACF8-DCD3828892D1}.Release|x86.ActiveCfg = Release|x86
		{40DC6DB5-BE89-4308-ACF8-DCD3828892D1}.Release|x86.Build.0 = Release|x86
		{8BEEB1D0-24F4-4635-AB25-D71BC2795B7B}.Debug|Any CPU.ActiveCfg = Debug|Any CPU
		{8BEEB1D0-24F4-4635-AB25-D71BC2795B7B}.Debug|Any CPU.Build.0 = Debug|Any CPU
		{8BEEB1D0-24F4-4635-AB25-D71BC2795B7B}.Debug|x64.ActiveCfg = Debug|x64
		{8BEEB1D0-24F4-4635-AB25-D71BC2795B7B}.Debug|x64.Build.0 = Debug|x64
		{8BEEB1D0-24F4-4635-AB25-D71BC2795B7B}.Debug|x86.ActiveCfg = Debug|x86
		{8BEEB1D0-24F4-4635-AB25-D71BC2795B7B}.Debug|x86.Build.0 = Debug|x86
		{8BEEB1D0-24F4-4635-AB25-D71BC2795B7B}.Release|Any CPU.ActiveCfg = Release|Any CPU
		{8BEEB1D0-24F4-4635-AB25-D71BC2795B7B}.Release|Any CPU.Build.0 = Release|Any CPU
		{8BEEB1D0-24F4-4635-AB25-D71BC2795B7B}.Release|x64.ActiveCfg = Release|x64
		{8BEEB1D0-24F4-4635-AB25-D71BC2795B7B}.Release|x64.Build.0 = Release|x64
		{8BEEB1D0-24F4-4635-AB25-D71BC2795B7B}.Release|x86.ActiveCfg = Release|x86
		{8BEEB1D0-24F4-4635-AB25-D71BC2795B7B}.Release|x86.Build.0 = Release|x86
		{19E45852-E9D4-44C0-8B71-1AF059A93857}.Debug|Any CPU.ActiveCfg = Debug|Any CPU
		{19E45852-E9D4-44C0-8B71-1AF059A93857}.Debug|Any CPU.Build.0 = Debug|Any CPU
		{19E45852-E9D4-44C0-8B71-1AF059A93857}.Debug|x64.ActiveCfg = Debug|x64
		{19E45852-E9D4-44C0-8B71-1AF059A93857}.Debug|x64.Build.0 = Debug|x64
		{19E45852-E9D4-44C0-8B71-1AF059A93857}.Debug|x86.ActiveCfg = Debug|x86
		{19E45852-E9D4-44C0-8B71-1AF059A93857}.Debug|x86.Build.0 = Debug|x86
		{19E45852-E9D4-44C0-8B71-1AF059A93857}.Release|Any CPU.ActiveCfg = Release|Any CPU
		{19E45852-E9D4-44C0-8B71-1AF059A93857}.Release|Any CPU.Build.0 = Release|Any CPU
		{19E45852-E9D4-44C0-8B71-1AF059A93857}.Release|x64.ActiveCfg = Release|x64
		{19E45852-E9D4-44C0-8B71-1AF059A93857}.Release|x64.Build.0 = Release|x64
		{19E45852-E9D4-44C0-8B71-1AF059A93857}.Release|x86.ActiveCfg = Release|x86
		{19E45852-E9D4-44C0-8B71-1AF059A93857}.Release|x86.Build.0 = Release|x86
		{54044878-E12B-4624-BC81-ED39A1E368AE}.Debug|Any CPU.ActiveCfg = Debug|Any CPU
		{54044878-E12B-4624-BC81-ED39A1E368AE}.Debug|Any CPU.Build.0 = Debug|Any CPU
		{54044878-E12B-4624-BC81-ED39A1E368AE}.Debug|x64.ActiveCfg = Debug|x64
		{54044878-E12B-4624-BC81-ED39A1E368AE}.Debug|x64.Build.0 = Debug|x64
		{54044878-E12B-4624-BC81-ED39A1E368AE}.Debug|x86.ActiveCfg = Debug|x86
		{54044878-E12B-4624-BC81-ED39A1E368AE}.Debug|x86.Build.0 = Debug|x86
		{54044878-E12B-4624-BC81-ED39A1E368AE}.Release|Any CPU.ActiveCfg = Release|Any CPU
		{54044878-E12B-4624-BC81-ED39A1E368AE}.Release|Any CPU.Build.0 = Release|Any CPU
		{54044878-E12B-4624-BC81-ED39A1E368AE}.Release|x64.ActiveCfg = Release|x64
		{54044878-E12B-4624-BC81-ED39A1E368AE}.Release|x64.Build.0 = Release|x64
		{54044878-E12B-4624-BC81-ED39A1E368AE}.Release|x86.ActiveCfg = Release|x86
		{54044878-E12B-4624-BC81-ED39A1E368AE}.Release|x86.Build.0 = Release|x86
		{85B1DB5B-C7B3-409E-85CE-E7FD2A7966EF}.Debug|Any CPU.ActiveCfg = Debug|Any CPU
		{85B1DB5B-C7B3-409E-85CE-E7FD2A7966EF}.Debug|Any CPU.Build.0 = Debug|Any CPU
		{85B1DB5B-C7B3-409E-85CE-E7FD2A7966EF}.Debug|x64.ActiveCfg = Debug|x64
		{85B1DB5B-C7B3-409E-85CE-E7FD2A7966EF}.Debug|x64.Build.0 = Debug|x64
		{85B1DB5B-C7B3-409E-85CE-E7FD2A7966EF}.Debug|x86.ActiveCfg = Debug|x86
		{85B1DB5B-C7B3-409E-85CE-E7FD2A7966EF}.Debug|x86.Build.0 = Debug|x86
		{85B1DB5B-C7B3-409E-85CE-E7FD2A7966EF}.Release|Any CPU.ActiveCfg = Release|Any CPU
		{85B1DB5B-C7B3-409E-85CE-E7FD2A7966EF}.Release|Any CPU.Build.0 = Release|Any CPU
		{85B1DB5B-C7B3-409E-85CE-E7FD2A7966EF}.Release|x64.ActiveCfg = Release|x64
		{85B1DB5B-C7B3-409E-85CE-E7FD2A7966EF}.Release|x64.Build.0 = Release|x64
		{85B1DB5B-C7B3-409E-85CE-E7FD2A7966EF}.Release|x86.ActiveCfg = Release|x86
		{85B1DB5B-C7B3-409E-85CE-E7FD2A7966EF}.Release|x86.Build.0 = Release|x86
		{65204184-B9C2-4578-897C-68BE505EC1F7}.Debug|Any CPU.ActiveCfg = Debug|Any CPU
		{65204184-B9C2-4578-897C-68BE505EC1F7}.Debug|Any CPU.Build.0 = Debug|Any CPU
		{65204184-B9C2-4578-897C-68BE505EC1F7}.Debug|x64.ActiveCfg = Debug|x64
		{65204184-B9C2-4578-897C-68BE505EC1F7}.Debug|x64.Build.0 = Debug|x64
		{65204184-B9C2-4578-897C-68BE505EC1F7}.Debug|x86.ActiveCfg = Debug|x86
		{65204184-B9C2-4578-897C-68BE505EC1F7}.Debug|x86.Build.0 = Debug|x86
		{65204184-B9C2-4578-897C-68BE505EC1F7}.Release|Any CPU.ActiveCfg = Release|Any CPU
		{65204184-B9C2-4578-897C-68BE505EC1F7}.Release|Any CPU.Build.0 = Release|Any CPU
		{65204184-B9C2-4578-897C-68BE505EC1F7}.Release|x64.ActiveCfg = Release|x64
		{65204184-B9C2-4578-897C-68BE505EC1F7}.Release|x64.Build.0 = Release|x64
		{65204184-B9C2-4578-897C-68BE505EC1F7}.Release|x86.ActiveCfg = Release|x86
		{65204184-B9C2-4578-897C-68BE505EC1F7}.Release|x86.Build.0 = Release|x86
		{AC93900B-33E4-44DA-9A63-EECAC77BF6E3}.Debug|Any CPU.ActiveCfg = Debug|Any CPU
		{AC93900B-33E4-44DA-9A63-EECAC77BF6E3}.Debug|Any CPU.Build.0 = Debug|Any CPU
		{AC93900B-33E4-44DA-9A63-EECAC77BF6E3}.Debug|x64.ActiveCfg = Debug|x64
		{AC93900B-33E4-44DA-9A63-EECAC77BF6E3}.Debug|x64.Build.0 = Debug|x64
		{AC93900B-33E4-44DA-9A63-EECAC77BF6E3}.Debug|x86.ActiveCfg = Debug|x86
		{AC93900B-33E4-44DA-9A63-EECAC77BF6E3}.Debug|x86.Build.0 = Debug|x86
		{AC93900B-33E4-44DA-9A63-EECAC77BF6E3}.Release|Any CPU.ActiveCfg = Release|Any CPU
		{AC93900B-33E4-44DA-9A63-EECAC77BF6E3}.Release|Any CPU.Build.0 = Release|Any CPU
		{AC93900B-33E4-44DA-9A63-EECAC77BF6E3}.Release|x64.ActiveCfg = Release|x64
		{AC93900B-33E4-44DA-9A63-EECAC77BF6E3}.Release|x64.Build.0 = Release|x64
		{AC93900B-33E4-44DA-9A63-EECAC77BF6E3}.Release|x86.ActiveCfg = Release|x86
		{AC93900B-33E4-44DA-9A63-EECAC77BF6E3}.Release|x86.Build.0 = Release|x86
		{BF33F987-57DD-4998-B9E5-F902B486AC00}.Debug|Any CPU.ActiveCfg = Debug|Any CPU
		{BF33F987-57DD-4998-B9E5-F902B486AC00}.Debug|Any CPU.Build.0 = Debug|Any CPU
		{BF33F987-57DD-4998-B9E5-F902B486AC00}.Debug|x64.ActiveCfg = Debug|x64
		{BF33F987-57DD-4998-B9E5-F902B486AC00}.Debug|x64.Build.0 = Debug|x64
		{BF33F987-57DD-4998-B9E5-F902B486AC00}.Debug|x86.ActiveCfg = Debug|x86
		{BF33F987-57DD-4998-B9E5-F902B486AC00}.Debug|x86.Build.0 = Debug|x86
		{BF33F987-57DD-4998-B9E5-F902B486AC00}.Release|Any CPU.ActiveCfg = Release|Any CPU
		{BF33F987-57DD-4998-B9E5-F902B486AC00}.Release|Any CPU.Build.0 = Release|Any CPU
		{BF33F987-57DD-4998-B9E5-F902B486AC00}.Release|x64.ActiveCfg = Release|x64
		{BF33F987-57DD-4998-B9E5-F902B486AC00}.Release|x64.Build.0 = Release|x64
		{BF33F987-57DD-4998-B9E5-F902B486AC00}.Release|x86.ActiveCfg = Release|x86
		{BF33F987-57DD-4998-B9E5-F902B486AC00}.Release|x86.Build.0 = Release|x86
		{C1086CC9-AB71-444B-A90E-0D9075C90F10}.Debug|Any CPU.ActiveCfg = Debug|Any CPU
		{C1086CC9-AB71-444B-A90E-0D9075C90F10}.Debug|Any CPU.Build.0 = Debug|Any CPU
		{C1086CC9-AB71-444B-A90E-0D9075C90F10}.Debug|x64.ActiveCfg = Debug|x64
		{C1086CC9-AB71-444B-A90E-0D9075C90F10}.Debug|x64.Build.0 = Debug|x64
		{C1086CC9-AB71-444B-A90E-0D9075C90F10}.Debug|x86.ActiveCfg = Debug|x86
		{C1086CC9-AB71-444B-A90E-0D9075C90F10}.Debug|x86.Build.0 = Debug|x86
		{C1086CC9-AB71-444B-A90E-0D9075C90F10}.Release|Any CPU.ActiveCfg = Release|Any CPU
		{C1086CC9-AB71-444B-A90E-0D9075C90F10}.Release|Any CPU.Build.0 = Release|Any CPU
		{C1086CC9-AB71-444B-A90E-0D9075C90F10}.Release|x64.ActiveCfg = Release|x64
		{C1086CC9-AB71-444B-A90E-0D9075C90F10}.Release|x64.Build.0 = Release|x64
		{C1086CC9-AB71-444B-A90E-0D9075C90F10}.Release|x86.ActiveCfg = Release|x86
		{C1086CC9-AB71-444B-A90E-0D9075C90F10}.Release|x86.Build.0 = Release|x86
		{763AB4B2-CFD5-4F0C-B824-AAB78893BDE5}.Debug|Any CPU.ActiveCfg = Debug|Any CPU
		{763AB4B2-CFD5-4F0C-B824-AAB78893BDE5}.Debug|Any CPU.Build.0 = Debug|Any CPU
		{763AB4B2-CFD5-4F0C-B824-AAB78893BDE5}.Debug|x64.ActiveCfg = Debug|x64
		{763AB4B2-CFD5-4F0C-B824-AAB78893BDE5}.Debug|x64.Build.0 = Debug|x64
		{763AB4B2-CFD5-4F0C-B824-AAB78893BDE5}.Debug|x86.ActiveCfg = Debug|x86
		{763AB4B2-CFD5-4F0C-B824-AAB78893BDE5}.Debug|x86.Build.0 = Debug|x86
		{763AB4B2-CFD5-4F0C-B824-AAB78893BDE5}.Release|Any CPU.ActiveCfg = Release|Any CPU
		{763AB4B2-CFD5-4F0C-B824-AAB78893BDE5}.Release|Any CPU.Build.0 = Release|Any CPU
		{763AB4B2-CFD5-4F0C-B824-AAB78893BDE5}.Release|x64.ActiveCfg = Release|x64
		{763AB4B2-CFD5-4F0C-B824-AAB78893BDE5}.Release|x64.Build.0 = Release|x64
		{763AB4B2-CFD5-4F0C-B824-AAB78893BDE5}.Release|x86.ActiveCfg = Release|x86
		{763AB4B2-CFD5-4F0C-B824-AAB78893BDE5}.Release|x86.Build.0 = Release|x86
		{B4E41429-EB24-4551-9859-84E2DF839565}.Debug|Any CPU.ActiveCfg = Debug|Any CPU
		{B4E41429-EB24-4551-9859-84E2DF839565}.Debug|Any CPU.Build.0 = Debug|Any CPU
		{B4E41429-EB24-4551-9859-84E2DF839565}.Debug|x64.ActiveCfg = Debug|x64
		{B4E41429-EB24-4551-9859-84E2DF839565}.Debug|x64.Build.0 = Debug|x64
		{B4E41429-EB24-4551-9859-84E2DF839565}.Debug|x86.ActiveCfg = Debug|x86
		{B4E41429-EB24-4551-9859-84E2DF839565}.Debug|x86.Build.0 = Debug|x86
		{B4E41429-EB24-4551-9859-84E2DF839565}.Release|Any CPU.ActiveCfg = Release|Any CPU
		{B4E41429-EB24-4551-9859-84E2DF839565}.Release|Any CPU.Build.0 = Release|Any CPU
		{B4E41429-EB24-4551-9859-84E2DF839565}.Release|x64.ActiveCfg = Release|x64
		{B4E41429-EB24-4551-9859-84E2DF839565}.Release|x64.Build.0 = Release|x64
		{B4E41429-EB24-4551-9859-84E2DF839565}.Release|x86.ActiveCfg = Release|x86
		{B4E41429-EB24-4551-9859-84E2DF839565}.Release|x86.Build.0 = Release|x86
	EndGlobalSection
	GlobalSection(NestedProjects) = preSolution
		{CFF186D8-D8AE-4064-BA63-CF9D671A7BFE} = {0C167601-3D2A-4C5B-9B23-79D539C09711}
		{B5B07AE3-91D9-4D0E-8846-CA36FDC8CAB0} = {CFF186D8-D8AE-4064-BA63-CF9D671A7BFE}
		{4C889E83-17B0-4D2D-AF78-1A741F5F1BCD} = {CFF186D8-D8AE-4064-BA63-CF9D671A7BFE}
		{279DD3FE-CED6-46DD-A156-B6CAA301557E} = {0C167601-3D2A-4C5B-9B23-79D539C09711}
		{8C1858B2-1986-446D-B65C-8DBCD2D825BA} = {279DD3FE-CED6-46DD-A156-B6CAA301557E}
		{C23F70A3-B978-4104-AD55-AFD02BB3EE47} = {279DD3FE-CED6-46DD-A156-B6CAA301557E}
		{A2F86B7D-A534-426E-9E39-18CB32239C1C} = {279DD3FE-CED6-46DD-A156-B6CAA301557E}
		{8A19ED3D-9E7E-4C07-9626-3CBA42A1D25D} = {279DD3FE-CED6-46DD-A156-B6CAA301557E}
		{F86343B4-F2C9-459F-AD7B-161A6EB20344} = {279DD3FE-CED6-46DD-A156-B6CAA301557E}
		{C12A2D32-D9F4-4F32-BF10-0147D6BC212B} = {279DD3FE-CED6-46DD-A156-B6CAA301557E}
		{416956AD-03B1-49A3-BF0E-B198FE4C8C37} = {279DD3FE-CED6-46DD-A156-B6CAA301557E}
		{A0316925-E12E-46E1-B0B0-F791455BC9BE} = {279DD3FE-CED6-46DD-A156-B6CAA301557E}
		{306D8E4A-3FF2-4B2F-9218-6CDAFA2302DE} = {279DD3FE-CED6-46DD-A156-B6CAA301557E}
		{F1556BF6-7FFD-4A17-AB21-455A38A3DF46} = {279DD3FE-CED6-46DD-A156-B6CAA301557E}
		{404B1BF2-3E46-49E4-A28A-106140CBB077} = {279DD3FE-CED6-46DD-A156-B6CAA301557E}
		{1EAB8FC5-46BB-487E-974C-3540D120BA71} = {279DD3FE-CED6-46DD-A156-B6CAA301557E}
		{02972338-BB7A-4957-A6AC-27DEBB1709AA} = {279DD3FE-CED6-46DD-A156-B6CAA301557E}
		{823C1291-2B89-4254-875A-CD8B4E3497EA} = {0C167601-3D2A-4C5B-9B23-79D539C09711}
		{1B51EC23-D22D-48E2-9EB5-CB1B98704846} = {0C167601-3D2A-4C5B-9B23-79D539C09711}
		{E7F18C95-3344-48C6-A866-B337472E6329} = {1B51EC23-D22D-48E2-9EB5-CB1B98704846}
		{ED7C69C7-F421-4848-A317-2AD246E8950A} = {0C167601-3D2A-4C5B-9B23-79D539C09711}
		{A2899B45-BC1B-479C-B4AE-9BD24B6DC5D3} = {ED7C69C7-F421-4848-A317-2AD246E8950A}
		{B9248394-9FD5-4872-82AA-4FAD1EC3A1F8} = {ED7C69C7-F421-4848-A317-2AD246E8950A}
		{F7F2E307-0DC4-449D-B7BF-7AD0DCF03D88} = {ED7C69C7-F421-4848-A317-2AD246E8950A}
		{32870E57-7328-4F6E-A9B3-59E7ED709130} = {ED7C69C7-F421-4848-A317-2AD246E8950A}
		{6D4E86DC-6BEF-48E5-8C22-221F23287AC2} = {ED7C69C7-F421-4848-A317-2AD246E8950A}
		{34312A2F-8904-42DC-8665-E835EE402065} = {ED7C69C7-F421-4848-A317-2AD246E8950A}
		{731E6763-0925-4920-8BF4-89A4A1562FEA} = {ED7C69C7-F421-4848-A317-2AD246E8950A}
		{40DC6DB5-BE89-4308-ACF8-DCD3828892D1} = {ED7C69C7-F421-4848-A317-2AD246E8950A}
		{8BEEB1D0-24F4-4635-AB25-D71BC2795B7B} = {ED7C69C7-F421-4848-A317-2AD246E8950A}
		{19E45852-E9D4-44C0-8B71-1AF059A93857} = {ED7C69C7-F421-4848-A317-2AD246E8950A}
		{54044878-E12B-4624-BC81-ED39A1E368AE} = {ED7C69C7-F421-4848-A317-2AD246E8950A}
		{D6199C2D-2755-49B8-8904-077BA02DB35C} = {DA4FA15B-CD34-4F65-A11D-C39EF0781D4A}
		{85B1DB5B-C7B3-409E-85CE-E7FD2A7966EF} = {D6199C2D-2755-49B8-8904-077BA02DB35C}
		{65204184-B9C2-4578-897C-68BE505EC1F7} = {D6199C2D-2755-49B8-8904-077BA02DB35C}
		{AC93900B-33E4-44DA-9A63-EECAC77BF6E3} = {D6199C2D-2755-49B8-8904-077BA02DB35C}
		{BF33F987-57DD-4998-B9E5-F902B486AC00} = {D6199C2D-2755-49B8-8904-077BA02DB35C}
		{EDA53AF9-F953-45E5-BB06-C7931990288F} = {DA4FA15B-CD34-4F65-A11D-C39EF0781D4A}
		{C1086CC9-AB71-444B-A90E-0D9075C90F10} = {EDA53AF9-F953-45E5-BB06-C7931990288F}
		{763AB4B2-CFD5-4F0C-B824-AAB78893BDE5} = {EDA53AF9-F953-45E5-BB06-C7931990288F}
		{B4E41429-EB24-4551-9859-84E2DF839565} = {EDA53AF9-F953-45E5-BB06-C7931990288F}
	EndGlobalSection
EndGlobal
