
Microsoft Visual Studio Solution File, Format Version 12.00
# Visual Studio 15
VisualStudioVersion = 15.0.26124.0
MinimumVisualStudioVersion = 15.0.26124.0
Project("{2150E333-8FDC-42A3-9474-1A3956D46DE8}") = "src", "src", "{7324BABF-C1F7-430D-BF76-CF9BFA559DC6}"
EndProject
Project("{2150E333-8FDC-42A3-9474-1A3956D46DE8}") = "Core", "Core", "{7AFA22EA-B093-4457-ABA2-CFF96DF41350}"
EndProject
Project("{FAE04EC0-301F-11D3-BF4B-00C04F79EFBC}") = "LeanCode.Components", "src\Core\LeanCode.Components\LeanCode.Components.csproj", "{9D56CBAA-44BD-4FEA-AC2F-13A8B49BF832}"
EndProject
Project("{FAE04EC0-301F-11D3-BF4B-00C04F79EFBC}") = "LeanCode.Components.Startup", "src\Core\LeanCode.Components.Startup\LeanCode.Components.Startup.csproj", "{0FBEB0F0-F6BB-48B7-942D-96B9F3D56A95}"
EndProject
Project("{FAE04EC0-301F-11D3-BF4B-00C04F79EFBC}") = "LeanCode.Pipelines.Autofac", "src\Core\LeanCode.Pipelines.Autofac\LeanCode.Pipelines.Autofac.csproj", "{2D41554E-A773-48E7-88FC-9CE386D4CD5F}"
EndProject
Project("{FAE04EC0-301F-11D3-BF4B-00C04F79EFBC}") = "LeanCode.Pipelines", "src\Core\LeanCode.Pipelines\LeanCode.Pipelines.csproj", "{2B41FBAF-0BFD-4BDF-BDA5-AA4590827A85}"
EndProject
Project("{2150E333-8FDC-42A3-9474-1A3956D46DE8}") = "Domain", "Domain", "{CEFCB733-AF22-46A6-8CAA-A620D9E90DB4}"
EndProject
Project("{FAE04EC0-301F-11D3-BF4B-00C04F79EFBC}") = "LeanCode.CQRS.Cache", "src\Domain\LeanCode.CQRS.Cache\LeanCode.CQRS.Cache.csproj", "{D929A248-5DDE-4465-AFE3-EA8486874C11}"
EndProject
Project("{FAE04EC0-301F-11D3-BF4B-00C04F79EFBC}") = "LeanCode.CQRS.Execution", "src\Domain\LeanCode.CQRS.Execution\LeanCode.CQRS.Execution.csproj", "{37390840-8928-488B-B9CD-BC07E65BBC12}"
EndProject
Project("{FAE04EC0-301F-11D3-BF4B-00C04F79EFBC}") = "LeanCode.CQRS", "src\Domain\LeanCode.CQRS\LeanCode.CQRS.csproj", "{B99CE1FB-6447-4A91-A227-DEAA5E184FF1}"
EndProject
Project("{FAE04EC0-301F-11D3-BF4B-00C04F79EFBC}") = "LeanCode.CQRS.RemoteHttp.Client", "src\Domain\LeanCode.CQRS.RemoteHttp.Client\LeanCode.CQRS.RemoteHttp.Client.csproj", "{2252EE08-B058-4604-9509-122AEA4EC388}"
EndProject
Project("{FAE04EC0-301F-11D3-BF4B-00C04F79EFBC}") = "LeanCode.CQRS.RemoteHttp.Server", "src\Domain\LeanCode.CQRS.RemoteHttp.Server\LeanCode.CQRS.RemoteHttp.Server.csproj", "{7824CB5F-9107-410D-9D08-E80726C8D9C3}"
EndProject
Project("{FAE04EC0-301F-11D3-BF4B-00C04F79EFBC}") = "LeanCode.CQRS.Security", "src\Domain\LeanCode.CQRS.Security\LeanCode.CQRS.Security.csproj", "{37B5CCFD-17B2-48D7-B42F-84EEF5B3742C}"
EndProject
Project("{FAE04EC0-301F-11D3-BF4B-00C04F79EFBC}") = "LeanCode.CQRS.Validation.Fluent", "src\Domain\LeanCode.CQRS.Validation.Fluent\LeanCode.CQRS.Validation.Fluent.csproj", "{007648E7-889D-4691-87AA-C459F8B278B2}"
EndProject
Project("{FAE04EC0-301F-11D3-BF4B-00C04F79EFBC}") = "LeanCode.CQRS.Validation", "src\Domain\LeanCode.CQRS.Validation\LeanCode.CQRS.Validation.csproj", "{5BB9666C-89BC-491F-A334-C5DC6DF230D1}"
EndProject
Project("{FAE04EC0-301F-11D3-BF4B-00C04F79EFBC}") = "LeanCode.DomainModels.EF", "src\Domain\LeanCode.DomainModels.EF\LeanCode.DomainModels.EF.csproj", "{C406B7CF-8155-485B-9084-4F7F9F0EB13D}"
EndProject
Project("{FAE04EC0-301F-11D3-BF4B-00C04F79EFBC}") = "LeanCode.DomainModels.EventsExecution", "src\Domain\LeanCode.DomainModels.EventsExecution\LeanCode.DomainModels.EventsExecution.csproj", "{D72304AB-C9A0-4547-B220-AA597183A5F0}"
EndProject
Project("{FAE04EC0-301F-11D3-BF4B-00C04F79EFBC}") = "LeanCode.DomainModels", "src\Domain\LeanCode.DomainModels\LeanCode.DomainModels.csproj", "{6F4D8AF8-CA52-47DC-9476-9792CF605C81}"
EndProject
Project("{FAE04EC0-301F-11D3-BF4B-00C04F79EFBC}") = "LeanCode.TimeProvider", "src\Domain\LeanCode.TimeProvider\LeanCode.TimeProvider.csproj", "{097E0674-5AB5-4F14-9455-4579A006F4B9}"
EndProject
Project("{FAE04EC0-301F-11D3-BF4B-00C04F79EFBC}") = "LeanCode.Example", "src\Example\LeanCode.Example.csproj", "{6AB28BA5-B179-4E0B-AD69-273745C99D6B}"
EndProject
Project("{2150E333-8FDC-42A3-9474-1A3956D46DE8}") = "Helpers", "Helpers", "{E2F50E4D-58C4-4800-B031-D4E27636405E}"
EndProject
Project("{FAE04EC0-301F-11D3-BF4B-00C04F79EFBC}") = "LeanCode.Configuration", "src\Helpers\LeanCode.Configuration\LeanCode.Configuration.csproj", "{FAAAD62E-33A3-4AE2-9AF2-A05469CBB88C}"
EndProject
Project("{2150E333-8FDC-42A3-9474-1A3956D46DE8}") = "Infrastructure", "Infrastructure", "{1358A1B6-E8BB-4607-8B61-FDAE49F0EAA4}"
EndProject
Project("{FAE04EC0-301F-11D3-BF4B-00C04F79EFBC}") = "LeanCode.Cache.AspNet", "src\Infrastructure\LeanCode.Cache.AspNet\LeanCode.Cache.AspNet.csproj", "{2D5B971F-45E9-442D-91BA-5A7FA21F86D4}"
EndProject
Project("{FAE04EC0-301F-11D3-BF4B-00C04F79EFBC}") = "LeanCode.Cache", "src\Infrastructure\LeanCode.Cache\LeanCode.Cache.csproj", "{291615C0-059A-46EF-AB93-1C89E68643E1}"
EndProject
Project("{FAE04EC0-301F-11D3-BF4B-00C04F79EFBC}") = "LeanCode.EmailSender", "src\Infrastructure\LeanCode.EmailSender\LeanCode.EmailSender.csproj", "{62DBDDB9-3920-4E32-A18E-014DB5D198A0}"
EndProject
Project("{FAE04EC0-301F-11D3-BF4B-00C04F79EFBC}") = "LeanCode.EmailSender.SendGrid", "src\Infrastructure\LeanCode.EmailSender.SendGrid\LeanCode.EmailSender.SendGrid.csproj", "{4F4518B3-6DCC-47CB-BE45-485BBAE827C6}"
EndProject
Project("{FAE04EC0-301F-11D3-BF4B-00C04F79EFBC}") = "LeanCode.Facebook", "src\Infrastructure\LeanCode.Facebook\LeanCode.Facebook.csproj", "{A2BE3023-DD9B-4945-82D2-5139AAAAEDFF}"
EndProject
Project("{FAE04EC0-301F-11D3-BF4B-00C04F79EFBC}") = "LeanCode.PdfGenerator", "src\Infrastructure\LeanCode.PdfGenerator\LeanCode.PdfGenerator.csproj", "{B0B4D113-0BC9-4BA7-A0C2-55FDC31A4F90}"
EndProject
Project("{FAE04EC0-301F-11D3-BF4B-00C04F79EFBC}") = "LeanCode.PdfGenerator.PdfRocket", "src\Infrastructure\LeanCode.PdfGenerator.PdfRocket\LeanCode.PdfGenerator.PdfRocket.csproj", "{9CF25705-F130-4225-B9A0-6B70A9DD3C71}"
EndProject
Project("{FAE04EC0-301F-11D3-BF4B-00C04F79EFBC}") = "LeanCode.PushNotifications.EF", "src\Infrastructure\LeanCode.PushNotifications.EF\LeanCode.PushNotifications.EF.csproj", "{3C71B70F-39A3-45AA-9779-4FE3A9F4B333}"
EndProject
Project("{FAE04EC0-301F-11D3-BF4B-00C04F79EFBC}") = "LeanCode.PushNotifications", "src\Infrastructure\LeanCode.PushNotifications\LeanCode.PushNotifications.csproj", "{8D0B790C-C039-4A62-B535-12BBB12E41EE}"
EndProject
Project("{FAE04EC0-301F-11D3-BF4B-00C04F79EFBC}") = "LeanCode.ViewRenderer", "src\Infrastructure\LeanCode.ViewRenderer\LeanCode.ViewRenderer.csproj", "{4A739A21-39DF-45D4-AE52-7F91577A5FA2}"
EndProject
Project("{FAE04EC0-301F-11D3-BF4B-00C04F79EFBC}") = "LeanCode.ViewRenderer.Razor", "src\Infrastructure\LeanCode.ViewRenderer.Razor\LeanCode.ViewRenderer.Razor.csproj", "{EB180321-7560-4F46-9717-346275163D1B}"
EndProject
Project("{2150E333-8FDC-42A3-9474-1A3956D46DE8}") = "test", "test", "{9DC20510-2DB6-4B63-AAA7-C65A0B8F0157}"
EndProject
Project("{2150E333-8FDC-42A3-9474-1A3956D46DE8}") = "Core", "Core", "{9BCF1002-8885-4598-8E7F-BD491BB5A6B6}"
EndProject
Project("{FAE04EC0-301F-11D3-BF4B-00C04F79EFBC}") = "LeanCode.Pipelines.Tests", "test\Core\LeanCode.Pipelines.Tests\LeanCode.Pipelines.Tests.csproj", "{8B8BD8CD-2B4F-495E-97A8-21128B54DAF4}"
EndProject
Project("{2150E333-8FDC-42A3-9474-1A3956D46DE8}") = "Domain", "Domain", "{4931D6C0-FA5C-4CCD-ABB3-06BEF131C4FB}"
EndProject
Project("{FAE04EC0-301F-11D3-BF4B-00C04F79EFBC}") = "LeanCode.CQRS.RemoteHttp.Server.Tests", "test\Domain\LeanCode.CQRS.RemoteHttp.Server.Tests\LeanCode.CQRS.RemoteHttp.Server.Tests.csproj", "{B94A03BB-5818-423A-9AF0-ECC9322C17C0}"
EndProject
Project("{FAE04EC0-301F-11D3-BF4B-00C04F79EFBC}") = "LeanCode.CQRS.Security.Tests", "test\Domain\LeanCode.CQRS.Security.Tests\LeanCode.CQRS.Security.Tests.csproj", "{E88493F2-5792-4CBC-8CDC-4FCA699B58E4}"
EndProject
Project("{FAE04EC0-301F-11D3-BF4B-00C04F79EFBC}") = "LeanCode.CQRS.Validation.Fluent.Tests", "test\Domain\LeanCode.CQRS.Validation.Fluent.Tests\LeanCode.CQRS.Validation.Fluent.Tests.csproj", "{86386C4D-1ECA-4B9A-83D9-55E2F85B5678}"
EndProject
Project("{FAE04EC0-301F-11D3-BF4B-00C04F79EFBC}") = "LeanCode.DomainModels.EventsExecution.Tests", "test\Domain\LeanCode.DomainModels.EventsExecution.Tests\LeanCode.DomainModels.EventsExecution.Tests.csproj", "{3352A62F-3B10-40A1-B2ED-5D649C95D011}"
EndProject
Project("{2150E333-8FDC-42A3-9474-1A3956D46DE8}") = "Infrastructure", "Infrastructure", "{D9CFC5C4-8B87-4EDF-85D1-1471EA1B6D27}"
EndProject
Project("{FAE04EC0-301F-11D3-BF4B-00C04F79EFBC}") = "LeanCode.Facebook.Tests", "test\Infrastructure\LeanCode.Facebook.Tests\LeanCode.Facebook.Tests.csproj", "{98A14F8C-AA8D-4D2C-A85B-454C6ECAAC29}"
EndProject
Project("{FAE04EC0-301F-11D3-BF4B-00C04F79EFBC}") = "LeanCode.PushNotifications.Tests", "test\Infrastructure\LeanCode.PushNotifications.Tests\LeanCode.PushNotifications.Tests.csproj", "{7B7EBC44-F7D8-4838-89B8-8475C077651C}"
EndProject
Project("{FAE04EC0-301F-11D3-BF4B-00C04F79EFBC}") = "LeanCode.ViewRenderer.Razor.Tests", "test\Infrastructure\LeanCode.ViewRenderer.Razor.Tests\LeanCode.ViewRenderer.Razor.Tests.csproj", "{91EDC625-A55B-477C-A56A-2BF81F7AE7C5}"
EndProject
Project("{FAE04EC0-301F-11D3-BF4B-00C04F79EFBC}") = "LeanCode.CQRS.Default", "src\Domain\LeanCode.CQRS.Default\LeanCode.CQRS.Default.csproj", "{355095C7-8278-4A90-903A-11F7211EE2B6}"
EndProject
Project("{FAE04EC0-301F-11D3-BF4B-00C04F79EFBC}") = "LeanCode.SmsSender", "src\Infrastructure\LeanCode.SmsSender\LeanCode.SmsSender.csproj", "{126FD82F-3310-419A-A7E6-4A85A807EDC5}"
EndProject
Project("{FAE04EC0-301F-11D3-BF4B-00C04F79EFBC}") = "LeanCode.SmsSender.Tests", "test\Infrastructure\LeanCode.SmsSender.Tests\LeanCode.SmsSender.Tests.csproj", "{65E4710A-54C1-4784-83E1-E8D2D2B616EA}"
EndProject
Project("{FAE04EC0-301F-11D3-BF4B-00C04F79EFBC}") = "LeanCode.Targets", "src\Core\LeanCode.Targets\LeanCode.Targets.csproj", "{FF3E1356-EC2F-4F1A-B65A-AE11D0F2C6F3}"
EndProject
Project("{FAE04EC0-301F-11D3-BF4B-00C04F79EFBC}") = "LeanCode.IdentityServer.KeyVault", "src\Infrastructure\LeanCode.IdentityServer.KeyVault\LeanCode.IdentityServer.KeyVault.csproj", "{0F082F27-FFEA-4C87-84CC-3BE3AB76187D}"
EndProject
Project("{FAE04EC0-301F-11D3-BF4B-00C04F79EFBC}") = "LeanCode.IdentityServer.PersistedGrantStore", "src\Infrastructure\LeanCode.IdentityServer.PersistedGrantStore\LeanCode.IdentityServer.PersistedGrantStore.csproj", "{6D5D9A1A-ADEF-434E-82D9-C6FBB3124410}"
EndProject
Project("{FAE04EC0-301F-11D3-BF4B-00C04F79EFBC}") = "LeanCode.IdentityProvider", "src\Domain\LeanCode.IdentityProvider\LeanCode.IdentityProvider.csproj", "{0E92FB0B-2583-4A10-9C5F-1F66CDD786BD}"
EndProject
Project("{FAE04EC0-301F-11D3-BF4B-00C04F79EFBC}") = "LeanCode.DomainModels.Tests", "test\Domain\LeanCode.DomainModels.Tests\LeanCode.DomainModels.Tests.csproj", "{DA29CF24-FEDC-4893-896C-EB010EB410F4}"
EndProject
Project("{2150E333-8FDC-42A3-9474-1A3956D46DE8}") = "Testing", "Testing", "{DD0E6BF3-F966-426F-901A-D0140B7FE13C}"
EndProject
Project("{FAE04EC0-301F-11D3-BF4B-00C04F79EFBC}") = "LeanCode.IntegrationTestHelpers", "src\Testing\LeanCode.IntegrationTestHelpers\LeanCode.IntegrationTestHelpers.csproj", "{ED6DF5B6-0926-42BF-92BA-DC73F92AA2C9}"
EndProject
Project("{FAE04EC0-301F-11D3-BF4B-00C04F79EFBC}") = "LeanCode.DomainModels.EventsExecution.TestHelpers.Tests", "test\Domain\LeanCode.DomainModels.EventsExecution.TestHelpers.Tests\LeanCode.DomainModels.EventsExecution.TestHelpers.Tests.csproj", "{68FFF97B-AD2A-4EF4-B4A3-37A0F77B7272}"
EndProject
Project("{FAE04EC0-301F-11D3-BF4B-00C04F79EFBC}") = "LeanCode.ClientCredentialsHandler", "src\Infrastructure\LeanCode.ClientCredentialsHandler\LeanCode.ClientCredentialsHandler.csproj", "{3A47E0C3-3101-47C4-A545-553C906C5704}"
EndProject
Project("{FAE04EC0-301F-11D3-BF4B-00C04F79EFBC}") = "LeanCode.Mixpanel", "src\Infrastructure\LeanCode.Mixpanel\LeanCode.Mixpanel.csproj", "{E4AFB184-BC22-4604-9835-EAE653E3E43A}"
EndProject
Project("{FAE04EC0-301F-11D3-BF4B-00C04F79EFBC}") = "LeanCode.TimeProvider.Tests", "test\Domain\LeanCode.TimeProvider.Tests\LeanCode.TimeProvider.Tests.csproj", "{E8421F04-D501-4301-B621-2F6B2A422928}"
EndProject
Project("{FAE04EC0-301F-11D3-BF4B-00C04F79EFBC}") = "LeanCode.CQRS.Tests", "test\Domain\LeanCode.CQRS.Tests\LeanCode.CQRS.Tests.csproj", "{B5B4FDF9-EC7D-4A2B-AA43-2D82A7C462E9}"
EndProject
Project("{2150E333-8FDC-42A3-9474-1A3956D46DE8}") = "Tools", "Tools", "{24B5BFEB-A497-441B-A82B-5933C4C0D998}"
EndProject
Project("{FAE04EC0-301F-11D3-BF4B-00C04F79EFBC}") = "LeanCode.ContractsGenerator", "src\Tools\LeanCode.ContractsGenerator\LeanCode.ContractsGenerator.csproj", "{0027D5CD-89B4-4EEA-B5F8-71F1272CF152}"
EndProject
Project("{FAE04EC0-301F-11D3-BF4B-00C04F79EFBC}") = "LeanCode.CodeAnalysis", "src\Tools\LeanCode.CodeAnalysis\LeanCode.CodeAnalysis.csproj", "{8E7BD864-708E-40C8-9810-42AACE665CD3}"
EndProject
Project("{FAE04EC0-301F-11D3-BF4B-00C04F79EFBC}") = "LeanCode.UrlHelper", "src\Helpers\LeanCode.UrlHelper\LeanCode.UrlHelper.csproj", "{B8F0ADF5-EF62-437A-9C9C-FF80C358A992}"
EndProject
Project("{FAE04EC0-301F-11D3-BF4B-00C04F79EFBC}") = "LeanCode.Dapper", "src\Infrastructure\LeanCode.Dapper\LeanCode.Dapper.csproj", "{4953BB6C-9999-4113-B1F1-86FFF24D87E9}"
EndProject
Project("{FAE04EC0-301F-11D3-BF4B-00C04F79EFBC}") = "LeanCode.AsyncTasks.Hangfire", "src\Infrastructure\LeanCode.AsyncTasks.Hangfire\LeanCode.AsyncTasks.Hangfire.csproj", "{C14927F2-0459-44B9-8B3D-1D6156DCBB91}"
EndProject
Project("{FAE04EC0-301F-11D3-BF4B-00C04F79EFBC}") = "LeanCode.AsyncTasks", "src\Infrastructure\LeanCode.AsyncTasks\LeanCode.AsyncTasks.csproj", "{BFEB83AC-C73E-40DC-A32A-35332B3F53F6}"
EndProject
Global
	GlobalSection(SolutionConfigurationPlatforms) = preSolution
		Debug|Any CPU = Debug|Any CPU
		Debug|x64 = Debug|x64
		Debug|x86 = Debug|x86
		Release|Any CPU = Release|Any CPU
		Release|x64 = Release|x64
		Release|x86 = Release|x86
	EndGlobalSection
	GlobalSection(SolutionProperties) = preSolution
		HideSolutionNode = FALSE
	EndGlobalSection
	GlobalSection(ProjectConfigurationPlatforms) = postSolution
		{9D56CBAA-44BD-4FEA-AC2F-13A8B49BF832}.Debug|Any CPU.ActiveCfg = Debug|Any CPU
		{9D56CBAA-44BD-4FEA-AC2F-13A8B49BF832}.Debug|Any CPU.Build.0 = Debug|Any CPU
		{9D56CBAA-44BD-4FEA-AC2F-13A8B49BF832}.Debug|x64.ActiveCfg = Debug|x64
		{9D56CBAA-44BD-4FEA-AC2F-13A8B49BF832}.Debug|x64.Build.0 = Debug|x64
		{9D56CBAA-44BD-4FEA-AC2F-13A8B49BF832}.Debug|x86.ActiveCfg = Debug|x86
		{9D56CBAA-44BD-4FEA-AC2F-13A8B49BF832}.Debug|x86.Build.0 = Debug|x86
		{9D56CBAA-44BD-4FEA-AC2F-13A8B49BF832}.Release|Any CPU.ActiveCfg = Release|Any CPU
		{9D56CBAA-44BD-4FEA-AC2F-13A8B49BF832}.Release|Any CPU.Build.0 = Release|Any CPU
		{9D56CBAA-44BD-4FEA-AC2F-13A8B49BF832}.Release|x64.ActiveCfg = Release|x64
		{9D56CBAA-44BD-4FEA-AC2F-13A8B49BF832}.Release|x64.Build.0 = Release|x64
		{9D56CBAA-44BD-4FEA-AC2F-13A8B49BF832}.Release|x86.ActiveCfg = Release|x86
		{9D56CBAA-44BD-4FEA-AC2F-13A8B49BF832}.Release|x86.Build.0 = Release|x86
		{0FBEB0F0-F6BB-48B7-942D-96B9F3D56A95}.Debug|Any CPU.ActiveCfg = Debug|Any CPU
		{0FBEB0F0-F6BB-48B7-942D-96B9F3D56A95}.Debug|Any CPU.Build.0 = Debug|Any CPU
		{0FBEB0F0-F6BB-48B7-942D-96B9F3D56A95}.Debug|x64.ActiveCfg = Debug|x64
		{0FBEB0F0-F6BB-48B7-942D-96B9F3D56A95}.Debug|x64.Build.0 = Debug|x64
		{0FBEB0F0-F6BB-48B7-942D-96B9F3D56A95}.Debug|x86.ActiveCfg = Debug|x86
		{0FBEB0F0-F6BB-48B7-942D-96B9F3D56A95}.Debug|x86.Build.0 = Debug|x86
		{0FBEB0F0-F6BB-48B7-942D-96B9F3D56A95}.Release|Any CPU.ActiveCfg = Release|Any CPU
		{0FBEB0F0-F6BB-48B7-942D-96B9F3D56A95}.Release|Any CPU.Build.0 = Release|Any CPU
		{0FBEB0F0-F6BB-48B7-942D-96B9F3D56A95}.Release|x64.ActiveCfg = Release|x64
		{0FBEB0F0-F6BB-48B7-942D-96B9F3D56A95}.Release|x64.Build.0 = Release|x64
		{0FBEB0F0-F6BB-48B7-942D-96B9F3D56A95}.Release|x86.ActiveCfg = Release|x86
		{0FBEB0F0-F6BB-48B7-942D-96B9F3D56A95}.Release|x86.Build.0 = Release|x86
		{2D41554E-A773-48E7-88FC-9CE386D4CD5F}.Debug|Any CPU.ActiveCfg = Debug|Any CPU
		{2D41554E-A773-48E7-88FC-9CE386D4CD5F}.Debug|Any CPU.Build.0 = Debug|Any CPU
		{2D41554E-A773-48E7-88FC-9CE386D4CD5F}.Debug|x64.ActiveCfg = Debug|x64
		{2D41554E-A773-48E7-88FC-9CE386D4CD5F}.Debug|x64.Build.0 = Debug|x64
		{2D41554E-A773-48E7-88FC-9CE386D4CD5F}.Debug|x86.ActiveCfg = Debug|x86
		{2D41554E-A773-48E7-88FC-9CE386D4CD5F}.Debug|x86.Build.0 = Debug|x86
		{2D41554E-A773-48E7-88FC-9CE386D4CD5F}.Release|Any CPU.ActiveCfg = Release|Any CPU
		{2D41554E-A773-48E7-88FC-9CE386D4CD5F}.Release|Any CPU.Build.0 = Release|Any CPU
		{2D41554E-A773-48E7-88FC-9CE386D4CD5F}.Release|x64.ActiveCfg = Release|x64
		{2D41554E-A773-48E7-88FC-9CE386D4CD5F}.Release|x64.Build.0 = Release|x64
		{2D41554E-A773-48E7-88FC-9CE386D4CD5F}.Release|x86.ActiveCfg = Release|x86
		{2D41554E-A773-48E7-88FC-9CE386D4CD5F}.Release|x86.Build.0 = Release|x86
		{2B41FBAF-0BFD-4BDF-BDA5-AA4590827A85}.Debug|Any CPU.ActiveCfg = Debug|Any CPU
		{2B41FBAF-0BFD-4BDF-BDA5-AA4590827A85}.Debug|Any CPU.Build.0 = Debug|Any CPU
		{2B41FBAF-0BFD-4BDF-BDA5-AA4590827A85}.Debug|x64.ActiveCfg = Debug|x64
		{2B41FBAF-0BFD-4BDF-BDA5-AA4590827A85}.Debug|x64.Build.0 = Debug|x64
		{2B41FBAF-0BFD-4BDF-BDA5-AA4590827A85}.Debug|x86.ActiveCfg = Debug|x86
		{2B41FBAF-0BFD-4BDF-BDA5-AA4590827A85}.Debug|x86.Build.0 = Debug|x86
		{2B41FBAF-0BFD-4BDF-BDA5-AA4590827A85}.Release|Any CPU.ActiveCfg = Release|Any CPU
		{2B41FBAF-0BFD-4BDF-BDA5-AA4590827A85}.Release|Any CPU.Build.0 = Release|Any CPU
		{2B41FBAF-0BFD-4BDF-BDA5-AA4590827A85}.Release|x64.ActiveCfg = Release|x64
		{2B41FBAF-0BFD-4BDF-BDA5-AA4590827A85}.Release|x64.Build.0 = Release|x64
		{2B41FBAF-0BFD-4BDF-BDA5-AA4590827A85}.Release|x86.ActiveCfg = Release|x86
		{2B41FBAF-0BFD-4BDF-BDA5-AA4590827A85}.Release|x86.Build.0 = Release|x86
		{D929A248-5DDE-4465-AFE3-EA8486874C11}.Debug|Any CPU.ActiveCfg = Debug|Any CPU
		{D929A248-5DDE-4465-AFE3-EA8486874C11}.Debug|Any CPU.Build.0 = Debug|Any CPU
		{D929A248-5DDE-4465-AFE3-EA8486874C11}.Debug|x64.ActiveCfg = Debug|x64
		{D929A248-5DDE-4465-AFE3-EA8486874C11}.Debug|x64.Build.0 = Debug|x64
		{D929A248-5DDE-4465-AFE3-EA8486874C11}.Debug|x86.ActiveCfg = Debug|x86
		{D929A248-5DDE-4465-AFE3-EA8486874C11}.Debug|x86.Build.0 = Debug|x86
		{D929A248-5DDE-4465-AFE3-EA8486874C11}.Release|Any CPU.ActiveCfg = Release|Any CPU
		{D929A248-5DDE-4465-AFE3-EA8486874C11}.Release|Any CPU.Build.0 = Release|Any CPU
		{D929A248-5DDE-4465-AFE3-EA8486874C11}.Release|x64.ActiveCfg = Release|x64
		{D929A248-5DDE-4465-AFE3-EA8486874C11}.Release|x64.Build.0 = Release|x64
		{D929A248-5DDE-4465-AFE3-EA8486874C11}.Release|x86.ActiveCfg = Release|x86
		{D929A248-5DDE-4465-AFE3-EA8486874C11}.Release|x86.Build.0 = Release|x86
		{37390840-8928-488B-B9CD-BC07E65BBC12}.Debug|Any CPU.ActiveCfg = Debug|Any CPU
		{37390840-8928-488B-B9CD-BC07E65BBC12}.Debug|Any CPU.Build.0 = Debug|Any CPU
		{37390840-8928-488B-B9CD-BC07E65BBC12}.Debug|x64.ActiveCfg = Debug|x64
		{37390840-8928-488B-B9CD-BC07E65BBC12}.Debug|x64.Build.0 = Debug|x64
		{37390840-8928-488B-B9CD-BC07E65BBC12}.Debug|x86.ActiveCfg = Debug|x86
		{37390840-8928-488B-B9CD-BC07E65BBC12}.Debug|x86.Build.0 = Debug|x86
		{37390840-8928-488B-B9CD-BC07E65BBC12}.Release|Any CPU.ActiveCfg = Release|Any CPU
		{37390840-8928-488B-B9CD-BC07E65BBC12}.Release|Any CPU.Build.0 = Release|Any CPU
		{37390840-8928-488B-B9CD-BC07E65BBC12}.Release|x64.ActiveCfg = Release|x64
		{37390840-8928-488B-B9CD-BC07E65BBC12}.Release|x64.Build.0 = Release|x64
		{37390840-8928-488B-B9CD-BC07E65BBC12}.Release|x86.ActiveCfg = Release|x86
		{37390840-8928-488B-B9CD-BC07E65BBC12}.Release|x86.Build.0 = Release|x86
		{B99CE1FB-6447-4A91-A227-DEAA5E184FF1}.Debug|Any CPU.ActiveCfg = Debug|Any CPU
		{B99CE1FB-6447-4A91-A227-DEAA5E184FF1}.Debug|Any CPU.Build.0 = Debug|Any CPU
		{B99CE1FB-6447-4A91-A227-DEAA5E184FF1}.Debug|x64.ActiveCfg = Debug|x64
		{B99CE1FB-6447-4A91-A227-DEAA5E184FF1}.Debug|x64.Build.0 = Debug|x64
		{B99CE1FB-6447-4A91-A227-DEAA5E184FF1}.Debug|x86.ActiveCfg = Debug|x86
		{B99CE1FB-6447-4A91-A227-DEAA5E184FF1}.Debug|x86.Build.0 = Debug|x86
		{B99CE1FB-6447-4A91-A227-DEAA5E184FF1}.Release|Any CPU.ActiveCfg = Release|Any CPU
		{B99CE1FB-6447-4A91-A227-DEAA5E184FF1}.Release|Any CPU.Build.0 = Release|Any CPU
		{B99CE1FB-6447-4A91-A227-DEAA5E184FF1}.Release|x64.ActiveCfg = Release|x64
		{B99CE1FB-6447-4A91-A227-DEAA5E184FF1}.Release|x64.Build.0 = Release|x64
		{B99CE1FB-6447-4A91-A227-DEAA5E184FF1}.Release|x86.ActiveCfg = Release|x86
		{B99CE1FB-6447-4A91-A227-DEAA5E184FF1}.Release|x86.Build.0 = Release|x86
		{2252EE08-B058-4604-9509-122AEA4EC388}.Debug|Any CPU.ActiveCfg = Debug|Any CPU
		{2252EE08-B058-4604-9509-122AEA4EC388}.Debug|Any CPU.Build.0 = Debug|Any CPU
		{2252EE08-B058-4604-9509-122AEA4EC388}.Debug|x64.ActiveCfg = Debug|x64
		{2252EE08-B058-4604-9509-122AEA4EC388}.Debug|x64.Build.0 = Debug|x64
		{2252EE08-B058-4604-9509-122AEA4EC388}.Debug|x86.ActiveCfg = Debug|x86
		{2252EE08-B058-4604-9509-122AEA4EC388}.Debug|x86.Build.0 = Debug|x86
		{2252EE08-B058-4604-9509-122AEA4EC388}.Release|Any CPU.ActiveCfg = Release|Any CPU
		{2252EE08-B058-4604-9509-122AEA4EC388}.Release|Any CPU.Build.0 = Release|Any CPU
		{2252EE08-B058-4604-9509-122AEA4EC388}.Release|x64.ActiveCfg = Release|x64
		{2252EE08-B058-4604-9509-122AEA4EC388}.Release|x64.Build.0 = Release|x64
		{2252EE08-B058-4604-9509-122AEA4EC388}.Release|x86.ActiveCfg = Release|x86
		{2252EE08-B058-4604-9509-122AEA4EC388}.Release|x86.Build.0 = Release|x86
		{7824CB5F-9107-410D-9D08-E80726C8D9C3}.Debug|Any CPU.ActiveCfg = Debug|Any CPU
		{7824CB5F-9107-410D-9D08-E80726C8D9C3}.Debug|Any CPU.Build.0 = Debug|Any CPU
		{7824CB5F-9107-410D-9D08-E80726C8D9C3}.Debug|x64.ActiveCfg = Debug|x64
		{7824CB5F-9107-410D-9D08-E80726C8D9C3}.Debug|x64.Build.0 = Debug|x64
		{7824CB5F-9107-410D-9D08-E80726C8D9C3}.Debug|x86.ActiveCfg = Debug|x86
		{7824CB5F-9107-410D-9D08-E80726C8D9C3}.Debug|x86.Build.0 = Debug|x86
		{7824CB5F-9107-410D-9D08-E80726C8D9C3}.Release|Any CPU.ActiveCfg = Release|Any CPU
		{7824CB5F-9107-410D-9D08-E80726C8D9C3}.Release|Any CPU.Build.0 = Release|Any CPU
		{7824CB5F-9107-410D-9D08-E80726C8D9C3}.Release|x64.ActiveCfg = Release|x64
		{7824CB5F-9107-410D-9D08-E80726C8D9C3}.Release|x64.Build.0 = Release|x64
		{7824CB5F-9107-410D-9D08-E80726C8D9C3}.Release|x86.ActiveCfg = Release|x86
		{7824CB5F-9107-410D-9D08-E80726C8D9C3}.Release|x86.Build.0 = Release|x86
		{37B5CCFD-17B2-48D7-B42F-84EEF5B3742C}.Debug|Any CPU.ActiveCfg = Debug|Any CPU
		{37B5CCFD-17B2-48D7-B42F-84EEF5B3742C}.Debug|Any CPU.Build.0 = Debug|Any CPU
		{37B5CCFD-17B2-48D7-B42F-84EEF5B3742C}.Debug|x64.ActiveCfg = Debug|x64
		{37B5CCFD-17B2-48D7-B42F-84EEF5B3742C}.Debug|x64.Build.0 = Debug|x64
		{37B5CCFD-17B2-48D7-B42F-84EEF5B3742C}.Debug|x86.ActiveCfg = Debug|x86
		{37B5CCFD-17B2-48D7-B42F-84EEF5B3742C}.Debug|x86.Build.0 = Debug|x86
		{37B5CCFD-17B2-48D7-B42F-84EEF5B3742C}.Release|Any CPU.ActiveCfg = Release|Any CPU
		{37B5CCFD-17B2-48D7-B42F-84EEF5B3742C}.Release|Any CPU.Build.0 = Release|Any CPU
		{37B5CCFD-17B2-48D7-B42F-84EEF5B3742C}.Release|x64.ActiveCfg = Release|x64
		{37B5CCFD-17B2-48D7-B42F-84EEF5B3742C}.Release|x64.Build.0 = Release|x64
		{37B5CCFD-17B2-48D7-B42F-84EEF5B3742C}.Release|x86.ActiveCfg = Release|x86
		{37B5CCFD-17B2-48D7-B42F-84EEF5B3742C}.Release|x86.Build.0 = Release|x86
		{007648E7-889D-4691-87AA-C459F8B278B2}.Debug|Any CPU.ActiveCfg = Debug|Any CPU
		{007648E7-889D-4691-87AA-C459F8B278B2}.Debug|Any CPU.Build.0 = Debug|Any CPU
		{007648E7-889D-4691-87AA-C459F8B278B2}.Debug|x64.ActiveCfg = Debug|x64
		{007648E7-889D-4691-87AA-C459F8B278B2}.Debug|x64.Build.0 = Debug|x64
		{007648E7-889D-4691-87AA-C459F8B278B2}.Debug|x86.ActiveCfg = Debug|x86
		{007648E7-889D-4691-87AA-C459F8B278B2}.Debug|x86.Build.0 = Debug|x86
		{007648E7-889D-4691-87AA-C459F8B278B2}.Release|Any CPU.ActiveCfg = Release|Any CPU
		{007648E7-889D-4691-87AA-C459F8B278B2}.Release|Any CPU.Build.0 = Release|Any CPU
		{007648E7-889D-4691-87AA-C459F8B278B2}.Release|x64.ActiveCfg = Release|x64
		{007648E7-889D-4691-87AA-C459F8B278B2}.Release|x64.Build.0 = Release|x64
		{007648E7-889D-4691-87AA-C459F8B278B2}.Release|x86.ActiveCfg = Release|x86
		{007648E7-889D-4691-87AA-C459F8B278B2}.Release|x86.Build.0 = Release|x86
		{5BB9666C-89BC-491F-A334-C5DC6DF230D1}.Debug|Any CPU.ActiveCfg = Debug|Any CPU
		{5BB9666C-89BC-491F-A334-C5DC6DF230D1}.Debug|Any CPU.Build.0 = Debug|Any CPU
		{5BB9666C-89BC-491F-A334-C5DC6DF230D1}.Debug|x64.ActiveCfg = Debug|x64
		{5BB9666C-89BC-491F-A334-C5DC6DF230D1}.Debug|x64.Build.0 = Debug|x64
		{5BB9666C-89BC-491F-A334-C5DC6DF230D1}.Debug|x86.ActiveCfg = Debug|x86
		{5BB9666C-89BC-491F-A334-C5DC6DF230D1}.Debug|x86.Build.0 = Debug|x86
		{5BB9666C-89BC-491F-A334-C5DC6DF230D1}.Release|Any CPU.ActiveCfg = Release|Any CPU
		{5BB9666C-89BC-491F-A334-C5DC6DF230D1}.Release|Any CPU.Build.0 = Release|Any CPU
		{5BB9666C-89BC-491F-A334-C5DC6DF230D1}.Release|x64.ActiveCfg = Release|x64
		{5BB9666C-89BC-491F-A334-C5DC6DF230D1}.Release|x64.Build.0 = Release|x64
		{5BB9666C-89BC-491F-A334-C5DC6DF230D1}.Release|x86.ActiveCfg = Release|x86
		{5BB9666C-89BC-491F-A334-C5DC6DF230D1}.Release|x86.Build.0 = Release|x86
		{C406B7CF-8155-485B-9084-4F7F9F0EB13D}.Debug|Any CPU.ActiveCfg = Debug|Any CPU
		{C406B7CF-8155-485B-9084-4F7F9F0EB13D}.Debug|Any CPU.Build.0 = Debug|Any CPU
		{C406B7CF-8155-485B-9084-4F7F9F0EB13D}.Debug|x64.ActiveCfg = Debug|x64
		{C406B7CF-8155-485B-9084-4F7F9F0EB13D}.Debug|x64.Build.0 = Debug|x64
		{C406B7CF-8155-485B-9084-4F7F9F0EB13D}.Debug|x86.ActiveCfg = Debug|x86
		{C406B7CF-8155-485B-9084-4F7F9F0EB13D}.Debug|x86.Build.0 = Debug|x86
		{C406B7CF-8155-485B-9084-4F7F9F0EB13D}.Release|Any CPU.ActiveCfg = Release|Any CPU
		{C406B7CF-8155-485B-9084-4F7F9F0EB13D}.Release|Any CPU.Build.0 = Release|Any CPU
		{C406B7CF-8155-485B-9084-4F7F9F0EB13D}.Release|x64.ActiveCfg = Release|x64
		{C406B7CF-8155-485B-9084-4F7F9F0EB13D}.Release|x64.Build.0 = Release|x64
		{C406B7CF-8155-485B-9084-4F7F9F0EB13D}.Release|x86.ActiveCfg = Release|x86
		{C406B7CF-8155-485B-9084-4F7F9F0EB13D}.Release|x86.Build.0 = Release|x86
		{D72304AB-C9A0-4547-B220-AA597183A5F0}.Debug|Any CPU.ActiveCfg = Debug|Any CPU
		{D72304AB-C9A0-4547-B220-AA597183A5F0}.Debug|Any CPU.Build.0 = Debug|Any CPU
		{D72304AB-C9A0-4547-B220-AA597183A5F0}.Debug|x64.ActiveCfg = Debug|x64
		{D72304AB-C9A0-4547-B220-AA597183A5F0}.Debug|x64.Build.0 = Debug|x64
		{D72304AB-C9A0-4547-B220-AA597183A5F0}.Debug|x86.ActiveCfg = Debug|x86
		{D72304AB-C9A0-4547-B220-AA597183A5F0}.Debug|x86.Build.0 = Debug|x86
		{D72304AB-C9A0-4547-B220-AA597183A5F0}.Release|Any CPU.ActiveCfg = Release|Any CPU
		{D72304AB-C9A0-4547-B220-AA597183A5F0}.Release|Any CPU.Build.0 = Release|Any CPU
		{D72304AB-C9A0-4547-B220-AA597183A5F0}.Release|x64.ActiveCfg = Release|x64
		{D72304AB-C9A0-4547-B220-AA597183A5F0}.Release|x64.Build.0 = Release|x64
		{D72304AB-C9A0-4547-B220-AA597183A5F0}.Release|x86.ActiveCfg = Release|x86
		{D72304AB-C9A0-4547-B220-AA597183A5F0}.Release|x86.Build.0 = Release|x86
		{6F4D8AF8-CA52-47DC-9476-9792CF605C81}.Debug|Any CPU.ActiveCfg = Debug|Any CPU
		{6F4D8AF8-CA52-47DC-9476-9792CF605C81}.Debug|Any CPU.Build.0 = Debug|Any CPU
		{6F4D8AF8-CA52-47DC-9476-9792CF605C81}.Debug|x64.ActiveCfg = Debug|x64
		{6F4D8AF8-CA52-47DC-9476-9792CF605C81}.Debug|x64.Build.0 = Debug|x64
		{6F4D8AF8-CA52-47DC-9476-9792CF605C81}.Debug|x86.ActiveCfg = Debug|x86
		{6F4D8AF8-CA52-47DC-9476-9792CF605C81}.Debug|x86.Build.0 = Debug|x86
		{6F4D8AF8-CA52-47DC-9476-9792CF605C81}.Release|Any CPU.ActiveCfg = Release|Any CPU
		{6F4D8AF8-CA52-47DC-9476-9792CF605C81}.Release|Any CPU.Build.0 = Release|Any CPU
		{6F4D8AF8-CA52-47DC-9476-9792CF605C81}.Release|x64.ActiveCfg = Release|x64
		{6F4D8AF8-CA52-47DC-9476-9792CF605C81}.Release|x64.Build.0 = Release|x64
		{6F4D8AF8-CA52-47DC-9476-9792CF605C81}.Release|x86.ActiveCfg = Release|x86
		{6F4D8AF8-CA52-47DC-9476-9792CF605C81}.Release|x86.Build.0 = Release|x86
		{097E0674-5AB5-4F14-9455-4579A006F4B9}.Debug|Any CPU.ActiveCfg = Debug|Any CPU
		{097E0674-5AB5-4F14-9455-4579A006F4B9}.Debug|Any CPU.Build.0 = Debug|Any CPU
		{097E0674-5AB5-4F14-9455-4579A006F4B9}.Debug|x64.ActiveCfg = Debug|x64
		{097E0674-5AB5-4F14-9455-4579A006F4B9}.Debug|x64.Build.0 = Debug|x64
		{097E0674-5AB5-4F14-9455-4579A006F4B9}.Debug|x86.ActiveCfg = Debug|x86
		{097E0674-5AB5-4F14-9455-4579A006F4B9}.Debug|x86.Build.0 = Debug|x86
		{097E0674-5AB5-4F14-9455-4579A006F4B9}.Release|Any CPU.ActiveCfg = Release|Any CPU
		{097E0674-5AB5-4F14-9455-4579A006F4B9}.Release|Any CPU.Build.0 = Release|Any CPU
		{097E0674-5AB5-4F14-9455-4579A006F4B9}.Release|x64.ActiveCfg = Release|x64
		{097E0674-5AB5-4F14-9455-4579A006F4B9}.Release|x64.Build.0 = Release|x64
		{097E0674-5AB5-4F14-9455-4579A006F4B9}.Release|x86.ActiveCfg = Release|x86
		{097E0674-5AB5-4F14-9455-4579A006F4B9}.Release|x86.Build.0 = Release|x86
		{6AB28BA5-B179-4E0B-AD69-273745C99D6B}.Debug|Any CPU.ActiveCfg = Debug|Any CPU
		{6AB28BA5-B179-4E0B-AD69-273745C99D6B}.Debug|Any CPU.Build.0 = Debug|Any CPU
		{6AB28BA5-B179-4E0B-AD69-273745C99D6B}.Debug|x64.ActiveCfg = Debug|x64
		{6AB28BA5-B179-4E0B-AD69-273745C99D6B}.Debug|x64.Build.0 = Debug|x64
		{6AB28BA5-B179-4E0B-AD69-273745C99D6B}.Debug|x86.ActiveCfg = Debug|x86
		{6AB28BA5-B179-4E0B-AD69-273745C99D6B}.Debug|x86.Build.0 = Debug|x86
		{6AB28BA5-B179-4E0B-AD69-273745C99D6B}.Release|Any CPU.ActiveCfg = Release|Any CPU
		{6AB28BA5-B179-4E0B-AD69-273745C99D6B}.Release|Any CPU.Build.0 = Release|Any CPU
		{6AB28BA5-B179-4E0B-AD69-273745C99D6B}.Release|x64.ActiveCfg = Release|x64
		{6AB28BA5-B179-4E0B-AD69-273745C99D6B}.Release|x64.Build.0 = Release|x64
		{6AB28BA5-B179-4E0B-AD69-273745C99D6B}.Release|x86.ActiveCfg = Release|x86
		{6AB28BA5-B179-4E0B-AD69-273745C99D6B}.Release|x86.Build.0 = Release|x86
		{FAAAD62E-33A3-4AE2-9AF2-A05469CBB88C}.Debug|Any CPU.ActiveCfg = Debug|Any CPU
		{FAAAD62E-33A3-4AE2-9AF2-A05469CBB88C}.Debug|Any CPU.Build.0 = Debug|Any CPU
		{FAAAD62E-33A3-4AE2-9AF2-A05469CBB88C}.Debug|x64.ActiveCfg = Debug|x64
		{FAAAD62E-33A3-4AE2-9AF2-A05469CBB88C}.Debug|x64.Build.0 = Debug|x64
		{FAAAD62E-33A3-4AE2-9AF2-A05469CBB88C}.Debug|x86.ActiveCfg = Debug|x86
		{FAAAD62E-33A3-4AE2-9AF2-A05469CBB88C}.Debug|x86.Build.0 = Debug|x86
		{FAAAD62E-33A3-4AE2-9AF2-A05469CBB88C}.Release|Any CPU.ActiveCfg = Release|Any CPU
		{FAAAD62E-33A3-4AE2-9AF2-A05469CBB88C}.Release|Any CPU.Build.0 = Release|Any CPU
		{FAAAD62E-33A3-4AE2-9AF2-A05469CBB88C}.Release|x64.ActiveCfg = Release|x64
		{FAAAD62E-33A3-4AE2-9AF2-A05469CBB88C}.Release|x64.Build.0 = Release|x64
		{FAAAD62E-33A3-4AE2-9AF2-A05469CBB88C}.Release|x86.ActiveCfg = Release|x86
		{FAAAD62E-33A3-4AE2-9AF2-A05469CBB88C}.Release|x86.Build.0 = Release|x86
		{2D5B971F-45E9-442D-91BA-5A7FA21F86D4}.Debug|Any CPU.ActiveCfg = Debug|Any CPU
		{2D5B971F-45E9-442D-91BA-5A7FA21F86D4}.Debug|Any CPU.Build.0 = Debug|Any CPU
		{2D5B971F-45E9-442D-91BA-5A7FA21F86D4}.Debug|x64.ActiveCfg = Debug|x64
		{2D5B971F-45E9-442D-91BA-5A7FA21F86D4}.Debug|x64.Build.0 = Debug|x64
		{2D5B971F-45E9-442D-91BA-5A7FA21F86D4}.Debug|x86.ActiveCfg = Debug|x86
		{2D5B971F-45E9-442D-91BA-5A7FA21F86D4}.Debug|x86.Build.0 = Debug|x86
		{2D5B971F-45E9-442D-91BA-5A7FA21F86D4}.Release|Any CPU.ActiveCfg = Release|Any CPU
		{2D5B971F-45E9-442D-91BA-5A7FA21F86D4}.Release|Any CPU.Build.0 = Release|Any CPU
		{2D5B971F-45E9-442D-91BA-5A7FA21F86D4}.Release|x64.ActiveCfg = Release|x64
		{2D5B971F-45E9-442D-91BA-5A7FA21F86D4}.Release|x64.Build.0 = Release|x64
		{2D5B971F-45E9-442D-91BA-5A7FA21F86D4}.Release|x86.ActiveCfg = Release|x86
		{2D5B971F-45E9-442D-91BA-5A7FA21F86D4}.Release|x86.Build.0 = Release|x86
		{291615C0-059A-46EF-AB93-1C89E68643E1}.Debug|Any CPU.ActiveCfg = Debug|Any CPU
		{291615C0-059A-46EF-AB93-1C89E68643E1}.Debug|Any CPU.Build.0 = Debug|Any CPU
		{291615C0-059A-46EF-AB93-1C89E68643E1}.Debug|x64.ActiveCfg = Debug|x64
		{291615C0-059A-46EF-AB93-1C89E68643E1}.Debug|x64.Build.0 = Debug|x64
		{291615C0-059A-46EF-AB93-1C89E68643E1}.Debug|x86.ActiveCfg = Debug|x86
		{291615C0-059A-46EF-AB93-1C89E68643E1}.Debug|x86.Build.0 = Debug|x86
		{291615C0-059A-46EF-AB93-1C89E68643E1}.Release|Any CPU.ActiveCfg = Release|Any CPU
		{291615C0-059A-46EF-AB93-1C89E68643E1}.Release|Any CPU.Build.0 = Release|Any CPU
		{291615C0-059A-46EF-AB93-1C89E68643E1}.Release|x64.ActiveCfg = Release|x64
		{291615C0-059A-46EF-AB93-1C89E68643E1}.Release|x64.Build.0 = Release|x64
		{291615C0-059A-46EF-AB93-1C89E68643E1}.Release|x86.ActiveCfg = Release|x86
		{291615C0-059A-46EF-AB93-1C89E68643E1}.Release|x86.Build.0 = Release|x86
		{62DBDDB9-3920-4E32-A18E-014DB5D198A0}.Debug|Any CPU.ActiveCfg = Debug|Any CPU
		{62DBDDB9-3920-4E32-A18E-014DB5D198A0}.Debug|Any CPU.Build.0 = Debug|Any CPU
		{62DBDDB9-3920-4E32-A18E-014DB5D198A0}.Debug|x64.ActiveCfg = Debug|x64
		{62DBDDB9-3920-4E32-A18E-014DB5D198A0}.Debug|x64.Build.0 = Debug|x64
		{62DBDDB9-3920-4E32-A18E-014DB5D198A0}.Debug|x86.ActiveCfg = Debug|x86
		{62DBDDB9-3920-4E32-A18E-014DB5D198A0}.Debug|x86.Build.0 = Debug|x86
		{62DBDDB9-3920-4E32-A18E-014DB5D198A0}.Release|Any CPU.ActiveCfg = Release|Any CPU
		{62DBDDB9-3920-4E32-A18E-014DB5D198A0}.Release|Any CPU.Build.0 = Release|Any CPU
		{62DBDDB9-3920-4E32-A18E-014DB5D198A0}.Release|x64.ActiveCfg = Release|x64
		{62DBDDB9-3920-4E32-A18E-014DB5D198A0}.Release|x64.Build.0 = Release|x64
		{62DBDDB9-3920-4E32-A18E-014DB5D198A0}.Release|x86.ActiveCfg = Release|x86
		{62DBDDB9-3920-4E32-A18E-014DB5D198A0}.Release|x86.Build.0 = Release|x86
		{4F4518B3-6DCC-47CB-BE45-485BBAE827C6}.Debug|Any CPU.ActiveCfg = Debug|Any CPU
		{4F4518B3-6DCC-47CB-BE45-485BBAE827C6}.Debug|Any CPU.Build.0 = Debug|Any CPU
		{4F4518B3-6DCC-47CB-BE45-485BBAE827C6}.Debug|x64.ActiveCfg = Debug|x64
		{4F4518B3-6DCC-47CB-BE45-485BBAE827C6}.Debug|x64.Build.0 = Debug|x64
		{4F4518B3-6DCC-47CB-BE45-485BBAE827C6}.Debug|x86.ActiveCfg = Debug|x86
		{4F4518B3-6DCC-47CB-BE45-485BBAE827C6}.Debug|x86.Build.0 = Debug|x86
		{4F4518B3-6DCC-47CB-BE45-485BBAE827C6}.Release|Any CPU.ActiveCfg = Release|Any CPU
		{4F4518B3-6DCC-47CB-BE45-485BBAE827C6}.Release|Any CPU.Build.0 = Release|Any CPU
		{4F4518B3-6DCC-47CB-BE45-485BBAE827C6}.Release|x64.ActiveCfg = Release|x64
		{4F4518B3-6DCC-47CB-BE45-485BBAE827C6}.Release|x64.Build.0 = Release|x64
		{4F4518B3-6DCC-47CB-BE45-485BBAE827C6}.Release|x86.ActiveCfg = Release|x86
		{4F4518B3-6DCC-47CB-BE45-485BBAE827C6}.Release|x86.Build.0 = Release|x86
		{A2BE3023-DD9B-4945-82D2-5139AAAAEDFF}.Debug|Any CPU.ActiveCfg = Debug|Any CPU
		{A2BE3023-DD9B-4945-82D2-5139AAAAEDFF}.Debug|Any CPU.Build.0 = Debug|Any CPU
		{A2BE3023-DD9B-4945-82D2-5139AAAAEDFF}.Debug|x64.ActiveCfg = Debug|x64
		{A2BE3023-DD9B-4945-82D2-5139AAAAEDFF}.Debug|x64.Build.0 = Debug|x64
		{A2BE3023-DD9B-4945-82D2-5139AAAAEDFF}.Debug|x86.ActiveCfg = Debug|x86
		{A2BE3023-DD9B-4945-82D2-5139AAAAEDFF}.Debug|x86.Build.0 = Debug|x86
		{A2BE3023-DD9B-4945-82D2-5139AAAAEDFF}.Release|Any CPU.ActiveCfg = Release|Any CPU
		{A2BE3023-DD9B-4945-82D2-5139AAAAEDFF}.Release|Any CPU.Build.0 = Release|Any CPU
		{A2BE3023-DD9B-4945-82D2-5139AAAAEDFF}.Release|x64.ActiveCfg = Release|x64
		{A2BE3023-DD9B-4945-82D2-5139AAAAEDFF}.Release|x64.Build.0 = Release|x64
		{A2BE3023-DD9B-4945-82D2-5139AAAAEDFF}.Release|x86.ActiveCfg = Release|x86
		{A2BE3023-DD9B-4945-82D2-5139AAAAEDFF}.Release|x86.Build.0 = Release|x86
		{B0B4D113-0BC9-4BA7-A0C2-55FDC31A4F90}.Debug|Any CPU.ActiveCfg = Debug|Any CPU
		{B0B4D113-0BC9-4BA7-A0C2-55FDC31A4F90}.Debug|Any CPU.Build.0 = Debug|Any CPU
		{B0B4D113-0BC9-4BA7-A0C2-55FDC31A4F90}.Debug|x64.ActiveCfg = Debug|x64
		{B0B4D113-0BC9-4BA7-A0C2-55FDC31A4F90}.Debug|x64.Build.0 = Debug|x64
		{B0B4D113-0BC9-4BA7-A0C2-55FDC31A4F90}.Debug|x86.ActiveCfg = Debug|x86
		{B0B4D113-0BC9-4BA7-A0C2-55FDC31A4F90}.Debug|x86.Build.0 = Debug|x86
		{B0B4D113-0BC9-4BA7-A0C2-55FDC31A4F90}.Release|Any CPU.ActiveCfg = Release|Any CPU
		{B0B4D113-0BC9-4BA7-A0C2-55FDC31A4F90}.Release|Any CPU.Build.0 = Release|Any CPU
		{B0B4D113-0BC9-4BA7-A0C2-55FDC31A4F90}.Release|x64.ActiveCfg = Release|x64
		{B0B4D113-0BC9-4BA7-A0C2-55FDC31A4F90}.Release|x64.Build.0 = Release|x64
		{B0B4D113-0BC9-4BA7-A0C2-55FDC31A4F90}.Release|x86.ActiveCfg = Release|x86
		{B0B4D113-0BC9-4BA7-A0C2-55FDC31A4F90}.Release|x86.Build.0 = Release|x86
		{9CF25705-F130-4225-B9A0-6B70A9DD3C71}.Debug|Any CPU.ActiveCfg = Debug|Any CPU
		{9CF25705-F130-4225-B9A0-6B70A9DD3C71}.Debug|Any CPU.Build.0 = Debug|Any CPU
		{9CF25705-F130-4225-B9A0-6B70A9DD3C71}.Debug|x64.ActiveCfg = Debug|x64
		{9CF25705-F130-4225-B9A0-6B70A9DD3C71}.Debug|x64.Build.0 = Debug|x64
		{9CF25705-F130-4225-B9A0-6B70A9DD3C71}.Debug|x86.ActiveCfg = Debug|x86
		{9CF25705-F130-4225-B9A0-6B70A9DD3C71}.Debug|x86.Build.0 = Debug|x86
		{9CF25705-F130-4225-B9A0-6B70A9DD3C71}.Release|Any CPU.ActiveCfg = Release|Any CPU
		{9CF25705-F130-4225-B9A0-6B70A9DD3C71}.Release|Any CPU.Build.0 = Release|Any CPU
		{9CF25705-F130-4225-B9A0-6B70A9DD3C71}.Release|x64.ActiveCfg = Release|x64
		{9CF25705-F130-4225-B9A0-6B70A9DD3C71}.Release|x64.Build.0 = Release|x64
		{9CF25705-F130-4225-B9A0-6B70A9DD3C71}.Release|x86.ActiveCfg = Release|x86
		{9CF25705-F130-4225-B9A0-6B70A9DD3C71}.Release|x86.Build.0 = Release|x86
		{3C71B70F-39A3-45AA-9779-4FE3A9F4B333}.Debug|Any CPU.ActiveCfg = Debug|Any CPU
		{3C71B70F-39A3-45AA-9779-4FE3A9F4B333}.Debug|Any CPU.Build.0 = Debug|Any CPU
		{3C71B70F-39A3-45AA-9779-4FE3A9F4B333}.Debug|x64.ActiveCfg = Debug|x64
		{3C71B70F-39A3-45AA-9779-4FE3A9F4B333}.Debug|x64.Build.0 = Debug|x64
		{3C71B70F-39A3-45AA-9779-4FE3A9F4B333}.Debug|x86.ActiveCfg = Debug|x86
		{3C71B70F-39A3-45AA-9779-4FE3A9F4B333}.Debug|x86.Build.0 = Debug|x86
		{3C71B70F-39A3-45AA-9779-4FE3A9F4B333}.Release|Any CPU.ActiveCfg = Release|Any CPU
		{3C71B70F-39A3-45AA-9779-4FE3A9F4B333}.Release|Any CPU.Build.0 = Release|Any CPU
		{3C71B70F-39A3-45AA-9779-4FE3A9F4B333}.Release|x64.ActiveCfg = Release|x64
		{3C71B70F-39A3-45AA-9779-4FE3A9F4B333}.Release|x64.Build.0 = Release|x64
		{3C71B70F-39A3-45AA-9779-4FE3A9F4B333}.Release|x86.ActiveCfg = Release|x86
		{3C71B70F-39A3-45AA-9779-4FE3A9F4B333}.Release|x86.Build.0 = Release|x86
		{8D0B790C-C039-4A62-B535-12BBB12E41EE}.Debug|Any CPU.ActiveCfg = Debug|Any CPU
		{8D0B790C-C039-4A62-B535-12BBB12E41EE}.Debug|Any CPU.Build.0 = Debug|Any CPU
		{8D0B790C-C039-4A62-B535-12BBB12E41EE}.Debug|x64.ActiveCfg = Debug|x64
		{8D0B790C-C039-4A62-B535-12BBB12E41EE}.Debug|x64.Build.0 = Debug|x64
		{8D0B790C-C039-4A62-B535-12BBB12E41EE}.Debug|x86.ActiveCfg = Debug|x86
		{8D0B790C-C039-4A62-B535-12BBB12E41EE}.Debug|x86.Build.0 = Debug|x86
		{8D0B790C-C039-4A62-B535-12BBB12E41EE}.Release|Any CPU.ActiveCfg = Release|Any CPU
		{8D0B790C-C039-4A62-B535-12BBB12E41EE}.Release|Any CPU.Build.0 = Release|Any CPU
		{8D0B790C-C039-4A62-B535-12BBB12E41EE}.Release|x64.ActiveCfg = Release|x64
		{8D0B790C-C039-4A62-B535-12BBB12E41EE}.Release|x64.Build.0 = Release|x64
		{8D0B790C-C039-4A62-B535-12BBB12E41EE}.Release|x86.ActiveCfg = Release|x86
		{8D0B790C-C039-4A62-B535-12BBB12E41EE}.Release|x86.Build.0 = Release|x86
		{4A739A21-39DF-45D4-AE52-7F91577A5FA2}.Debug|Any CPU.ActiveCfg = Debug|Any CPU
		{4A739A21-39DF-45D4-AE52-7F91577A5FA2}.Debug|Any CPU.Build.0 = Debug|Any CPU
		{4A739A21-39DF-45D4-AE52-7F91577A5FA2}.Debug|x64.ActiveCfg = Debug|x64
		{4A739A21-39DF-45D4-AE52-7F91577A5FA2}.Debug|x64.Build.0 = Debug|x64
		{4A739A21-39DF-45D4-AE52-7F91577A5FA2}.Debug|x86.ActiveCfg = Debug|x86
		{4A739A21-39DF-45D4-AE52-7F91577A5FA2}.Debug|x86.Build.0 = Debug|x86
		{4A739A21-39DF-45D4-AE52-7F91577A5FA2}.Release|Any CPU.ActiveCfg = Release|Any CPU
		{4A739A21-39DF-45D4-AE52-7F91577A5FA2}.Release|Any CPU.Build.0 = Release|Any CPU
		{4A739A21-39DF-45D4-AE52-7F91577A5FA2}.Release|x64.ActiveCfg = Release|x64
		{4A739A21-39DF-45D4-AE52-7F91577A5FA2}.Release|x64.Build.0 = Release|x64
		{4A739A21-39DF-45D4-AE52-7F91577A5FA2}.Release|x86.ActiveCfg = Release|x86
		{4A739A21-39DF-45D4-AE52-7F91577A5FA2}.Release|x86.Build.0 = Release|x86
		{EB180321-7560-4F46-9717-346275163D1B}.Debug|Any CPU.ActiveCfg = Debug|Any CPU
		{EB180321-7560-4F46-9717-346275163D1B}.Debug|Any CPU.Build.0 = Debug|Any CPU
		{EB180321-7560-4F46-9717-346275163D1B}.Debug|x64.ActiveCfg = Debug|x64
		{EB180321-7560-4F46-9717-346275163D1B}.Debug|x64.Build.0 = Debug|x64
		{EB180321-7560-4F46-9717-346275163D1B}.Debug|x86.ActiveCfg = Debug|x86
		{EB180321-7560-4F46-9717-346275163D1B}.Debug|x86.Build.0 = Debug|x86
		{EB180321-7560-4F46-9717-346275163D1B}.Release|Any CPU.ActiveCfg = Release|Any CPU
		{EB180321-7560-4F46-9717-346275163D1B}.Release|Any CPU.Build.0 = Release|Any CPU
		{EB180321-7560-4F46-9717-346275163D1B}.Release|x64.ActiveCfg = Release|x64
		{EB180321-7560-4F46-9717-346275163D1B}.Release|x64.Build.0 = Release|x64
		{EB180321-7560-4F46-9717-346275163D1B}.Release|x86.ActiveCfg = Release|x86
		{EB180321-7560-4F46-9717-346275163D1B}.Release|x86.Build.0 = Release|x86
		{8B8BD8CD-2B4F-495E-97A8-21128B54DAF4}.Debug|Any CPU.ActiveCfg = Debug|Any CPU
		{8B8BD8CD-2B4F-495E-97A8-21128B54DAF4}.Debug|Any CPU.Build.0 = Debug|Any CPU
		{8B8BD8CD-2B4F-495E-97A8-21128B54DAF4}.Debug|x64.ActiveCfg = Debug|x64
		{8B8BD8CD-2B4F-495E-97A8-21128B54DAF4}.Debug|x64.Build.0 = Debug|x64
		{8B8BD8CD-2B4F-495E-97A8-21128B54DAF4}.Debug|x86.ActiveCfg = Debug|x86
		{8B8BD8CD-2B4F-495E-97A8-21128B54DAF4}.Debug|x86.Build.0 = Debug|x86
		{8B8BD8CD-2B4F-495E-97A8-21128B54DAF4}.Release|Any CPU.ActiveCfg = Release|Any CPU
		{8B8BD8CD-2B4F-495E-97A8-21128B54DAF4}.Release|Any CPU.Build.0 = Release|Any CPU
		{8B8BD8CD-2B4F-495E-97A8-21128B54DAF4}.Release|x64.ActiveCfg = Release|x64
		{8B8BD8CD-2B4F-495E-97A8-21128B54DAF4}.Release|x64.Build.0 = Release|x64
		{8B8BD8CD-2B4F-495E-97A8-21128B54DAF4}.Release|x86.ActiveCfg = Release|x86
		{8B8BD8CD-2B4F-495E-97A8-21128B54DAF4}.Release|x86.Build.0 = Release|x86
		{B94A03BB-5818-423A-9AF0-ECC9322C17C0}.Debug|Any CPU.ActiveCfg = Debug|Any CPU
		{B94A03BB-5818-423A-9AF0-ECC9322C17C0}.Debug|Any CPU.Build.0 = Debug|Any CPU
		{B94A03BB-5818-423A-9AF0-ECC9322C17C0}.Debug|x64.ActiveCfg = Debug|x64
		{B94A03BB-5818-423A-9AF0-ECC9322C17C0}.Debug|x64.Build.0 = Debug|x64
		{B94A03BB-5818-423A-9AF0-ECC9322C17C0}.Debug|x86.ActiveCfg = Debug|x86
		{B94A03BB-5818-423A-9AF0-ECC9322C17C0}.Debug|x86.Build.0 = Debug|x86
		{B94A03BB-5818-423A-9AF0-ECC9322C17C0}.Release|Any CPU.ActiveCfg = Release|Any CPU
		{B94A03BB-5818-423A-9AF0-ECC9322C17C0}.Release|Any CPU.Build.0 = Release|Any CPU
		{B94A03BB-5818-423A-9AF0-ECC9322C17C0}.Release|x64.ActiveCfg = Release|x64
		{B94A03BB-5818-423A-9AF0-ECC9322C17C0}.Release|x64.Build.0 = Release|x64
		{B94A03BB-5818-423A-9AF0-ECC9322C17C0}.Release|x86.ActiveCfg = Release|x86
		{B94A03BB-5818-423A-9AF0-ECC9322C17C0}.Release|x86.Build.0 = Release|x86
		{E88493F2-5792-4CBC-8CDC-4FCA699B58E4}.Debug|Any CPU.ActiveCfg = Debug|Any CPU
		{E88493F2-5792-4CBC-8CDC-4FCA699B58E4}.Debug|Any CPU.Build.0 = Debug|Any CPU
		{E88493F2-5792-4CBC-8CDC-4FCA699B58E4}.Debug|x64.ActiveCfg = Debug|x64
		{E88493F2-5792-4CBC-8CDC-4FCA699B58E4}.Debug|x64.Build.0 = Debug|x64
		{E88493F2-5792-4CBC-8CDC-4FCA699B58E4}.Debug|x86.ActiveCfg = Debug|x86
		{E88493F2-5792-4CBC-8CDC-4FCA699B58E4}.Debug|x86.Build.0 = Debug|x86
		{E88493F2-5792-4CBC-8CDC-4FCA699B58E4}.Release|Any CPU.ActiveCfg = Release|Any CPU
		{E88493F2-5792-4CBC-8CDC-4FCA699B58E4}.Release|Any CPU.Build.0 = Release|Any CPU
		{E88493F2-5792-4CBC-8CDC-4FCA699B58E4}.Release|x64.ActiveCfg = Release|x64
		{E88493F2-5792-4CBC-8CDC-4FCA699B58E4}.Release|x64.Build.0 = Release|x64
		{E88493F2-5792-4CBC-8CDC-4FCA699B58E4}.Release|x86.ActiveCfg = Release|x86
		{E88493F2-5792-4CBC-8CDC-4FCA699B58E4}.Release|x86.Build.0 = Release|x86
		{86386C4D-1ECA-4B9A-83D9-55E2F85B5678}.Debug|Any CPU.ActiveCfg = Debug|Any CPU
		{86386C4D-1ECA-4B9A-83D9-55E2F85B5678}.Debug|Any CPU.Build.0 = Debug|Any CPU
		{86386C4D-1ECA-4B9A-83D9-55E2F85B5678}.Debug|x64.ActiveCfg = Debug|x64
		{86386C4D-1ECA-4B9A-83D9-55E2F85B5678}.Debug|x64.Build.0 = Debug|x64
		{86386C4D-1ECA-4B9A-83D9-55E2F85B5678}.Debug|x86.ActiveCfg = Debug|x86
		{86386C4D-1ECA-4B9A-83D9-55E2F85B5678}.Debug|x86.Build.0 = Debug|x86
		{86386C4D-1ECA-4B9A-83D9-55E2F85B5678}.Release|Any CPU.ActiveCfg = Release|Any CPU
		{86386C4D-1ECA-4B9A-83D9-55E2F85B5678}.Release|Any CPU.Build.0 = Release|Any CPU
		{86386C4D-1ECA-4B9A-83D9-55E2F85B5678}.Release|x64.ActiveCfg = Release|x64
		{86386C4D-1ECA-4B9A-83D9-55E2F85B5678}.Release|x64.Build.0 = Release|x64
		{86386C4D-1ECA-4B9A-83D9-55E2F85B5678}.Release|x86.ActiveCfg = Release|x86
		{86386C4D-1ECA-4B9A-83D9-55E2F85B5678}.Release|x86.Build.0 = Release|x86
		{3352A62F-3B10-40A1-B2ED-5D649C95D011}.Debug|Any CPU.ActiveCfg = Debug|Any CPU
		{3352A62F-3B10-40A1-B2ED-5D649C95D011}.Debug|Any CPU.Build.0 = Debug|Any CPU
		{3352A62F-3B10-40A1-B2ED-5D649C95D011}.Debug|x64.ActiveCfg = Debug|x64
		{3352A62F-3B10-40A1-B2ED-5D649C95D011}.Debug|x64.Build.0 = Debug|x64
		{3352A62F-3B10-40A1-B2ED-5D649C95D011}.Debug|x86.ActiveCfg = Debug|x86
		{3352A62F-3B10-40A1-B2ED-5D649C95D011}.Debug|x86.Build.0 = Debug|x86
		{3352A62F-3B10-40A1-B2ED-5D649C95D011}.Release|Any CPU.ActiveCfg = Release|Any CPU
		{3352A62F-3B10-40A1-B2ED-5D649C95D011}.Release|Any CPU.Build.0 = Release|Any CPU
		{3352A62F-3B10-40A1-B2ED-5D649C95D011}.Release|x64.ActiveCfg = Release|x64
		{3352A62F-3B10-40A1-B2ED-5D649C95D011}.Release|x64.Build.0 = Release|x64
		{3352A62F-3B10-40A1-B2ED-5D649C95D011}.Release|x86.ActiveCfg = Release|x86
		{3352A62F-3B10-40A1-B2ED-5D649C95D011}.Release|x86.Build.0 = Release|x86
		{98A14F8C-AA8D-4D2C-A85B-454C6ECAAC29}.Debug|Any CPU.ActiveCfg = Debug|Any CPU
		{98A14F8C-AA8D-4D2C-A85B-454C6ECAAC29}.Debug|Any CPU.Build.0 = Debug|Any CPU
		{98A14F8C-AA8D-4D2C-A85B-454C6ECAAC29}.Debug|x64.ActiveCfg = Debug|x64
		{98A14F8C-AA8D-4D2C-A85B-454C6ECAAC29}.Debug|x64.Build.0 = Debug|x64
		{98A14F8C-AA8D-4D2C-A85B-454C6ECAAC29}.Debug|x86.ActiveCfg = Debug|x86
		{98A14F8C-AA8D-4D2C-A85B-454C6ECAAC29}.Debug|x86.Build.0 = Debug|x86
		{98A14F8C-AA8D-4D2C-A85B-454C6ECAAC29}.Release|Any CPU.ActiveCfg = Release|Any CPU
		{98A14F8C-AA8D-4D2C-A85B-454C6ECAAC29}.Release|Any CPU.Build.0 = Release|Any CPU
		{98A14F8C-AA8D-4D2C-A85B-454C6ECAAC29}.Release|x64.ActiveCfg = Release|x64
		{98A14F8C-AA8D-4D2C-A85B-454C6ECAAC29}.Release|x64.Build.0 = Release|x64
		{98A14F8C-AA8D-4D2C-A85B-454C6ECAAC29}.Release|x86.ActiveCfg = Release|x86
		{98A14F8C-AA8D-4D2C-A85B-454C6ECAAC29}.Release|x86.Build.0 = Release|x86
		{7B7EBC44-F7D8-4838-89B8-8475C077651C}.Debug|Any CPU.ActiveCfg = Debug|Any CPU
		{7B7EBC44-F7D8-4838-89B8-8475C077651C}.Debug|Any CPU.Build.0 = Debug|Any CPU
		{7B7EBC44-F7D8-4838-89B8-8475C077651C}.Debug|x64.ActiveCfg = Debug|x64
		{7B7EBC44-F7D8-4838-89B8-8475C077651C}.Debug|x64.Build.0 = Debug|x64
		{7B7EBC44-F7D8-4838-89B8-8475C077651C}.Debug|x86.ActiveCfg = Debug|x86
		{7B7EBC44-F7D8-4838-89B8-8475C077651C}.Debug|x86.Build.0 = Debug|x86
		{7B7EBC44-F7D8-4838-89B8-8475C077651C}.Release|Any CPU.ActiveCfg = Release|Any CPU
		{7B7EBC44-F7D8-4838-89B8-8475C077651C}.Release|Any CPU.Build.0 = Release|Any CPU
		{7B7EBC44-F7D8-4838-89B8-8475C077651C}.Release|x64.ActiveCfg = Release|x64
		{7B7EBC44-F7D8-4838-89B8-8475C077651C}.Release|x64.Build.0 = Release|x64
		{7B7EBC44-F7D8-4838-89B8-8475C077651C}.Release|x86.ActiveCfg = Release|x86
		{7B7EBC44-F7D8-4838-89B8-8475C077651C}.Release|x86.Build.0 = Release|x86
		{91EDC625-A55B-477C-A56A-2BF81F7AE7C5}.Debug|Any CPU.ActiveCfg = Debug|Any CPU
		{91EDC625-A55B-477C-A56A-2BF81F7AE7C5}.Debug|Any CPU.Build.0 = Debug|Any CPU
		{91EDC625-A55B-477C-A56A-2BF81F7AE7C5}.Debug|x64.ActiveCfg = Debug|x64
		{91EDC625-A55B-477C-A56A-2BF81F7AE7C5}.Debug|x64.Build.0 = Debug|x64
		{91EDC625-A55B-477C-A56A-2BF81F7AE7C5}.Debug|x86.ActiveCfg = Debug|x86
		{91EDC625-A55B-477C-A56A-2BF81F7AE7C5}.Debug|x86.Build.0 = Debug|x86
		{91EDC625-A55B-477C-A56A-2BF81F7AE7C5}.Release|Any CPU.ActiveCfg = Release|Any CPU
		{91EDC625-A55B-477C-A56A-2BF81F7AE7C5}.Release|Any CPU.Build.0 = Release|Any CPU
		{91EDC625-A55B-477C-A56A-2BF81F7AE7C5}.Release|x64.ActiveCfg = Release|x64
		{91EDC625-A55B-477C-A56A-2BF81F7AE7C5}.Release|x64.Build.0 = Release|x64
		{91EDC625-A55B-477C-A56A-2BF81F7AE7C5}.Release|x86.ActiveCfg = Release|x86
		{91EDC625-A55B-477C-A56A-2BF81F7AE7C5}.Release|x86.Build.0 = Release|x86
		{355095C7-8278-4A90-903A-11F7211EE2B6}.Debug|Any CPU.ActiveCfg = Debug|Any CPU
		{355095C7-8278-4A90-903A-11F7211EE2B6}.Debug|Any CPU.Build.0 = Debug|Any CPU
		{355095C7-8278-4A90-903A-11F7211EE2B6}.Debug|x64.ActiveCfg = Debug|x64
		{355095C7-8278-4A90-903A-11F7211EE2B6}.Debug|x64.Build.0 = Debug|x64
		{355095C7-8278-4A90-903A-11F7211EE2B6}.Debug|x86.ActiveCfg = Debug|x86
		{355095C7-8278-4A90-903A-11F7211EE2B6}.Debug|x86.Build.0 = Debug|x86
		{355095C7-8278-4A90-903A-11F7211EE2B6}.Release|Any CPU.ActiveCfg = Release|Any CPU
		{355095C7-8278-4A90-903A-11F7211EE2B6}.Release|Any CPU.Build.0 = Release|Any CPU
		{355095C7-8278-4A90-903A-11F7211EE2B6}.Release|x64.ActiveCfg = Release|x64
		{355095C7-8278-4A90-903A-11F7211EE2B6}.Release|x64.Build.0 = Release|x64
		{355095C7-8278-4A90-903A-11F7211EE2B6}.Release|x86.ActiveCfg = Release|x86
		{355095C7-8278-4A90-903A-11F7211EE2B6}.Release|x86.Build.0 = Release|x86
		{126FD82F-3310-419A-A7E6-4A85A807EDC5}.Debug|Any CPU.ActiveCfg = Debug|Any CPU
		{126FD82F-3310-419A-A7E6-4A85A807EDC5}.Debug|Any CPU.Build.0 = Debug|Any CPU
		{126FD82F-3310-419A-A7E6-4A85A807EDC5}.Debug|x64.ActiveCfg = Debug|x64
		{126FD82F-3310-419A-A7E6-4A85A807EDC5}.Debug|x64.Build.0 = Debug|x64
		{126FD82F-3310-419A-A7E6-4A85A807EDC5}.Debug|x86.ActiveCfg = Debug|x86
		{126FD82F-3310-419A-A7E6-4A85A807EDC5}.Debug|x86.Build.0 = Debug|x86
		{126FD82F-3310-419A-A7E6-4A85A807EDC5}.Release|Any CPU.ActiveCfg = Release|Any CPU
		{126FD82F-3310-419A-A7E6-4A85A807EDC5}.Release|Any CPU.Build.0 = Release|Any CPU
		{126FD82F-3310-419A-A7E6-4A85A807EDC5}.Release|x64.ActiveCfg = Release|x64
		{126FD82F-3310-419A-A7E6-4A85A807EDC5}.Release|x64.Build.0 = Release|x64
		{126FD82F-3310-419A-A7E6-4A85A807EDC5}.Release|x86.ActiveCfg = Release|x86
		{126FD82F-3310-419A-A7E6-4A85A807EDC5}.Release|x86.Build.0 = Release|x86
		{65E4710A-54C1-4784-83E1-E8D2D2B616EA}.Debug|Any CPU.ActiveCfg = Debug|Any CPU
		{65E4710A-54C1-4784-83E1-E8D2D2B616EA}.Debug|Any CPU.Build.0 = Debug|Any CPU
		{65E4710A-54C1-4784-83E1-E8D2D2B616EA}.Debug|x64.ActiveCfg = Debug|x64
		{65E4710A-54C1-4784-83E1-E8D2D2B616EA}.Debug|x64.Build.0 = Debug|x64
		{65E4710A-54C1-4784-83E1-E8D2D2B616EA}.Debug|x86.ActiveCfg = Debug|x86
		{65E4710A-54C1-4784-83E1-E8D2D2B616EA}.Debug|x86.Build.0 = Debug|x86
		{65E4710A-54C1-4784-83E1-E8D2D2B616EA}.Release|Any CPU.ActiveCfg = Release|Any CPU
		{65E4710A-54C1-4784-83E1-E8D2D2B616EA}.Release|Any CPU.Build.0 = Release|Any CPU
		{65E4710A-54C1-4784-83E1-E8D2D2B616EA}.Release|x64.ActiveCfg = Release|x64
		{65E4710A-54C1-4784-83E1-E8D2D2B616EA}.Release|x64.Build.0 = Release|x64
		{65E4710A-54C1-4784-83E1-E8D2D2B616EA}.Release|x86.ActiveCfg = Release|x86
		{65E4710A-54C1-4784-83E1-E8D2D2B616EA}.Release|x86.Build.0 = Release|x86
		{FF3E1356-EC2F-4F1A-B65A-AE11D0F2C6F3}.Debug|Any CPU.ActiveCfg = Debug|Any CPU
		{FF3E1356-EC2F-4F1A-B65A-AE11D0F2C6F3}.Debug|Any CPU.Build.0 = Debug|Any CPU
		{FF3E1356-EC2F-4F1A-B65A-AE11D0F2C6F3}.Debug|x64.ActiveCfg = Debug|x64
		{FF3E1356-EC2F-4F1A-B65A-AE11D0F2C6F3}.Debug|x64.Build.0 = Debug|x64
		{FF3E1356-EC2F-4F1A-B65A-AE11D0F2C6F3}.Debug|x86.ActiveCfg = Debug|x86
		{FF3E1356-EC2F-4F1A-B65A-AE11D0F2C6F3}.Debug|x86.Build.0 = Debug|x86
		{FF3E1356-EC2F-4F1A-B65A-AE11D0F2C6F3}.Release|Any CPU.ActiveCfg = Release|Any CPU
		{FF3E1356-EC2F-4F1A-B65A-AE11D0F2C6F3}.Release|Any CPU.Build.0 = Release|Any CPU
		{FF3E1356-EC2F-4F1A-B65A-AE11D0F2C6F3}.Release|x64.ActiveCfg = Release|x64
		{FF3E1356-EC2F-4F1A-B65A-AE11D0F2C6F3}.Release|x64.Build.0 = Release|x64
		{FF3E1356-EC2F-4F1A-B65A-AE11D0F2C6F3}.Release|x86.ActiveCfg = Release|x86
		{FF3E1356-EC2F-4F1A-B65A-AE11D0F2C6F3}.Release|x86.Build.0 = Release|x86
		{0F082F27-FFEA-4C87-84CC-3BE3AB76187D}.Debug|Any CPU.ActiveCfg = Debug|Any CPU
		{0F082F27-FFEA-4C87-84CC-3BE3AB76187D}.Debug|Any CPU.Build.0 = Debug|Any CPU
		{0F082F27-FFEA-4C87-84CC-3BE3AB76187D}.Debug|x64.ActiveCfg = Debug|x64
		{0F082F27-FFEA-4C87-84CC-3BE3AB76187D}.Debug|x64.Build.0 = Debug|x64
		{0F082F27-FFEA-4C87-84CC-3BE3AB76187D}.Debug|x86.ActiveCfg = Debug|x86
		{0F082F27-FFEA-4C87-84CC-3BE3AB76187D}.Debug|x86.Build.0 = Debug|x86
		{0F082F27-FFEA-4C87-84CC-3BE3AB76187D}.Release|Any CPU.ActiveCfg = Release|Any CPU
		{0F082F27-FFEA-4C87-84CC-3BE3AB76187D}.Release|Any CPU.Build.0 = Release|Any CPU
		{0F082F27-FFEA-4C87-84CC-3BE3AB76187D}.Release|x64.ActiveCfg = Release|x64
		{0F082F27-FFEA-4C87-84CC-3BE3AB76187D}.Release|x64.Build.0 = Release|x64
		{0F082F27-FFEA-4C87-84CC-3BE3AB76187D}.Release|x86.ActiveCfg = Release|x86
		{0F082F27-FFEA-4C87-84CC-3BE3AB76187D}.Release|x86.Build.0 = Release|x86
		{6D5D9A1A-ADEF-434E-82D9-C6FBB3124410}.Debug|Any CPU.ActiveCfg = Debug|Any CPU
		{6D5D9A1A-ADEF-434E-82D9-C6FBB3124410}.Debug|Any CPU.Build.0 = Debug|Any CPU
		{6D5D9A1A-ADEF-434E-82D9-C6FBB3124410}.Debug|x64.ActiveCfg = Debug|x64
		{6D5D9A1A-ADEF-434E-82D9-C6FBB3124410}.Debug|x64.Build.0 = Debug|x64
		{6D5D9A1A-ADEF-434E-82D9-C6FBB3124410}.Debug|x86.ActiveCfg = Debug|x86
		{6D5D9A1A-ADEF-434E-82D9-C6FBB3124410}.Debug|x86.Build.0 = Debug|x86
		{6D5D9A1A-ADEF-434E-82D9-C6FBB3124410}.Release|Any CPU.ActiveCfg = Release|Any CPU
		{6D5D9A1A-ADEF-434E-82D9-C6FBB3124410}.Release|Any CPU.Build.0 = Release|Any CPU
		{6D5D9A1A-ADEF-434E-82D9-C6FBB3124410}.Release|x64.ActiveCfg = Release|x64
		{6D5D9A1A-ADEF-434E-82D9-C6FBB3124410}.Release|x64.Build.0 = Release|x64
		{6D5D9A1A-ADEF-434E-82D9-C6FBB3124410}.Release|x86.ActiveCfg = Release|x86
		{6D5D9A1A-ADEF-434E-82D9-C6FBB3124410}.Release|x86.Build.0 = Release|x86
		{0E92FB0B-2583-4A10-9C5F-1F66CDD786BD}.Debug|Any CPU.ActiveCfg = Debug|Any CPU
		{0E92FB0B-2583-4A10-9C5F-1F66CDD786BD}.Debug|Any CPU.Build.0 = Debug|Any CPU
		{0E92FB0B-2583-4A10-9C5F-1F66CDD786BD}.Debug|x64.ActiveCfg = Debug|x64
		{0E92FB0B-2583-4A10-9C5F-1F66CDD786BD}.Debug|x64.Build.0 = Debug|x64
		{0E92FB0B-2583-4A10-9C5F-1F66CDD786BD}.Debug|x86.ActiveCfg = Debug|x86
		{0E92FB0B-2583-4A10-9C5F-1F66CDD786BD}.Debug|x86.Build.0 = Debug|x86
		{0E92FB0B-2583-4A10-9C5F-1F66CDD786BD}.Release|Any CPU.ActiveCfg = Release|Any CPU
		{0E92FB0B-2583-4A10-9C5F-1F66CDD786BD}.Release|Any CPU.Build.0 = Release|Any CPU
		{0E92FB0B-2583-4A10-9C5F-1F66CDD786BD}.Release|x64.ActiveCfg = Release|x64
		{0E92FB0B-2583-4A10-9C5F-1F66CDD786BD}.Release|x64.Build.0 = Release|x64
		{0E92FB0B-2583-4A10-9C5F-1F66CDD786BD}.Release|x86.ActiveCfg = Release|x86
		{0E92FB0B-2583-4A10-9C5F-1F66CDD786BD}.Release|x86.Build.0 = Release|x86
		{DA29CF24-FEDC-4893-896C-EB010EB410F4}.Debug|Any CPU.ActiveCfg = Debug|Any CPU
		{DA29CF24-FEDC-4893-896C-EB010EB410F4}.Debug|Any CPU.Build.0 = Debug|Any CPU
		{DA29CF24-FEDC-4893-896C-EB010EB410F4}.Debug|x64.ActiveCfg = Debug|x64
		{DA29CF24-FEDC-4893-896C-EB010EB410F4}.Debug|x64.Build.0 = Debug|x64
		{DA29CF24-FEDC-4893-896C-EB010EB410F4}.Debug|x86.ActiveCfg = Debug|x86
		{DA29CF24-FEDC-4893-896C-EB010EB410F4}.Debug|x86.Build.0 = Debug|x86
		{DA29CF24-FEDC-4893-896C-EB010EB410F4}.Release|Any CPU.ActiveCfg = Release|Any CPU
		{DA29CF24-FEDC-4893-896C-EB010EB410F4}.Release|Any CPU.Build.0 = Release|Any CPU
		{DA29CF24-FEDC-4893-896C-EB010EB410F4}.Release|x64.ActiveCfg = Release|x64
		{DA29CF24-FEDC-4893-896C-EB010EB410F4}.Release|x64.Build.0 = Release|x64
		{DA29CF24-FEDC-4893-896C-EB010EB410F4}.Release|x86.ActiveCfg = Release|x86
		{DA29CF24-FEDC-4893-896C-EB010EB410F4}.Release|x86.Build.0 = Release|x86
		{ED6DF5B6-0926-42BF-92BA-DC73F92AA2C9}.Debug|Any CPU.ActiveCfg = Debug|Any CPU
		{ED6DF5B6-0926-42BF-92BA-DC73F92AA2C9}.Debug|Any CPU.Build.0 = Debug|Any CPU
		{ED6DF5B6-0926-42BF-92BA-DC73F92AA2C9}.Debug|x64.ActiveCfg = Debug|x64
		{ED6DF5B6-0926-42BF-92BA-DC73F92AA2C9}.Debug|x64.Build.0 = Debug|x64
		{ED6DF5B6-0926-42BF-92BA-DC73F92AA2C9}.Debug|x86.ActiveCfg = Debug|x86
		{ED6DF5B6-0926-42BF-92BA-DC73F92AA2C9}.Debug|x86.Build.0 = Debug|x86
		{ED6DF5B6-0926-42BF-92BA-DC73F92AA2C9}.Release|Any CPU.ActiveCfg = Release|Any CPU
		{ED6DF5B6-0926-42BF-92BA-DC73F92AA2C9}.Release|Any CPU.Build.0 = Release|Any CPU
		{ED6DF5B6-0926-42BF-92BA-DC73F92AA2C9}.Release|x64.ActiveCfg = Release|x64
		{ED6DF5B6-0926-42BF-92BA-DC73F92AA2C9}.Release|x64.Build.0 = Release|x64
		{ED6DF5B6-0926-42BF-92BA-DC73F92AA2C9}.Release|x86.ActiveCfg = Release|x86
		{ED6DF5B6-0926-42BF-92BA-DC73F92AA2C9}.Release|x86.Build.0 = Release|x86
		{68FFF97B-AD2A-4EF4-B4A3-37A0F77B7272}.Debug|Any CPU.ActiveCfg = Debug|Any CPU
		{68FFF97B-AD2A-4EF4-B4A3-37A0F77B7272}.Debug|Any CPU.Build.0 = Debug|Any CPU
		{68FFF97B-AD2A-4EF4-B4A3-37A0F77B7272}.Debug|x64.ActiveCfg = Debug|x64
		{68FFF97B-AD2A-4EF4-B4A3-37A0F77B7272}.Debug|x64.Build.0 = Debug|x64
		{68FFF97B-AD2A-4EF4-B4A3-37A0F77B7272}.Debug|x86.ActiveCfg = Debug|x86
		{68FFF97B-AD2A-4EF4-B4A3-37A0F77B7272}.Debug|x86.Build.0 = Debug|x86
		{68FFF97B-AD2A-4EF4-B4A3-37A0F77B7272}.Release|Any CPU.ActiveCfg = Release|Any CPU
		{68FFF97B-AD2A-4EF4-B4A3-37A0F77B7272}.Release|Any CPU.Build.0 = Release|Any CPU
		{68FFF97B-AD2A-4EF4-B4A3-37A0F77B7272}.Release|x64.ActiveCfg = Release|x64
		{68FFF97B-AD2A-4EF4-B4A3-37A0F77B7272}.Release|x64.Build.0 = Release|x64
		{68FFF97B-AD2A-4EF4-B4A3-37A0F77B7272}.Release|x86.ActiveCfg = Release|x86
		{68FFF97B-AD2A-4EF4-B4A3-37A0F77B7272}.Release|x86.Build.0 = Release|x86
		{3A47E0C3-3101-47C4-A545-553C906C5704}.Debug|Any CPU.ActiveCfg = Debug|Any CPU
		{3A47E0C3-3101-47C4-A545-553C906C5704}.Debug|Any CPU.Build.0 = Debug|Any CPU
		{3A47E0C3-3101-47C4-A545-553C906C5704}.Debug|x64.ActiveCfg = Debug|x64
		{3A47E0C3-3101-47C4-A545-553C906C5704}.Debug|x64.Build.0 = Debug|x64
		{3A47E0C3-3101-47C4-A545-553C906C5704}.Debug|x86.ActiveCfg = Debug|x86
		{3A47E0C3-3101-47C4-A545-553C906C5704}.Debug|x86.Build.0 = Debug|x86
		{3A47E0C3-3101-47C4-A545-553C906C5704}.Release|Any CPU.ActiveCfg = Release|Any CPU
		{3A47E0C3-3101-47C4-A545-553C906C5704}.Release|Any CPU.Build.0 = Release|Any CPU
		{3A47E0C3-3101-47C4-A545-553C906C5704}.Release|x64.ActiveCfg = Release|x64
		{3A47E0C3-3101-47C4-A545-553C906C5704}.Release|x64.Build.0 = Release|x64
		{3A47E0C3-3101-47C4-A545-553C906C5704}.Release|x86.ActiveCfg = Release|x86
		{3A47E0C3-3101-47C4-A545-553C906C5704}.Release|x86.Build.0 = Release|x86
		{E4AFB184-BC22-4604-9835-EAE653E3E43A}.Debug|Any CPU.ActiveCfg = Debug|Any CPU
		{E4AFB184-BC22-4604-9835-EAE653E3E43A}.Debug|Any CPU.Build.0 = Debug|Any CPU
		{E4AFB184-BC22-4604-9835-EAE653E3E43A}.Debug|x64.ActiveCfg = Debug|x64
		{E4AFB184-BC22-4604-9835-EAE653E3E43A}.Debug|x64.Build.0 = Debug|x64
		{E4AFB184-BC22-4604-9835-EAE653E3E43A}.Debug|x86.ActiveCfg = Debug|x86
		{E4AFB184-BC22-4604-9835-EAE653E3E43A}.Debug|x86.Build.0 = Debug|x86
		{E4AFB184-BC22-4604-9835-EAE653E3E43A}.Release|Any CPU.ActiveCfg = Release|Any CPU
		{E4AFB184-BC22-4604-9835-EAE653E3E43A}.Release|Any CPU.Build.0 = Release|Any CPU
		{E4AFB184-BC22-4604-9835-EAE653E3E43A}.Release|x64.ActiveCfg = Release|x64
		{E4AFB184-BC22-4604-9835-EAE653E3E43A}.Release|x64.Build.0 = Release|x64
		{E4AFB184-BC22-4604-9835-EAE653E3E43A}.Release|x86.ActiveCfg = Release|x86
		{E4AFB184-BC22-4604-9835-EAE653E3E43A}.Release|x86.Build.0 = Release|x86
		{E8421F04-D501-4301-B621-2F6B2A422928}.Debug|Any CPU.ActiveCfg = Debug|Any CPU
		{E8421F04-D501-4301-B621-2F6B2A422928}.Debug|Any CPU.Build.0 = Debug|Any CPU
		{E8421F04-D501-4301-B621-2F6B2A422928}.Debug|x64.ActiveCfg = Debug|x64
		{E8421F04-D501-4301-B621-2F6B2A422928}.Debug|x64.Build.0 = Debug|x64
		{E8421F04-D501-4301-B621-2F6B2A422928}.Debug|x86.ActiveCfg = Debug|x86
		{E8421F04-D501-4301-B621-2F6B2A422928}.Debug|x86.Build.0 = Debug|x86
		{E8421F04-D501-4301-B621-2F6B2A422928}.Release|Any CPU.ActiveCfg = Release|Any CPU
		{E8421F04-D501-4301-B621-2F6B2A422928}.Release|Any CPU.Build.0 = Release|Any CPU
		{E8421F04-D501-4301-B621-2F6B2A422928}.Release|x64.ActiveCfg = Release|x64
		{E8421F04-D501-4301-B621-2F6B2A422928}.Release|x64.Build.0 = Release|x64
		{E8421F04-D501-4301-B621-2F6B2A422928}.Release|x86.ActiveCfg = Release|x86
		{E8421F04-D501-4301-B621-2F6B2A422928}.Release|x86.Build.0 = Release|x86
		{B5B4FDF9-EC7D-4A2B-AA43-2D82A7C462E9}.Debug|Any CPU.ActiveCfg = Debug|Any CPU
		{B5B4FDF9-EC7D-4A2B-AA43-2D82A7C462E9}.Debug|Any CPU.Build.0 = Debug|Any CPU
		{B5B4FDF9-EC7D-4A2B-AA43-2D82A7C462E9}.Debug|x64.ActiveCfg = Debug|x64
		{B5B4FDF9-EC7D-4A2B-AA43-2D82A7C462E9}.Debug|x64.Build.0 = Debug|x64
		{B5B4FDF9-EC7D-4A2B-AA43-2D82A7C462E9}.Debug|x86.ActiveCfg = Debug|x86
		{B5B4FDF9-EC7D-4A2B-AA43-2D82A7C462E9}.Debug|x86.Build.0 = Debug|x86
		{B5B4FDF9-EC7D-4A2B-AA43-2D82A7C462E9}.Release|Any CPU.ActiveCfg = Release|Any CPU
		{B5B4FDF9-EC7D-4A2B-AA43-2D82A7C462E9}.Release|Any CPU.Build.0 = Release|Any CPU
		{B5B4FDF9-EC7D-4A2B-AA43-2D82A7C462E9}.Release|x64.ActiveCfg = Release|x64
		{B5B4FDF9-EC7D-4A2B-AA43-2D82A7C462E9}.Release|x64.Build.0 = Release|x64
		{B5B4FDF9-EC7D-4A2B-AA43-2D82A7C462E9}.Release|x86.ActiveCfg = Release|x86
		{B5B4FDF9-EC7D-4A2B-AA43-2D82A7C462E9}.Release|x86.Build.0 = Release|x86
		{0027D5CD-89B4-4EEA-B5F8-71F1272CF152}.Debug|Any CPU.ActiveCfg = Debug|Any CPU
		{0027D5CD-89B4-4EEA-B5F8-71F1272CF152}.Debug|Any CPU.Build.0 = Debug|Any CPU
		{0027D5CD-89B4-4EEA-B5F8-71F1272CF152}.Debug|x64.ActiveCfg = Debug|x64
		{0027D5CD-89B4-4EEA-B5F8-71F1272CF152}.Debug|x64.Build.0 = Debug|x64
		{0027D5CD-89B4-4EEA-B5F8-71F1272CF152}.Debug|x86.ActiveCfg = Debug|x86
		{0027D5CD-89B4-4EEA-B5F8-71F1272CF152}.Debug|x86.Build.0 = Debug|x86
		{0027D5CD-89B4-4EEA-B5F8-71F1272CF152}.Release|Any CPU.ActiveCfg = Release|Any CPU
		{0027D5CD-89B4-4EEA-B5F8-71F1272CF152}.Release|Any CPU.Build.0 = Release|Any CPU
		{0027D5CD-89B4-4EEA-B5F8-71F1272CF152}.Release|x64.ActiveCfg = Release|x64
		{0027D5CD-89B4-4EEA-B5F8-71F1272CF152}.Release|x64.Build.0 = Release|x64
		{0027D5CD-89B4-4EEA-B5F8-71F1272CF152}.Release|x86.ActiveCfg = Release|x86
		{0027D5CD-89B4-4EEA-B5F8-71F1272CF152}.Release|x86.Build.0 = Release|x86
		{8E7BD864-708E-40C8-9810-42AACE665CD3}.Debug|Any CPU.ActiveCfg = Debug|Any CPU
		{8E7BD864-708E-40C8-9810-42AACE665CD3}.Debug|Any CPU.Build.0 = Debug|Any CPU
		{8E7BD864-708E-40C8-9810-42AACE665CD3}.Debug|x64.ActiveCfg = Debug|x64
		{8E7BD864-708E-40C8-9810-42AACE665CD3}.Debug|x64.Build.0 = Debug|x64
		{8E7BD864-708E-40C8-9810-42AACE665CD3}.Debug|x86.ActiveCfg = Debug|x86
		{8E7BD864-708E-40C8-9810-42AACE665CD3}.Debug|x86.Build.0 = Debug|x86
		{8E7BD864-708E-40C8-9810-42AACE665CD3}.Release|Any CPU.ActiveCfg = Release|Any CPU
		{8E7BD864-708E-40C8-9810-42AACE665CD3}.Release|Any CPU.Build.0 = Release|Any CPU
		{8E7BD864-708E-40C8-9810-42AACE665CD3}.Release|x64.ActiveCfg = Release|x64
		{8E7BD864-708E-40C8-9810-42AACE665CD3}.Release|x64.Build.0 = Release|x64
		{8E7BD864-708E-40C8-9810-42AACE665CD3}.Release|x86.ActiveCfg = Release|x86
		{8E7BD864-708E-40C8-9810-42AACE665CD3}.Release|x86.Build.0 = Release|x86
		{B8F0ADF5-EF62-437A-9C9C-FF80C358A992}.Debug|Any CPU.ActiveCfg = Debug|Any CPU
		{B8F0ADF5-EF62-437A-9C9C-FF80C358A992}.Debug|Any CPU.Build.0 = Debug|Any CPU
		{B8F0ADF5-EF62-437A-9C9C-FF80C358A992}.Debug|x64.ActiveCfg = Debug|x64
		{B8F0ADF5-EF62-437A-9C9C-FF80C358A992}.Debug|x64.Build.0 = Debug|x64
		{B8F0ADF5-EF62-437A-9C9C-FF80C358A992}.Debug|x86.ActiveCfg = Debug|x86
		{B8F0ADF5-EF62-437A-9C9C-FF80C358A992}.Debug|x86.Build.0 = Debug|x86
		{B8F0ADF5-EF62-437A-9C9C-FF80C358A992}.Release|Any CPU.ActiveCfg = Release|Any CPU
		{B8F0ADF5-EF62-437A-9C9C-FF80C358A992}.Release|Any CPU.Build.0 = Release|Any CPU
		{B8F0ADF5-EF62-437A-9C9C-FF80C358A992}.Release|x64.ActiveCfg = Release|x64
		{B8F0ADF5-EF62-437A-9C9C-FF80C358A992}.Release|x64.Build.0 = Release|x64
		{B8F0ADF5-EF62-437A-9C9C-FF80C358A992}.Release|x86.ActiveCfg = Release|x86
		{B8F0ADF5-EF62-437A-9C9C-FF80C358A992}.Release|x86.Build.0 = Release|x86
		{4953BB6C-9999-4113-B1F1-86FFF24D87E9}.Debug|Any CPU.ActiveCfg = Debug|Any CPU
		{4953BB6C-9999-4113-B1F1-86FFF24D87E9}.Debug|Any CPU.Build.0 = Debug|Any CPU
		{4953BB6C-9999-4113-B1F1-86FFF24D87E9}.Debug|x64.ActiveCfg = Debug|x64
		{4953BB6C-9999-4113-B1F1-86FFF24D87E9}.Debug|x64.Build.0 = Debug|x64
		{4953BB6C-9999-4113-B1F1-86FFF24D87E9}.Debug|x86.ActiveCfg = Debug|x86
		{4953BB6C-9999-4113-B1F1-86FFF24D87E9}.Debug|x86.Build.0 = Debug|x86
		{4953BB6C-9999-4113-B1F1-86FFF24D87E9}.Release|Any CPU.ActiveCfg = Release|Any CPU
		{4953BB6C-9999-4113-B1F1-86FFF24D87E9}.Release|Any CPU.Build.0 = Release|Any CPU
		{4953BB6C-9999-4113-B1F1-86FFF24D87E9}.Release|x64.ActiveCfg = Release|x64
		{4953BB6C-9999-4113-B1F1-86FFF24D87E9}.Release|x64.Build.0 = Release|x64
		{4953BB6C-9999-4113-B1F1-86FFF24D87E9}.Release|x86.ActiveCfg = Release|x86
		{4953BB6C-9999-4113-B1F1-86FFF24D87E9}.Release|x86.Build.0 = Release|x86
		{C14927F2-0459-44B9-8B3D-1D6156DCBB91}.Debug|Any CPU.ActiveCfg = Debug|Any CPU
		{C14927F2-0459-44B9-8B3D-1D6156DCBB91}.Debug|Any CPU.Build.0 = Debug|Any CPU
		{C14927F2-0459-44B9-8B3D-1D6156DCBB91}.Debug|x64.ActiveCfg = Debug|Any CPU
		{C14927F2-0459-44B9-8B3D-1D6156DCBB91}.Debug|x64.Build.0 = Debug|Any CPU
		{C14927F2-0459-44B9-8B3D-1D6156DCBB91}.Debug|x86.ActiveCfg = Debug|Any CPU
		{C14927F2-0459-44B9-8B3D-1D6156DCBB91}.Debug|x86.Build.0 = Debug|Any CPU
		{C14927F2-0459-44B9-8B3D-1D6156DCBB91}.Release|Any CPU.ActiveCfg = Release|Any CPU
		{C14927F2-0459-44B9-8B3D-1D6156DCBB91}.Release|Any CPU.Build.0 = Release|Any CPU
		{C14927F2-0459-44B9-8B3D-1D6156DCBB91}.Release|x64.ActiveCfg = Release|Any CPU
		{C14927F2-0459-44B9-8B3D-1D6156DCBB91}.Release|x64.Build.0 = Release|Any CPU
		{C14927F2-0459-44B9-8B3D-1D6156DCBB91}.Release|x86.ActiveCfg = Release|Any CPU
		{C14927F2-0459-44B9-8B3D-1D6156DCBB91}.Release|x86.Build.0 = Release|Any CPU
		{BFEB83AC-C73E-40DC-A32A-35332B3F53F6}.Debug|Any CPU.ActiveCfg = Debug|Any CPU
		{BFEB83AC-C73E-40DC-A32A-35332B3F53F6}.Debug|Any CPU.Build.0 = Debug|Any CPU
		{BFEB83AC-C73E-40DC-A32A-35332B3F53F6}.Debug|x64.ActiveCfg = Debug|Any CPU
		{BFEB83AC-C73E-40DC-A32A-35332B3F53F6}.Debug|x64.Build.0 = Debug|Any CPU
		{BFEB83AC-C73E-40DC-A32A-35332B3F53F6}.Debug|x86.ActiveCfg = Debug|Any CPU
		{BFEB83AC-C73E-40DC-A32A-35332B3F53F6}.Debug|x86.Build.0 = Debug|Any CPU
		{BFEB83AC-C73E-40DC-A32A-35332B3F53F6}.Release|Any CPU.ActiveCfg = Release|Any CPU
		{BFEB83AC-C73E-40DC-A32A-35332B3F53F6}.Release|Any CPU.Build.0 = Release|Any CPU
		{BFEB83AC-C73E-40DC-A32A-35332B3F53F6}.Release|x64.ActiveCfg = Release|Any CPU
		{BFEB83AC-C73E-40DC-A32A-35332B3F53F6}.Release|x64.Build.0 = Release|Any CPU
		{BFEB83AC-C73E-40DC-A32A-35332B3F53F6}.Release|x86.ActiveCfg = Release|Any CPU
		{BFEB83AC-C73E-40DC-A32A-35332B3F53F6}.Release|x86.Build.0 = Release|Any CPU
	EndGlobalSection
	GlobalSection(NestedProjects) = preSolution
		{7AFA22EA-B093-4457-ABA2-CFF96DF41350} = {7324BABF-C1F7-430D-BF76-CF9BFA559DC6}
		{9D56CBAA-44BD-4FEA-AC2F-13A8B49BF832} = {7AFA22EA-B093-4457-ABA2-CFF96DF41350}
		{0FBEB0F0-F6BB-48B7-942D-96B9F3D56A95} = {7AFA22EA-B093-4457-ABA2-CFF96DF41350}
		{2D41554E-A773-48E7-88FC-9CE386D4CD5F} = {7AFA22EA-B093-4457-ABA2-CFF96DF41350}
		{2B41FBAF-0BFD-4BDF-BDA5-AA4590827A85} = {7AFA22EA-B093-4457-ABA2-CFF96DF41350}
		{CEFCB733-AF22-46A6-8CAA-A620D9E90DB4} = {7324BABF-C1F7-430D-BF76-CF9BFA559DC6}
		{D929A248-5DDE-4465-AFE3-EA8486874C11} = {CEFCB733-AF22-46A6-8CAA-A620D9E90DB4}
		{37390840-8928-488B-B9CD-BC07E65BBC12} = {CEFCB733-AF22-46A6-8CAA-A620D9E90DB4}
		{B99CE1FB-6447-4A91-A227-DEAA5E184FF1} = {CEFCB733-AF22-46A6-8CAA-A620D9E90DB4}
		{2252EE08-B058-4604-9509-122AEA4EC388} = {CEFCB733-AF22-46A6-8CAA-A620D9E90DB4}
		{7824CB5F-9107-410D-9D08-E80726C8D9C3} = {CEFCB733-AF22-46A6-8CAA-A620D9E90DB4}
		{37B5CCFD-17B2-48D7-B42F-84EEF5B3742C} = {CEFCB733-AF22-46A6-8CAA-A620D9E90DB4}
		{007648E7-889D-4691-87AA-C459F8B278B2} = {CEFCB733-AF22-46A6-8CAA-A620D9E90DB4}
		{5BB9666C-89BC-491F-A334-C5DC6DF230D1} = {CEFCB733-AF22-46A6-8CAA-A620D9E90DB4}
		{C406B7CF-8155-485B-9084-4F7F9F0EB13D} = {CEFCB733-AF22-46A6-8CAA-A620D9E90DB4}
		{D72304AB-C9A0-4547-B220-AA597183A5F0} = {CEFCB733-AF22-46A6-8CAA-A620D9E90DB4}
		{6F4D8AF8-CA52-47DC-9476-9792CF605C81} = {CEFCB733-AF22-46A6-8CAA-A620D9E90DB4}
		{097E0674-5AB5-4F14-9455-4579A006F4B9} = {CEFCB733-AF22-46A6-8CAA-A620D9E90DB4}
		{6AB28BA5-B179-4E0B-AD69-273745C99D6B} = {7324BABF-C1F7-430D-BF76-CF9BFA559DC6}
		{E2F50E4D-58C4-4800-B031-D4E27636405E} = {7324BABF-C1F7-430D-BF76-CF9BFA559DC6}
		{FAAAD62E-33A3-4AE2-9AF2-A05469CBB88C} = {E2F50E4D-58C4-4800-B031-D4E27636405E}
		{1358A1B6-E8BB-4607-8B61-FDAE49F0EAA4} = {7324BABF-C1F7-430D-BF76-CF9BFA559DC6}
		{2D5B971F-45E9-442D-91BA-5A7FA21F86D4} = {1358A1B6-E8BB-4607-8B61-FDAE49F0EAA4}
		{291615C0-059A-46EF-AB93-1C89E68643E1} = {1358A1B6-E8BB-4607-8B61-FDAE49F0EAA4}
		{62DBDDB9-3920-4E32-A18E-014DB5D198A0} = {1358A1B6-E8BB-4607-8B61-FDAE49F0EAA4}
		{4F4518B3-6DCC-47CB-BE45-485BBAE827C6} = {1358A1B6-E8BB-4607-8B61-FDAE49F0EAA4}
		{A2BE3023-DD9B-4945-82D2-5139AAAAEDFF} = {1358A1B6-E8BB-4607-8B61-FDAE49F0EAA4}
		{B0B4D113-0BC9-4BA7-A0C2-55FDC31A4F90} = {1358A1B6-E8BB-4607-8B61-FDAE49F0EAA4}
		{9CF25705-F130-4225-B9A0-6B70A9DD3C71} = {1358A1B6-E8BB-4607-8B61-FDAE49F0EAA4}
		{3C71B70F-39A3-45AA-9779-4FE3A9F4B333} = {1358A1B6-E8BB-4607-8B61-FDAE49F0EAA4}
		{8D0B790C-C039-4A62-B535-12BBB12E41EE} = {1358A1B6-E8BB-4607-8B61-FDAE49F0EAA4}
		{4A739A21-39DF-45D4-AE52-7F91577A5FA2} = {1358A1B6-E8BB-4607-8B61-FDAE49F0EAA4}
		{EB180321-7560-4F46-9717-346275163D1B} = {1358A1B6-E8BB-4607-8B61-FDAE49F0EAA4}
		{9BCF1002-8885-4598-8E7F-BD491BB5A6B6} = {9DC20510-2DB6-4B63-AAA7-C65A0B8F0157}
		{8B8BD8CD-2B4F-495E-97A8-21128B54DAF4} = {9BCF1002-8885-4598-8E7F-BD491BB5A6B6}
		{4931D6C0-FA5C-4CCD-ABB3-06BEF131C4FB} = {9DC20510-2DB6-4B63-AAA7-C65A0B8F0157}
		{B94A03BB-5818-423A-9AF0-ECC9322C17C0} = {4931D6C0-FA5C-4CCD-ABB3-06BEF131C4FB}
		{E88493F2-5792-4CBC-8CDC-4FCA699B58E4} = {4931D6C0-FA5C-4CCD-ABB3-06BEF131C4FB}
		{86386C4D-1ECA-4B9A-83D9-55E2F85B5678} = {4931D6C0-FA5C-4CCD-ABB3-06BEF131C4FB}
		{3352A62F-3B10-40A1-B2ED-5D649C95D011} = {4931D6C0-FA5C-4CCD-ABB3-06BEF131C4FB}
		{D9CFC5C4-8B87-4EDF-85D1-1471EA1B6D27} = {9DC20510-2DB6-4B63-AAA7-C65A0B8F0157}
		{98A14F8C-AA8D-4D2C-A85B-454C6ECAAC29} = {D9CFC5C4-8B87-4EDF-85D1-1471EA1B6D27}
		{7B7EBC44-F7D8-4838-89B8-8475C077651C} = {D9CFC5C4-8B87-4EDF-85D1-1471EA1B6D27}
		{91EDC625-A55B-477C-A56A-2BF81F7AE7C5} = {D9CFC5C4-8B87-4EDF-85D1-1471EA1B6D27}
		{355095C7-8278-4A90-903A-11F7211EE2B6} = {CEFCB733-AF22-46A6-8CAA-A620D9E90DB4}
		{126FD82F-3310-419A-A7E6-4A85A807EDC5} = {1358A1B6-E8BB-4607-8B61-FDAE49F0EAA4}
		{65E4710A-54C1-4784-83E1-E8D2D2B616EA} = {D9CFC5C4-8B87-4EDF-85D1-1471EA1B6D27}
		{FF3E1356-EC2F-4F1A-B65A-AE11D0F2C6F3} = {7AFA22EA-B093-4457-ABA2-CFF96DF41350}
		{0F082F27-FFEA-4C87-84CC-3BE3AB76187D} = {1358A1B6-E8BB-4607-8B61-FDAE49F0EAA4}
		{6D5D9A1A-ADEF-434E-82D9-C6FBB3124410} = {1358A1B6-E8BB-4607-8B61-FDAE49F0EAA4}
		{0E92FB0B-2583-4A10-9C5F-1F66CDD786BD} = {CEFCB733-AF22-46A6-8CAA-A620D9E90DB4}
		{DA29CF24-FEDC-4893-896C-EB010EB410F4} = {4931D6C0-FA5C-4CCD-ABB3-06BEF131C4FB}
		{DD0E6BF3-F966-426F-901A-D0140B7FE13C} = {7324BABF-C1F7-430D-BF76-CF9BFA559DC6}
		{ED6DF5B6-0926-42BF-92BA-DC73F92AA2C9} = {DD0E6BF3-F966-426F-901A-D0140B7FE13C}
		{68FFF97B-AD2A-4EF4-B4A3-37A0F77B7272} = {4931D6C0-FA5C-4CCD-ABB3-06BEF131C4FB}
		{3A47E0C3-3101-47C4-A545-553C906C5704} = {1358A1B6-E8BB-4607-8B61-FDAE49F0EAA4}
		{E4AFB184-BC22-4604-9835-EAE653E3E43A} = {1358A1B6-E8BB-4607-8B61-FDAE49F0EAA4}
		{E8421F04-D501-4301-B621-2F6B2A422928} = {4931D6C0-FA5C-4CCD-ABB3-06BEF131C4FB}
		{B5B4FDF9-EC7D-4A2B-AA43-2D82A7C462E9} = {4931D6C0-FA5C-4CCD-ABB3-06BEF131C4FB}
		{24B5BFEB-A497-441B-A82B-5933C4C0D998} = {7324BABF-C1F7-430D-BF76-CF9BFA559DC6}
		{0027D5CD-89B4-4EEA-B5F8-71F1272CF152} = {24B5BFEB-A497-441B-A82B-5933C4C0D998}
		{8E7BD864-708E-40C8-9810-42AACE665CD3} = {24B5BFEB-A497-441B-A82B-5933C4C0D998}
		{B8F0ADF5-EF62-437A-9C9C-FF80C358A992} = {E2F50E4D-58C4-4800-B031-D4E27636405E}
		{4953BB6C-9999-4113-B1F1-86FFF24D87E9} = {1358A1B6-E8BB-4607-8B61-FDAE49F0EAA4}
		{C14927F2-0459-44B9-8B3D-1D6156DCBB91} = {1358A1B6-E8BB-4607-8B61-FDAE49F0EAA4}
		{BFEB83AC-C73E-40DC-A32A-35332B3F53F6} = {1358A1B6-E8BB-4607-8B61-FDAE49F0EAA4}
	EndGlobalSection
EndGlobal
