{
  "version": 4,
  "terraform_version": "1.3.5",
  "serial": 27,
  "lineage": "6fbc39e3-f223-6fb9-f8aa-a4fd866833e4",
  "outputs": {},
  "resources": [
    {
      "mode": "data",
      "type": "local_file",
      "name": "kubeconfig",
      "provider": "provider[\"registry.terraform.io/hashicorp/local\"]",
      "instances": [
        {
          "schema_version": 0,
          "attributes": {
            "content": "---\napiVersion: v1\nclusters:\n- cluster:\n    certificate-authority-data: LS0tLS1CRUdJTiBDRVJUSUZJQ0FURS0tLS0tCk1JSUJkakNDQVIyZ0F3SUJBZ0lCQURBS0JnZ3Foa2pPUFFRREFqQWpNU0V3SHdZRFZRUUREQmhyTTNNdGMyVnkKZG1WeUxXTmhRREUyT0RVMk1EZ3hOemt3SGhjTk1qTXdOakF4TURneU9UTTVXaGNOTXpNd05USTVNRGd5T1RNNQpXakFqTVNFd0h3WURWUVFEREJock0zTXRjMlZ5ZG1WeUxXTmhRREUyT0RVMk1EZ3hOemt3V1RBVEJnY3Foa2pPClBRSUJCZ2dxaGtqT1BRTUJCd05DQUFSREdFeXFTbHJaL0s4Nlc4VXhUTDhzd1IyTThBdXk0a25URTM0L0Z0RUoKNWVmS3JaUlFKR05DU204WEtxV0ZmVk1xRFJObytObytyQlNHOC9RNnFiMjNvMEl3UURBT0JnTlZIUThCQWY4RQpCQU1DQXFRd0R3WURWUjBUQVFIL0JBVXdBd0VCL3pBZEJnTlZIUTRFRmdRVWtidkdiV1lXTXBIaEVMUlVIa1NWCnFsaXM4OHN3Q2dZSUtvWkl6ajBFQXdJRFJ3QXdSQUlnRGxhVXZ5b2lacnZha0FPQys5V3N5V3pWdWRmSUNTMnYKSXU2S01LREIvSEFDSUVHczFwdklNdzl5L0lJcDgyZnJ1T3JaVnkzOTB1ckppZGM3eTIzVXRHMm4KLS0tLS1FTkQgQ0VSVElGSUNBVEUtLS0tLQo=\n    server: https://exampleapp-cluster.local.lncd.pl:6445\n  name: k3d-exampleapp\ncontexts:\n- context:\n    cluster: k3d-exampleapp\n    user: admin@k3d-exampleapp\n  name: k3d-exampleapp\ncurrent-context: k3d-exampleapp\nkind: Config\npreferences: {}\nusers:\n- name: admin@k3d-exampleapp\n  user:\n    client-certificate-data: LS0tLS1CRUdJTiBDRVJUSUZJQ0FURS0tLS0tCk1JSUJrVENDQVRlZ0F3SUJBZ0lJTldERExjZ0ZMSEl3Q2dZSUtvWkl6ajBFQXdJd0l6RWhNQjhHQTFVRUF3d1kKYXpOekxXTnNhV1Z1ZEMxallVQXhOamcxTmpBNE1UYzVNQjRYRFRJek1EWXdNVEE0TWprek9Wb1hEVEkwTURVegpNVEE0TWprek9Wb3dNREVYTUJVR0ExVUVDaE1PYzNsemRHVnRPbTFoYzNSbGNuTXhGVEFUQmdOVkJBTVRESE41CmMzUmxiVHBoWkcxcGJqQlpNQk1HQnlxR1NNNDlBZ0VHQ0NxR1NNNDlBd0VIQTBJQUJLNWZPZ1hPQmNMMW9vTWwKbTlnU3FaOU4zVldCWGQvZHBiaXc2NGZ6a2JpNmNteE1RM1hoYy9zZ1JXdC9JTzROSHJWSlBMcUdTZjQxWmkvUQpxZ1BMN3p5alNEQkdNQTRHQTFVZER3RUIvd1FFQXdJRm9EQVRCZ05WSFNVRUREQUtCZ2dyQmdFRkJRY0RBakFmCkJnTlZIU01FR0RBV2dCU3BXdmwvR2hVdytNOXorK2ROOW9QUnd6enloekFLQmdncWhrak9QUVFEQWdOSUFEQkYKQWlFQTFyYnBnaThMNDVWMVJrQ1dOd2JxT2Z3cXFuQkw1elBFNTRoQ2M2S0hyUWtDSUNYQUJQMHZGamE5RFNLWApINUpEdkpIRUxOL0RiYUVvNUJGa2YwWVludnNSCi0tLS0tRU5EIENFUlRJRklDQVRFLS0tLS0KLS0tLS1CRUdJTiBDRVJUSUZJQ0FURS0tLS0tCk1JSUJkekNDQVIyZ0F3SUJBZ0lCQURBS0JnZ3Foa2pPUFFRREFqQWpNU0V3SHdZRFZRUUREQmhyTTNNdFkyeHAKWlc1MExXTmhRREUyT0RVMk1EZ3hOemt3SGhjTk1qTXdOakF4TURneU9UTTVXaGNOTXpNd05USTVNRGd5T1RNNQpXakFqTVNFd0h3WURWUVFEREJock0zTXRZMnhwWlc1MExXTmhRREUyT0RVMk1EZ3hOemt3V1RBVEJnY3Foa2pPClBRSUJCZ2dxaGtqT1BRTUJCd05DQUFUcTJkdUlSMGhhWFE5WmdMSEJPb3dGaC9hbHV5M1hFcnZORytROFRBS1QKbVBTdUxoMWZhQ2tGWC81MW50N1JaY0ExNjBlL0tzZnJrTC9jaFBxMlBkQnRvMEl3UURBT0JnTlZIUThCQWY4RQpCQU1DQXFRd0R3WURWUjBUQVFIL0JBVXdBd0VCL3pBZEJnTlZIUTRFRmdRVXFWcjVmeG9WTVBqUGMvdm5UZmFECjBjTTg4b2N3Q2dZSUtvWkl6ajBFQXdJRFNBQXdSUUloQUxzSUZMcll3YWpNZ0VNVU9DZnR1YzljejZWaVFTUjYKaWV4L0VDMHFVaUttQWlBck4vM1hncE5JQVBoZXJhZ3B5TmI2cEhWWWF2S2syRy95VTBKdDR5VnVFdz09Ci0tLS0tRU5EIENFUlRJRklDQVRFLS0tLS0K\n    client-key-data: LS0tLS1CRUdJTiBFQyBQUklWQVRFIEtFWS0tLS0tCk1IY0NBUUVFSUVJK0JKZEc5ZmRybmRPd1JuSHFtZzR5QmJKWlNSQkRGUnNxQ2Nnd2d3UjdvQW9HQ0NxR1NNNDkKQXdFSG9VUURRZ0FFcmw4NkJjNEZ3dldpZ3lXYjJCS3BuMDNkVllGZDM5Mmx1TERyaC9PUnVMcHliRXhEZGVGegoreUJGYTM4ZzdnMGV0VWs4dW9aSi9qVm1MOUNxQTh2dlBBPT0KLS0tLS1FTkQgRUMgUFJJVkFURSBLRVktLS0tLQo=\n",
            "content_base64": "LS0tCmFwaVZlcnNpb246IHYxCmNsdXN0ZXJzOgotIGNsdXN0ZXI6CiAgICBjZXJ0aWZpY2F0ZS1hdXRob3JpdHktZGF0YTogTFMwdExTMUNSVWRKVGlCRFJWSlVTVVpKUTBGVVJTMHRMUzB0Q2sxSlNVSmtha05EUVZJeVowRjNTVUpCWjBsQ1FVUkJTMEpuWjNGb2EycFBVRkZSUkVGcVFXcE5VMFYzU0hkWlJGWlJVVVJFUW1oeVRUTk5kR015Vm5rS1pHMVdlVXhYVG1oUlJFVXlUMFJWTWsxRVozaE9lbXQzU0doalRrMXFUWGRPYWtGNFRVUm5lVTlVVFRWWGFHTk9UWHBOZDA1VVNUVk5SR2Q1VDFSTk5RcFhha0ZxVFZORmQwaDNXVVJXVVZGRVJFSm9jazB6VFhSak1sWjVaRzFXZVV4WFRtaFJSRVV5VDBSVk1rMUVaM2hPZW10M1YxUkJWRUpuWTNGb2EycFBDbEJSU1VKQ1oyZHhhR3RxVDFCUlRVSkNkMDVEUVVGU1JFZEZlWEZUYkhKYUwwczRObGM0VlhoVVREaHpkMUl5VFRoQmRYazBhMjVVUlRNMEwwWjBSVW9LTldWbVMzSmFVbEZLUjA1RFUyMDRXRXR4VjBabVZrMXhSRkpPYnl0T2J5dHlRbE5IT0M5Uk5uRmlNak52TUVsM1VVUkJUMEpuVGxaSVVUaENRV1k0UlFwQ1FVMURRWEZSZDBSM1dVUldVakJVUVZGSUwwSkJWWGRCZDBWQ0wzcEJaRUpuVGxaSVVUUkZSbWRSVld0aWRrZGlWMWxYVFhCSWFFVk1VbFZJYTFOV0NuRnNhWE00T0hOM1EyZFpTVXR2V2tsNmFqQkZRWGRKUkZKM1FYZFNRVWxuUkd4aFZYWjViMmxhY25aaGEwRlBReXM1VjNONVYzcFdkV1JtU1VOVE1uWUtTWFUyUzAxTFJFSXZTRUZEU1VWSGN6Rndka2xOZHpsNUwwbEpjRGd5Wm5KMVQzSmFWbmt6T1RCMWNrcHBaR00zZVRJelZYUkhNbTRLTFMwdExTMUZUa1FnUTBWU1ZFbEdTVU5CVkVVdExTMHRMUW89CiAgICBzZXJ2ZXI6IGh0dHBzOi8vZXhhbXBsZWFwcC1jbHVzdGVyLmxvY2FsLmxuY2QucGw6NjQ0NQogIG5hbWU6IGszZC1leGFtcGxlYXBwCmNvbnRleHRzOgotIGNvbnRleHQ6CiAgICBjbHVzdGVyOiBrM2QtZXhhbXBsZWFwcAogICAgdXNlcjogYWRtaW5AazNkLWV4YW1wbGVhcHAKICBuYW1lOiBrM2QtZXhhbXBsZWFwcApjdXJyZW50LWNvbnRleHQ6IGszZC1leGFtcGxlYXBwCmtpbmQ6IENvbmZpZwpwcmVmZXJlbmNlczoge30KdXNlcnM6Ci0gbmFtZTogYWRtaW5AazNkLWV4YW1wbGVhcHAKICB1c2VyOgogICAgY2xpZW50LWNlcnRpZmljYXRlLWRhdGE6IExTMHRMUzFDUlVkSlRpQkRSVkpVU1VaSlEwRlVSUzB0TFMwdENrMUpTVUpyVkVORFFWUmxaMEYzU1VKQlowbEpUbGRFUkV4alowWk1TRWwzUTJkWlNVdHZXa2w2YWpCRlFYZEpkMGw2UldoTlFqaEhRVEZWUlVGM2Qxa0tZWHBPZWt4WFRuTmhWMVoxWkVNeGFsbFZRWGhPYW1jeFRtcEJORTFVWXpWTlFqUllSRlJKZWsxRVdYZE5WRUUwVFdwcmVrOVdiMWhFVkVrd1RVUlZlZ3BOVkVFMFRXcHJlazlXYjNkTlJFVllUVUpWUjBFeFZVVkRhRTFQWXpOc2VtUkhWblJQYlRGb1l6TlNiR051VFhoR1ZFRlVRbWRPVmtKQlRWUkVTRTQxQ21NelVteGlWSEJvV2tjeGNHSnFRbHBOUWsxSFFubHhSMU5OTkRsQlowVkhRME54UjFOTk5EbEJkMFZJUVRCSlFVSkxOV1pQWjFoUFFtTk1NVzl2VFd3S2JUbG5VM0ZhT1U0elZsZENXR1F2WkhCaWFYYzJOR1o2YTJKcE5tTnRlRTFSTTFob1l5OXpaMUpYZEM5SlR6Uk9TSEpXU2xCTWNVZFRaalF4V21rdlVRcHhaMUJNTjNwNWFsTkVRa2ROUVRSSFFURlZaRVIzUlVJdmQxRkZRWGRKUm05RVFWUkNaMDVXU0ZOVlJVUkVRVXRDWjJkeVFtZEZSa0pSWTBSQmFrRm1Da0puVGxaSVUwMUZSMFJCVjJkQ1UzQlhkbXd2UjJoVmR5dE5PWG9ySzJST09XOVFVbmQ2ZW5sb2VrRkxRbWRuY1docmFrOVFVVkZFUVdkT1NVRkVRa1lLUVdsRlFURnlZbkJuYVRoTU5EVldNVkpyUTFkT2QySnhUMlozY1hGdVFrdzFlbEJGTlRSb1EyTTJTMGh5VVd0RFNVTllRVUpRTUhaR2FtRTVSRk5MV0FwSU5VcEVka3BJUlV4T0wwUmlZVVZ2TlVKR2EyWXdXVmx1ZG5OU0NpMHRMUzB0UlU1RUlFTkZVbFJKUmtsRFFWUkZMUzB0TFMwS0xTMHRMUzFDUlVkSlRpQkRSVkpVU1VaSlEwRlVSUzB0TFMwdENrMUpTVUprZWtORFFWSXlaMEYzU1VKQlowbENRVVJCUzBKblozRm9hMnBQVUZGUlJFRnFRV3BOVTBWM1NIZFpSRlpSVVVSRVFtaHlUVE5OZEZreWVIQUtXbGMxTUV4WFRtaFJSRVV5VDBSVk1rMUVaM2hPZW10M1NHaGpUazFxVFhkT2FrRjRUVVJuZVU5VVRUVlhhR05PVFhwTmQwNVVTVFZOUkdkNVQxUk5OUXBYYWtGcVRWTkZkMGgzV1VSV1VWRkVSRUpvY2swelRYUlpNbmh3V2xjMU1FeFhUbWhSUkVVeVQwUlZNazFFWjNoT2VtdDNWMVJCVkVKblkzRm9hMnBQQ2xCUlNVSkNaMmR4YUd0cVQxQlJUVUpDZDA1RFFVRlVjVEprZFVsU01HaGhXRkU1V21kTVNFSlBiM2RHYUM5aGJIVjVNMWhGY25aT1J5dFJPRlJCUzFRS2JWQlRkVXhvTVdaaFEydEdXQzgxTVc1ME4xSmFZMEV4TmpCbEwwdHpabkpyVEM5amFGQnhNbEJrUW5Sdk1FbDNVVVJCVDBKblRsWklVVGhDUVdZNFJRcENRVTFEUVhGUmQwUjNXVVJXVWpCVVFWRklMMEpCVlhkQmQwVkNMM3BCWkVKblRsWklVVFJGUm1kUlZYRldjalZtZUc5V1RWQnFVR012ZG01VVptRkVDakJqVFRnNGIyTjNRMmRaU1V0dldrbDZhakJGUVhkSlJGTkJRWGRTVVVsb1FVeHpTVVpNY2xsM1lXcE5aMFZOVlU5RFpuUjFZemxqZWpaV2FWRlRVallLYVdWNEwwVkRNSEZWYVV0dFFXbEJjazR2TTFobmNFNUpRVkJvWlhKaFozQjVUbUkyY0VoV1dXRjJTMnN5Unk5NVZUQktkRFI1Vm5WRmR6MDlDaTB0TFMwdFJVNUVJRU5GVWxSSlJrbERRVlJGTFMwdExTMEsKICAgIGNsaWVudC1rZXktZGF0YTogTFMwdExTMUNSVWRKVGlCRlF5QlFVa2xXUVZSRklFdEZXUzB0TFMwdENrMUlZME5CVVVWRlNVVkpLMEpLWkVjNVptUnlibVJQZDFKdVNIRnRaelI1UW1KS1dsTlNRa1JHVW5OeFEyTm5kMmQzVWpkdlFXOUhRME54UjFOTk5Ea0tRWGRGU0c5VlVVUlJaMEZGY213NE5rSmpORVozZGxkcFozbFhZakpDUzNCdU1ETmtWbGxHWkRNNU1teDFURVJ5YUM5UFVuVk1jSGxpUlhoRVpHVkdlZ29yZVVKR1lUTTRaemRuTUdWMFZXczRkVzlhU2k5cVZtMU1PVU54UVRoMmRsQkJQVDBLTFMwdExTMUZUa1FnUlVNZ1VGSkpWa0ZVUlNCTFJWa3RMUzB0TFFvPQo=",
            "content_base64sha256": "LPgDipBFIJYC6hTnPP8OjMyIB2aeyJF46R47lzfb3GI=",
            "content_base64sha512": "sTWTExCiOoUKI3Z2k8Qz/A6fPEYekDV3S8V+LrX/gkCPj8z6R+7lhap/nkEY+d5Ens2OBiFfFQyX95GjuA/z8A==",
            "content_md5": "db4c419d6082c442ecea736a02a2fa2c",
            "content_sha1": "84c741bededbae44ee46bfa052c93918592e01b3",
            "content_sha256": "2cf8038a9045209602ea14e73cff0e8ccc8807669ec89178e91e3b9737dbdc62",
            "content_sha512": "b135931310a23a850a23767693c433fc0e9f3c461e9035774bc57e2eb5ff82408f8fccfa47eee585aa7f9e4118f9de449ecd8e06215f150c97f791a3b80ff3f0",
            "filename": ".terraform/local_kubeconfig",
            "id": "84c741bededbae44ee46bfa052c93918592e01b3"
          },
          "sensitive_attributes": []
        }
      ]
    },
    {
      "mode": "managed",
      "type": "docker_image",
      "name": "traefik",
      "provider": "provider[\"registry.terraform.io/kreuzwerker/docker\"]",
      "instances": [
        {
          "schema_version": 0,
          "attributes": {
            "build": [
              {
                "build_arg": {
                  "dockerfile_trigger": "f4cd9655f692f24f1555de7c77425e75",
                  "dynamic_toml_trigger": "74161a50f4e935312d01ab3430431604"
                },
                "dockerfile": "Dockerfile.traefik",
                "force_remove": false,
                "label": {},
                "no_cache": false,
                "path": "./apps",
                "remove": true,
                "tag": [],
                "target": ""
              }
            ],
            "force_remove": null,
            "id": "sha256:2c593024557ae2e1355dac0ab16d804d02422e0ddc5a8a782c42a7df6bc9cbfek3d-exampleapp-registry.local.lncd.pl:21345/traefik:2.6.0",
            "keep_locally": null,
            "latest": "sha256:2c593024557ae2e1355dac0ab16d804d02422e0ddc5a8a782c42a7df6bc9cbfe",
            "name": "k3d-exampleapp-registry.local.lncd.pl:21345/traefik:2.6.0",
            "output": null,
            "pull_trigger": null,
            "pull_triggers": null,
            "repo_digest": "k3d-exampleapp-registry.local.lncd.pl:21345/traefik@sha256:81b5a3647aad62495b6b04c6b88881e5b4f7c18651acc9cf935435f2aea5bfb1"
          },
          "sensitive_attributes": [],
          "private": "bnVsbA==",
          "dependencies": [
            "null_resource.cluster",
            "null_resource.cluster_kubeconfig"
          ]
        }
      ]
    },
    {
      "mode": "managed",
      "type": "helm_release",
      "name": "traefik",
      "provider": "provider[\"registry.terraform.io/hashicorp/helm\"]",
      "instances": [
        {
          "schema_version": 0,
          "attributes": {
            "atomic": false,
            "chart": "traefik/traefik",
            "cleanup_on_fail": false,
            "create_namespace": false,
            "dependency_update": false,
            "description": null,
            "devel": null,
            "disable_crd_hooks": false,
            "disable_openapi_validation": false,
            "disable_webhooks": false,
            "force_update": false,
            "id": "traefik",
            "keyring": null,
            "lint": false,
            "manifest": null,
            "max_history": 0,
            "metadata": [
              {
                "app_version": "2.6.0",
                "chart": "traefik",
                "name": "traefik",
                "namespace": "shared",
                "revision": 1,
                "values": "{\"additionalArguments\":[\"--providers.file.directory=/config/dynamic\",\"--log.level=DEBUG\",\"--api.insecure=true\",\"--api.debug=true\",\"--accesslog=true\"],\"globalArguments\":[\"--global.checkNewVersion=true\",\"--global.sendAnonymousUsage=false\"],\"image\":{\"name\":\"k3d-exampleapp-registry.local.lncd.pl:21345/traefik\",\"pullPolicy\":\"Always\",\"tag\":\"2.6.0\"},\"ports\":{\"web\":{\"redirectTo\":\"websecure\"},\"websecure\":{\"tls\":{\"enabled\":true}}},\"providers\":{\"kubernetesIngress\":{\"publishedService\":{\"enabled\":true}}}}",
                "version": "10.13.0"
              }
            ],
            "name": "traefik",
            "namespace": "shared",
            "postrender": [],
            "recreate_pods": false,
            "render_subchart_notes": true,
            "replace": false,
            "repository": "helm.traefik.io/traefik",
            "repository_ca_file": null,
            "repository_cert_file": null,
            "repository_key_file": null,
            "repository_password": null,
            "repository_username": null,
            "reset_values": false,
            "reuse_values": false,
            "set": [
              {
                "name": "image.name",
                "type": "",
                "value": "k3d-exampleapp-registry.local.lncd.pl:21345/traefik"
              },
              {
                "name": "image.pullPolicy",
                "type": "",
                "value": "Always"
              },
              {
                "name": "image.tag",
                "type": "",
                "value": "2.6.0"
              },
              {
                "name": "ports.web.redirectTo",
                "type": "",
                "value": "websecure"
              },
              {
                "name": "ports.websecure.tls.enabled",
                "type": "",
                "value": "true"
              },
              {
                "name": "providers.kubernetesIngress.publishedService.enabled",
                "type": "",
                "value": "true"
              }
            ],
            "set_sensitive": [],
            "skip_crds": false,
            "status": "deployed",
            "timeout": 300,
            "values": [
              "\"additionalArguments\":\n- \"--providers.file.directory=/config/dynamic\"\n- \"--log.level=DEBUG\"\n- \"--api.insecure=true\"\n- \"--api.debug=true\"\n- \"--accesslog=true\"\n\"globalArguments\":\n- \"--global.checkNewVersion=true\"\n- \"--global.sendAnonymousUsage=false\"\n"
            ],
            "verify": false,
            "version": "10.13.0",
            "wait": true,
            "wait_for_jobs": false
          },
          "sensitive_attributes": [],
          "private": "bnVsbA==",
          "dependencies": [
            "data.local_file.kubeconfig",
            "docker_image.traefik",
            "kubernetes_namespace.shared",
            "null_resource.cluster",
            "null_resource.cluster_kubeconfig"
          ]
        }
      ]
    },
    {
      "mode": "managed",
      "type": "kubernetes_daemonset",
      "name": "otel_agent",
      "provider": "provider[\"registry.terraform.io/hashicorp/kubernetes\"]",
      "instances": [
        {
          "schema_version": 1,
          "attributes": {
            "id": "shared/otel-agent",
            "metadata": [
              {
                "annotations": null,
                "generate_name": "",
                "generation": 1,
                "labels": {
                  "app": "otlp"
                },
                "name": "otel-agent",
                "namespace": "shared",
                "resource_version": "642",
                "uid": "55755b17-0866-48af-ba24-2eb3e4beab87"
              }
            ],
            "spec": [
              {
                "min_ready_seconds": 0,
                "revision_history_limit": 10,
                "selector": [
                  {
                    "match_expressions": [],
                    "match_labels": {
                      "app": "opentelemetry-collector",
                      "component": "agent"
                    }
                  }
                ],
                "strategy": [
                  {
                    "rolling_update": [
                      {
                        "max_unavailable": "1"
                      }
                    ],
                    "type": "RollingUpdate"
                  }
                ],
                "template": [
                  {
                    "metadata": [
                      {
                        "annotations": null,
                        "generate_name": "",
                        "generation": 0,
                        "labels": {
                          "app": "opentelemetry-collector",
                          "component": "agent"
                        },
                        "name": "",
                        "resource_version": "",
                        "uid": ""
                      }
                    ],
                    "spec": [
                      {
                        "active_deadline_seconds": 0,
                        "affinity": [],
                        "automount_service_account_token": true,
                        "container": [
                          {
                            "args": [
                              "--config",
                              "/conf/otel-agent-config.yaml"
                            ],
                            "command": null,
                            "env": [],
                            "env_from": [],
                            "image": "otel/opentelemetry-collector-contrib:0.51.0",
                            "image_pull_policy": "Always",
                            "lifecycle": [],
                            "liveness_probe": [
                              {
                                "exec": [],
                                "failure_threshold": 3,
                                "http_get": [
                                  {
                                    "host": "",
                                    "http_header": [],
                                    "path": "/",
                                    "port": "13133",
                                    "scheme": "HTTP"
                                  }
                                ],
                                "initial_delay_seconds": 0,
                                "period_seconds": 10,
                                "success_threshold": 1,
                                "tcp_socket": [],
                                "timeout_seconds": 1
                              }
                            ],
                            "name": "agent",
                            "port": [
                              {
                                "container_port": 55680,
                                "host_ip": "",
                                "host_port": 55680,
                                "name": "",
                                "protocol": "TCP"
                              },
                              {
                                "container_port": 55681,
                                "host_ip": "",
                                "host_port": 55681,
                                "name": "",
                                "protocol": "TCP"
                              },
                              {
                                "container_port": 14268,
                                "host_ip": "",
                                "host_port": 14268,
                                "name": "",
                                "protocol": "TCP"
                              }
                            ],
                            "readiness_probe": [
                              {
                                "exec": [],
                                "failure_threshold": 3,
                                "http_get": [
                                  {
                                    "host": "",
                                    "http_header": [],
                                    "path": "/",
                                    "port": "13133",
                                    "scheme": "HTTP"
                                  }
                                ],
                                "initial_delay_seconds": 0,
                                "period_seconds": 10,
                                "success_threshold": 1,
                                "tcp_socket": [],
                                "timeout_seconds": 1
                              }
                            ],
                            "resources": [
                              {
                                "limits": null,
                                "requests": null
                              }
                            ],
                            "security_context": [],
                            "startup_probe": [],
                            "stdin": false,
                            "stdin_once": false,
                            "termination_message_path": "/dev/termination-log",
                            "termination_message_policy": "File",
                            "tty": false,
                            "volume_mount": [
                              {
                                "mount_path": "/conf",
                                "mount_propagation": "None",
                                "name": "config",
                                "read_only": false,
                                "sub_path": ""
                              }
                            ],
                            "working_dir": ""
                          }
                        ],
                        "dns_config": [],
                        "dns_policy": "ClusterFirst",
                        "enable_service_links": true,
                        "host_aliases": [],
                        "host_ipc": false,
                        "host_network": false,
                        "host_pid": false,
                        "hostname": "",
                        "image_pull_secrets": [],
                        "init_container": [],
                        "node_name": "",
                        "node_selector": null,
                        "priority_class_name": "",
                        "readiness_gate": [],
                        "restart_policy": "Always",
                        "security_context": [],
                        "service_account_name": "",
                        "share_process_namespace": false,
                        "subdomain": "",
                        "termination_grace_period_seconds": 30,
                        "toleration": [],
                        "topology_spread_constraint": [],
                        "volume": [
                          {
                            "aws_elastic_block_store": [],
                            "azure_disk": [],
                            "azure_file": [],
                            "ceph_fs": [],
                            "cinder": [],
                            "config_map": [],
                            "csi": [],
                            "downward_api": [],
                            "empty_dir": [],
                            "fc": [],
                            "flex_volume": [],
                            "flocker": [],
                            "gce_persistent_disk": [],
                            "git_repo": [],
                            "glusterfs": [],
                            "host_path": [],
                            "iscsi": [],
                            "local": [],
                            "name": "config",
                            "nfs": [],
                            "persistent_volume_claim": [],
                            "photon_persistent_disk": [],
                            "projected": [],
                            "quobyte": [],
                            "rbd": [],
                            "secret": [
                              {
                                "default_mode": "0644",
                                "items": [],
                                "optional": false,
                                "secret_name": "otel-config"
                              }
                            ],
                            "vsphere_volume": []
                          }
                        ]
                      }
                    ]
                  }
                ]
              }
            ],
            "timeouts": null,
            "wait_for_rollout": true
          },
          "sensitive_attributes": [],
          "private": "eyJlMmJmYjczMC1lY2FhLTExZTYtOGY4OC0zNDM2M2JjN2M0YzAiOnsiY3JlYXRlIjo2MDAwMDAwMDAwMDAsImRlbGV0ZSI6NjAwMDAwMDAwMDAwLCJ1cGRhdGUiOjYwMDAwMDAwMDAwMH0sInNjaGVtYV92ZXJzaW9uIjoiMSJ9",
          "dependencies": [
            "data.local_file.kubeconfig",
            "kubernetes_namespace.shared",
            "kubernetes_secret.otel_config"
          ]
        }
      ]
    },
    {
      "mode": "managed",
      "type": "kubernetes_deployment_v1",
      "name": "blobstorage_deployment",
      "provider": "provider[\"registry.terraform.io/hashicorp/kubernetes\"]",
      "instances": [
        {
          "schema_version": 1,
          "attributes": {
            "id": "blob/blobstorage",
            "metadata": [
              {
                "annotations": null,
                "generate_name": "",
                "generation": 1,
                "labels": {
                  "app": "blobstorage"
                },
                "name": "blobstorage",
                "namespace": "blob",
                "resource_version": "861",
                "uid": "3c193efe-1a69-477b-bff5-f8f6b98afd10"
              }
            ],
            "spec": [
              {
                "min_ready_seconds": 0,
                "paused": false,
                "progress_deadline_seconds": 600,
                "replicas": "1",
                "revision_history_limit": 10,
                "selector": [
                  {
                    "match_expressions": [],
                    "match_labels": {
                      "app": "blobstorage"
                    }
                  }
                ],
                "strategy": [
                  {
                    "rolling_update": [
                      {
                        "max_surge": "25%",
                        "max_unavailable": "25%"
                      }
                    ],
                    "type": "RollingUpdate"
                  }
                ],
                "template": [
                  {
                    "metadata": [
                      {
                        "annotations": null,
                        "generate_name": "",
                        "generation": 0,
                        "labels": {
                          "app": "blobstorage"
                        },
                        "name": "",
                        "namespace": "",
                        "resource_version": "",
                        "uid": ""
                      }
                    ],
                    "spec": [
                      {
                        "active_deadline_seconds": 0,
                        "affinity": [],
                        "automount_service_account_token": true,
                        "container": [
                          {
                            "args": null,
                            "command": [
                              "azurite",
                              "--skipApiVersionCheck",
                              "--blobHost",
                              "0.0.0.0",
                              "-d",
                              "/var/debug.log"
                            ],
                            "env": [
                              {
                                "name": "executable",
                                "value": "blob",
                                "value_from": []
                              },
                              {
                                "name": "AZURITE_ACCOUNTS",
                                "value": "blobstorage:Eby8vdM02xNOcqFlqUwJPLlmEtlCDXJ1OUzFT50uSRZ6IFsuFq2UVErCz4I6tq/K1SZFPTOtr/KBHBeksoGMGw==",
                                "value_from": []
                              }
                            ],
                            "env_from": [],
                            "image": "mcr.microsoft.com/azure-storage/azurite:3.16.0",
                            "image_pull_policy": "IfNotPresent",
                            "lifecycle": [],
                            "liveness_probe": [],
                            "name": "blobstorage",
                            "port": [
                              {
                                "container_port": 10000,
                                "host_ip": "",
                                "host_port": 0,
                                "name": "",
                                "protocol": "TCP"
                              }
                            ],
                            "readiness_probe": [],
                            "resources": [
                              {
                                "limits": null,
                                "requests": null
                              }
                            ],
                            "security_context": [],
                            "startup_probe": [],
                            "stdin": false,
                            "stdin_once": false,
                            "termination_message_path": "/dev/termination-log",
                            "termination_message_policy": "File",
                            "tty": false,
                            "volume_mount": [
                              {
                                "mount_path": "/data",
                                "mount_propagation": "None",
                                "name": "data",
                                "read_only": false,
                                "sub_path": ""
                              }
                            ],
                            "working_dir": ""
                          }
                        ],
                        "dns_config": [],
                        "dns_policy": "ClusterFirst",
                        "enable_service_links": true,
                        "host_aliases": [],
                        "host_ipc": false,
                        "host_network": false,
                        "host_pid": false,
                        "hostname": "",
                        "image_pull_secrets": [],
                        "init_container": [],
                        "node_name": "",
                        "node_selector": null,
                        "priority_class_name": "",
                        "readiness_gate": [],
                        "restart_policy": "Always",
                        "security_context": [],
                        "service_account_name": "",
                        "share_process_namespace": false,
                        "subdomain": "",
                        "termination_grace_period_seconds": 30,
                        "toleration": [],
                        "topology_spread_constraint": [],
                        "volume": [
                          {
                            "aws_elastic_block_store": [],
                            "azure_disk": [],
                            "azure_file": [],
                            "ceph_fs": [],
                            "cinder": [],
                            "config_map": [],
                            "csi": [],
                            "downward_api": [],
                            "empty_dir": [],
                            "fc": [],
                            "flex_volume": [],
                            "flocker": [],
                            "gce_persistent_disk": [],
                            "git_repo": [],
                            "glusterfs": [],
                            "host_path": [],
                            "iscsi": [],
                            "local": [],
                            "name": "data",
                            "nfs": [],
                            "persistent_volume_claim": [
                              {
                                "claim_name": "blobstorage-pvc",
                                "read_only": false
                              }
                            ],
                            "photon_persistent_disk": [],
                            "projected": [],
                            "quobyte": [],
                            "rbd": [],
                            "secret": [],
                            "vsphere_volume": []
                          }
                        ]
                      }
                    ]
                  }
                ]
              }
            ],
            "timeouts": null,
            "wait_for_rollout": true
          },
          "sensitive_attributes": [],
          "private": "eyJlMmJmYjczMC1lY2FhLTExZTYtOGY4OC0zNDM2M2JjN2M0YzAiOnsiY3JlYXRlIjo2MDAwMDAwMDAwMDAsImRlbGV0ZSI6NjAwMDAwMDAwMDAwLCJ1cGRhdGUiOjYwMDAwMDAwMDAwMH0sInNjaGVtYV92ZXJzaW9uIjoiMSJ9",
          "dependencies": [
            "data.local_file.kubeconfig",
            "kubernetes_manifest.blobstorage_pvc",
            "kubernetes_namespace.blob"
          ]
        }
      ]
    },
    {
      "mode": "managed",
      "type": "kubernetes_deployment_v1",
      "name": "jaeger_deployment",
      "provider": "provider[\"registry.terraform.io/hashicorp/kubernetes\"]",
      "instances": [
        {
          "schema_version": 1,
          "attributes": {
            "id": "shared/jaeger",
            "metadata": [
              {
                "annotations": null,
                "generate_name": "",
                "generation": 1,
                "labels": {
                  "app": "jaeger"
                },
                "name": "jaeger",
                "namespace": "shared",
                "resource_version": "797",
                "uid": "415b69a4-8b28-4df5-8486-19b1a26b3a4a"
              }
            ],
            "spec": [
              {
                "min_ready_seconds": 0,
                "paused": false,
                "progress_deadline_seconds": 600,
                "replicas": "1",
                "revision_history_limit": 10,
                "selector": [
                  {
                    "match_expressions": [],
                    "match_labels": {
                      "app": "jaeger"
                    }
                  }
                ],
                "strategy": [
                  {
                    "rolling_update": [
                      {
                        "max_surge": "25%",
                        "max_unavailable": "25%"
                      }
                    ],
                    "type": "RollingUpdate"
                  }
                ],
                "template": [
                  {
                    "metadata": [
                      {
                        "annotations": null,
                        "generate_name": "",
                        "generation": 0,
                        "labels": {
                          "app": "jaeger"
                        },
                        "name": "",
                        "namespace": "",
                        "resource_version": "",
                        "uid": ""
                      }
                    ],
                    "spec": [
                      {
                        "active_deadline_seconds": 0,
                        "affinity": [],
                        "automount_service_account_token": true,
                        "container": [
                          {
                            "args": null,
                            "command": null,
                            "env": [],
                            "env_from": [],
                            "image": "jaegertracing/all-in-one",
                            "image_pull_policy": "Always",
                            "lifecycle": [],
                            "liveness_probe": [],
                            "name": "jaeger",
                            "port": [
                              {
                                "container_port": 14268,
                                "host_ip": "",
                                "host_port": 0,
                                "name": "collector-http",
                                "protocol": "TCP"
                              },
                              {
                                "container_port": 14250,
                                "host_ip": "",
                                "host_port": 0,
                                "name": "collector-grpc",
                                "protocol": "TCP"
                              },
                              {
                                "container_port": 16686,
                                "host_ip": "",
                                "host_port": 0,
                                "name": "frontend",
                                "protocol": "TCP"
                              }
                            ],
                            "readiness_probe": [],
                            "resources": [
                              {
                                "limits": null,
                                "requests": null
                              }
                            ],
                            "security_context": [],
                            "startup_probe": [],
                            "stdin": false,
                            "stdin_once": false,
                            "termination_message_path": "/dev/termination-log",
                            "termination_message_policy": "File",
                            "tty": false,
                            "volume_mount": [],
                            "working_dir": ""
                          }
                        ],
                        "dns_config": [],
                        "dns_policy": "ClusterFirst",
                        "enable_service_links": true,
                        "host_aliases": [],
                        "host_ipc": false,
                        "host_network": false,
                        "host_pid": false,
                        "hostname": "",
                        "image_pull_secrets": [],
                        "init_container": [],
                        "node_name": "",
                        "node_selector": null,
                        "priority_class_name": "",
                        "readiness_gate": [],
                        "restart_policy": "Always",
                        "security_context": [],
                        "service_account_name": "",
                        "share_process_namespace": false,
                        "subdomain": "",
                        "termination_grace_period_seconds": 30,
                        "toleration": [],
                        "topology_spread_constraint": [],
                        "volume": []
                      }
                    ]
                  }
                ]
              }
            ],
            "timeouts": null,
            "wait_for_rollout": true
          },
          "sensitive_attributes": [],
          "private": "eyJlMmJmYjczMC1lY2FhLTExZTYtOGY4OC0zNDM2M2JjN2M0YzAiOnsiY3JlYXRlIjo2MDAwMDAwMDAwMDAsImRlbGV0ZSI6NjAwMDAwMDAwMDAwLCJ1cGRhdGUiOjYwMDAwMDAwMDAwMH0sInNjaGVtYV92ZXJzaW9uIjoiMSJ9",
          "dependencies": [
            "data.local_file.kubeconfig",
            "kubernetes_namespace.shared"
          ]
        }
      ]
    },
    {
      "mode": "managed",
      "type": "kubernetes_deployment_v1",
      "name": "mssql_deployment",
      "provider": "provider[\"registry.terraform.io/hashicorp/kubernetes\"]",
      "instances": [
        {
          "schema_version": 1,
          "attributes": {
            "id": "shared/mssql",
            "metadata": [
              {
                "annotations": null,
                "generate_name": "",
                "generation": 1,
                "labels": {
                  "app": "mssql"
                },
                "name": "mssql",
                "namespace": "shared",
                "resource_version": "851",
                "uid": "2ca93f0e-470a-4d4c-9228-be83f2640a91"
              }
            ],
            "spec": [
              {
                "min_ready_seconds": 0,
                "paused": false,
                "progress_deadline_seconds": 600,
                "replicas": "1",
                "revision_history_limit": 10,
                "selector": [
                  {
                    "match_expressions": [],
                    "match_labels": {
                      "app": "mssql"
                    }
                  }
                ],
                "strategy": [
                  {
                    "rolling_update": [
                      {
                        "max_surge": "25%",
                        "max_unavailable": "25%"
                      }
                    ],
                    "type": "RollingUpdate"
                  }
                ],
                "template": [
                  {
                    "metadata": [
                      {
                        "annotations": null,
                        "generate_name": "",
                        "generation": 0,
                        "labels": {
                          "app": "mssql"
                        },
                        "name": "",
                        "namespace": "",
                        "resource_version": "",
                        "uid": ""
                      }
                    ],
                    "spec": [
                      {
                        "active_deadline_seconds": 0,
                        "affinity": [],
                        "automount_service_account_token": true,
                        "container": [
                          {
                            "args": null,
                            "command": null,
                            "env": [
                              {
                                "name": "ACCEPT_EULA",
                                "value": "Y",
                                "value_from": []
                              },
                              {
                                "name": "MSSQL_SA_PASSWORD",
                                "value": "Passw12#",
                                "value_from": []
                              }
                            ],
                            "env_from": [],
                            "image": "mcr.microsoft.com/mssql/server:2022-latest",
                            "image_pull_policy": "IfNotPresent",
                            "lifecycle": [],
                            "liveness_probe": [],
                            "name": "mssql",
                            "port": [],
                            "readiness_probe": [],
                            "resources": [
                              {
                                "limits": null,
                                "requests": null
                              }
                            ],
                            "security_context": [],
                            "startup_probe": [],
                            "stdin": false,
                            "stdin_once": false,
                            "termination_message_path": "/dev/termination-log",
                            "termination_message_policy": "File",
                            "tty": false,
                            "volume_mount": [
                              {
                                "mount_path": "/var/opt/mssql",
                                "mount_propagation": "None",
                                "name": "data",
                                "read_only": false,
                                "sub_path": ""
                              }
                            ],
                            "working_dir": ""
                          }
                        ],
                        "dns_config": [],
                        "dns_policy": "ClusterFirst",
                        "enable_service_links": true,
                        "host_aliases": [],
                        "host_ipc": false,
                        "host_network": false,
                        "host_pid": false,
                        "hostname": "",
                        "image_pull_secrets": [],
                        "init_container": [],
                        "node_name": "",
                        "node_selector": null,
                        "priority_class_name": "",
                        "readiness_gate": [],
                        "restart_policy": "Always",
                        "security_context": [],
                        "service_account_name": "",
                        "share_process_namespace": false,
                        "subdomain": "",
                        "termination_grace_period_seconds": 30,
                        "toleration": [],
                        "topology_spread_constraint": [],
                        "volume": [
                          {
                            "aws_elastic_block_store": [],
                            "azure_disk": [],
                            "azure_file": [],
                            "ceph_fs": [],
                            "cinder": [],
                            "config_map": [],
                            "csi": [],
                            "downward_api": [],
                            "empty_dir": [],
                            "fc": [],
                            "flex_volume": [],
                            "flocker": [],
                            "gce_persistent_disk": [],
                            "git_repo": [],
                            "glusterfs": [],
                            "host_path": [],
                            "iscsi": [],
                            "local": [],
                            "name": "data",
                            "nfs": [],
                            "persistent_volume_claim": [
                              {
                                "claim_name": "mssql-pvc",
                                "read_only": false
                              }
                            ],
                            "photon_persistent_disk": [],
                            "projected": [],
                            "quobyte": [],
                            "rbd": [],
                            "secret": [],
                            "vsphere_volume": []
                          }
                        ]
                      }
                    ]
                  }
                ]
              }
            ],
            "timeouts": null,
            "wait_for_rollout": true
          },
          "sensitive_attributes": [],
          "private": "eyJlMmJmYjczMC1lY2FhLTExZTYtOGY4OC0zNDM2M2JjN2M0YzAiOnsiY3JlYXRlIjo2MDAwMDAwMDAwMDAsImRlbGV0ZSI6NjAwMDAwMDAwMDAwLCJ1cGRhdGUiOjYwMDAwMDAwMDAwMH0sInNjaGVtYV92ZXJzaW9uIjoiMSJ9",
          "dependencies": [
            "data.local_file.kubeconfig",
            "kubernetes_manifest.mssql_pvc",
            "kubernetes_namespace.shared"
          ]
        }
      ]
    },
    {
      "mode": "managed",
      "type": "kubernetes_deployment_v1",
      "name": "seq_deployment",
      "provider": "provider[\"registry.terraform.io/hashicorp/kubernetes\"]",
      "instances": [
        {
          "schema_version": 1,
          "attributes": {
            "id": "shared/seq",
            "metadata": [
              {
                "annotations": null,
                "generate_name": "",
                "generation": 1,
                "labels": {
                  "app": "seq"
                },
                "name": "seq",
                "namespace": "shared",
                "resource_version": "837",
                "uid": "cd13034a-ac0a-4f1a-b321-54337a2ac838"
              }
            ],
            "spec": [
              {
                "min_ready_seconds": 0,
                "paused": false,
                "progress_deadline_seconds": 600,
                "replicas": "1",
                "revision_history_limit": 10,
                "selector": [
                  {
                    "match_expressions": [],
                    "match_labels": {
                      "app": "seq"
                    }
                  }
                ],
                "strategy": [
                  {
                    "rolling_update": [
                      {
                        "max_surge": "25%",
                        "max_unavailable": "25%"
                      }
                    ],
                    "type": "RollingUpdate"
                  }
                ],
                "template": [
                  {
                    "metadata": [
                      {
                        "annotations": null,
                        "generate_name": "",
                        "generation": 0,
                        "labels": {
                          "app": "seq"
                        },
                        "name": "",
                        "namespace": "",
                        "resource_version": "",
                        "uid": ""
                      }
                    ],
                    "spec": [
                      {
                        "active_deadline_seconds": 0,
                        "affinity": [],
                        "automount_service_account_token": true,
                        "container": [
                          {
                            "args": null,
                            "command": null,
                            "env": [
                              {
                                "name": "ACCEPT_EULA",
                                "value": "Y",
                                "value_from": []
                              }
                            ],
                            "env_from": [],
                            "image": "datalust/seq",
                            "image_pull_policy": "Always",
                            "lifecycle": [],
                            "liveness_probe": [],
                            "name": "seq",
                            "port": [
                              {
                                "container_port": 80,
                                "host_ip": "",
                                "host_port": 0,
                                "name": "",
                                "protocol": "TCP"
                              },
                              {
                                "container_port": 5341,
                                "host_ip": "",
                                "host_port": 0,
                                "name": "",
                                "protocol": "TCP"
                              }
                            ],
                            "readiness_probe": [],
                            "resources": [
                              {
                                "limits": null,
                                "requests": null
                              }
                            ],
                            "security_context": [],
                            "startup_probe": [],
                            "stdin": false,
                            "stdin_once": false,
                            "termination_message_path": "/dev/termination-log",
                            "termination_message_policy": "File",
                            "tty": false,
                            "volume_mount": [
                              {
                                "mount_path": "/data",
                                "mount_propagation": "None",
                                "name": "data",
                                "read_only": false,
                                "sub_path": ""
                              }
                            ],
                            "working_dir": ""
                          }
                        ],
                        "dns_config": [],
                        "dns_policy": "ClusterFirst",
                        "enable_service_links": true,
                        "host_aliases": [],
                        "host_ipc": false,
                        "host_network": false,
                        "host_pid": false,
                        "hostname": "",
                        "image_pull_secrets": [],
                        "init_container": [],
                        "node_name": "",
                        "node_selector": null,
                        "priority_class_name": "",
                        "readiness_gate": [],
                        "restart_policy": "Always",
                        "security_context": [],
                        "service_account_name": "",
                        "share_process_namespace": false,
                        "subdomain": "",
                        "termination_grace_period_seconds": 30,
                        "toleration": [],
                        "topology_spread_constraint": [],
                        "volume": [
                          {
                            "aws_elastic_block_store": [],
                            "azure_disk": [],
                            "azure_file": [],
                            "ceph_fs": [],
                            "cinder": [],
                            "config_map": [],
                            "csi": [],
                            "downward_api": [],
                            "empty_dir": [],
                            "fc": [],
                            "flex_volume": [],
                            "flocker": [],
                            "gce_persistent_disk": [],
                            "git_repo": [],
                            "glusterfs": [],
                            "host_path": [],
                            "iscsi": [],
                            "local": [],
                            "name": "data",
                            "nfs": [],
                            "persistent_volume_claim": [
                              {
                                "claim_name": "seq-pvc",
                                "read_only": false
                              }
                            ],
                            "photon_persistent_disk": [],
                            "projected": [],
                            "quobyte": [],
                            "rbd": [],
                            "secret": [],
                            "vsphere_volume": []
                          }
                        ]
                      }
                    ]
                  }
                ]
              }
            ],
            "timeouts": null,
            "wait_for_rollout": true
          },
          "sensitive_attributes": [],
          "private": "eyJlMmJmYjczMC1lY2FhLTExZTYtOGY4OC0zNDM2M2JjN2M0YzAiOnsiY3JlYXRlIjo2MDAwMDAwMDAwMDAsImRlbGV0ZSI6NjAwMDAwMDAwMDAwLCJ1cGRhdGUiOjYwMDAwMDAwMDAwMH0sInNjaGVtYV92ZXJzaW9uIjoiMSJ9",
          "dependencies": [
            "data.local_file.kubeconfig",
            "kubernetes_manifest.seq_pvc",
            "kubernetes_namespace.shared"
          ]
        }
      ]
    },
    {
      "mode": "managed",
      "type": "kubernetes_ingress_v1",
      "name": "blobstorage_ingress",
      "provider": "provider[\"registry.terraform.io/hashicorp/kubernetes\"]",
      "instances": [
        {
          "schema_version": 0,
          "attributes": {
            "id": "blob/blobstorage-ingress",
            "metadata": [
              {
                "annotations": null,
                "generate_name": "",
                "generation": 1,
                "labels": {
                  "app": "blobstorage"
                },
                "name": "blobstorage-ingress",
                "namespace": "blob",
                "resource_version": "660",
                "uid": "4343bcae-0d6b-41dc-84c4-87f2ced24218"
              }
            ],
            "spec": [
              {
                "default_backend": [],
                "ingress_class_name": "",
                "rule": [
                  {
                    "host": "blobstorage.local.lncd.pl",
                    "http": [
                      {
                        "path": [
                          {
                            "backend": [
                              {
                                "resource": [],
                                "service": [
                                  {
                                    "name": "blobstorage",
                                    "port": [
                                      {
                                        "name": 0,
                                        "number": 80
                                      }
                                    ]
                                  }
                                ]
                              }
                            ],
                            "path": "",
                            "path_type": "ImplementationSpecific"
                          }
                        ]
                      }
                    ]
                  }
                ],
                "tls": []
              }
            ],
            "status": [
              {
                "load_balancer": [
                  {
                    "ingress": [
                      {
                        "hostname": "",
                        "ip": "172.24.0.3"
                      }
                    ]
                  }
                ]
              }
            ],
            "wait_for_load_balancer": null
          },
          "sensitive_attributes": [],
          "private": "bnVsbA==",
          "dependencies": [
            "data.local_file.kubeconfig",
            "kubernetes_namespace.blob",
            "kubernetes_service_v1.blobstorage_service"
          ]
        }
      ]
    },
    {
      "mode": "managed",
      "type": "kubernetes_ingress_v1",
      "name": "jaeger_ingress",
      "provider": "provider[\"registry.terraform.io/hashicorp/kubernetes\"]",
      "instances": [
        {
          "schema_version": 0,
          "attributes": {
            "id": "shared/jaeger-ingress",
            "metadata": [
              {
                "annotations": null,
                "generate_name": "",
                "generation": 1,
                "labels": {
                  "app": "jaeger"
                },
                "name": "jaeger-ingress",
                "namespace": "shared",
                "resource_version": "633",
                "uid": "a5c29389-1fe5-4a90-8c33-9517d67da643"
              }
            ],
            "spec": [
              {
                "default_backend": [],
                "ingress_class_name": "",
                "rule": [
                  {
                    "host": "jaeger.local.lncd.pl",
                    "http": [
                      {
                        "path": [
                          {
                            "backend": [
                              {
                                "resource": [],
                                "service": [
                                  {
                                    "name": "jaeger-svc",
                                    "port": [
                                      {
                                        "name": 0,
                                        "number": 16686
                                      }
                                    ]
                                  }
                                ]
                              }
                            ],
                            "path": "",
                            "path_type": "ImplementationSpecific"
                          }
                        ]
                      }
                    ]
                  }
                ],
                "tls": []
              }
            ],
            "status": [
              {
                "load_balancer": [
                  {
                    "ingress": []
                  }
                ]
              }
            ],
            "wait_for_load_balancer": null
          },
          "sensitive_attributes": [],
          "private": "bnVsbA==",
          "dependencies": [
            "data.local_file.kubeconfig",
            "kubernetes_namespace.shared",
            "kubernetes_service_v1.jaeger_service"
          ]
        }
      ]
    },
    {
      "mode": "managed",
      "type": "kubernetes_ingress_v1",
      "name": "seq_ingress",
      "provider": "provider[\"registry.terraform.io/hashicorp/kubernetes\"]",
      "instances": [
        {
          "schema_version": 0,
          "attributes": {
            "id": "shared/seq-ingress",
            "metadata": [
              {
                "annotations": null,
                "generate_name": "",
                "generation": 1,
                "labels": {
                  "app": "seq"
                },
                "name": "seq-ingress",
                "namespace": "shared",
                "resource_version": "646",
                "uid": "063143c3-6f17-4ad2-aa07-6cf126a5b201"
              }
            ],
            "spec": [
              {
                "default_backend": [],
                "ingress_class_name": "",
                "rule": [
                  {
                    "host": "seq.local.lncd.pl",
                    "http": [
                      {
                        "path": [
                          {
                            "backend": [
                              {
                                "resource": [],
                                "service": [
                                  {
                                    "name": "seq-svc",
                                    "port": [
                                      {
                                        "name": 0,
                                        "number": 80
                                      }
                                    ]
                                  }
                                ]
                              }
                            ],
                            "path": "",
                            "path_type": "ImplementationSpecific"
                          }
                        ]
                      }
                    ]
                  }
                ],
                "tls": []
              }
            ],
            "status": [
              {
                "load_balancer": [
                  {
                    "ingress": []
                  }
                ]
              }
            ],
            "wait_for_load_balancer": null
          },
          "sensitive_attributes": [],
          "private": "bnVsbA==",
          "dependencies": [
            "data.local_file.kubeconfig",
            "kubernetes_namespace.shared",
            "kubernetes_service_v1.seq_service"
          ]
        }
      ]
    },
    {
      "mode": "managed",
      "type": "kubernetes_manifest",
      "name": "blobstorage_pvc",
      "provider": "provider[\"registry.terraform.io/hashicorp/kubernetes\"]",
      "instances": [
        {
          "schema_version": 1,
          "attributes": {
            "computed_fields": null,
            "field_manager": [],
            "manifest": {
              "value": {
                "apiVersion": "v1",
                "kind": "PersistentVolumeClaim",
                "metadata": {
                  "labels": {
                    "app": "blobstorage"
                  },
                  "name": "blobstorage-pvc",
                  "namespace": "blob"
                },
                "spec": {
                  "accessModes": [
                    "ReadWriteOnce"
                  ],
                  "resources": {
                    "requests": {
                      "storage": "10Gi"
                    }
                  }
                }
              },
              "type": [
                "object",
                {
                  "apiVersion": "string",
                  "kind": "string",
                  "metadata": [
                    "object",
                    {
                      "labels": [
                        "object",
                        {
                          "app": "string"
                        }
                      ],
                      "name": "string",
                      "namespace": "string"
                    }
                  ],
                  "spec": [
                    "object",
                    {
                      "accessModes": [
                        "tuple",
                        [
                          "string"
                        ]
                      ],
                      "resources": [
                        "object",
                        {
                          "requests": [
                            "object",
                            {
                              "storage": "string"
                            }
                          ]
                        }
                      ]
                    }
                  ]
                }
              ]
            },
            "object": {
              "value": {
                "apiVersion": "v1",
                "kind": "PersistentVolumeClaim",
                "metadata": {
                  "annotations": null,
                  "clusterName": null,
                  "creationTimestamp": null,
                  "deletionGracePeriodSeconds": null,
                  "deletionTimestamp": null,
                  "finalizers": [
                    "kubernetes.io/pvc-protection"
                  ],
                  "generateName": null,
                  "generation": null,
                  "labels": {
                    "app": "blobstorage"
                  },
                  "managedFields": null,
                  "name": "blobstorage-pvc",
                  "namespace": "blob",
                  "ownerReferences": null,
                  "resourceVersion": null,
                  "selfLink": null,
                  "uid": null
                },
                "spec": {
                  "accessModes": [
                    "ReadWriteOnce"
                  ],
                  "dataSource": {
                    "apiGroup": null,
                    "kind": null,
                    "name": null
                  },
                  "dataSourceRef": {
                    "apiGroup": null,
                    "kind": null,
                    "name": null
                  },
                  "resources": {
                    "limits": null,
                    "requests": {
                      "storage": "10Gi"
                    }
                  },
                  "selector": {
                    "matchExpressions": null,
                    "matchLabels": null
                  },
                  "storageClassName": "local-path",
                  "volumeMode": "Filesystem",
                  "volumeName": null
                }
              },
              "type": [
                "object",
                {
                  "apiVersion": "string",
                  "kind": "string",
                  "metadata": [
                    "object",
                    {
                      "annotations": [
                        "map",
                        "string"
                      ],
                      "clusterName": "string",
                      "creationTimestamp": "string",
                      "deletionGracePeriodSeconds": "number",
                      "deletionTimestamp": "string",
                      "finalizers": [
                        "list",
                        "string"
                      ],
                      "generateName": "string",
                      "generation": "number",
                      "labels": [
                        "map",
                        "string"
                      ],
                      "managedFields": [
                        "list",
                        [
                          "object",
                          {
                            "apiVersion": "string",
                            "fieldsType": "string",
                            "fieldsV1": "dynamic",
                            "manager": "string",
                            "operation": "string",
                            "subresource": "string",
                            "time": "string"
                          }
                        ]
                      ],
                      "name": "string",
                      "namespace": "string",
                      "ownerReferences": [
                        "list",
                        [
                          "object",
                          {
                            "apiVersion": "string",
                            "blockOwnerDeletion": "bool",
                            "controller": "bool",
                            "kind": "string",
                            "name": "string",
                            "uid": "string"
                          }
                        ]
                      ],
                      "resourceVersion": "string",
                      "selfLink": "string",
                      "uid": "string"
                    }
                  ],
                  "spec": [
                    "object",
                    {
                      "accessModes": [
                        "list",
                        "string"
                      ],
                      "dataSource": [
                        "object",
                        {
                          "apiGroup": "string",
                          "kind": "string",
                          "name": "string"
                        }
                      ],
                      "dataSourceRef": [
                        "object",
                        {
                          "apiGroup": "string",
                          "kind": "string",
                          "name": "string"
                        }
                      ],
                      "resources": [
                        "object",
                        {
                          "limits": [
                            "map",
                            "string"
                          ],
                          "requests": [
                            "map",
                            "string"
                          ]
                        }
                      ],
                      "selector": [
                        "object",
                        {
                          "matchExpressions": [
                            "list",
                            [
                              "object",
                              {
                                "key": "string",
                                "operator": "string",
                                "values": [
                                  "list",
                                  "string"
                                ]
                              }
                            ]
                          ],
                          "matchLabels": [
                            "map",
                            "string"
                          ]
                        }
                      ],
                      "storageClassName": "string",
                      "volumeMode": "string",
                      "volumeName": "string"
                    }
                  ]
                }
              ]
            },
            "timeouts": [],
            "wait_for": null
          },
          "sensitive_attributes": [],
          "dependencies": [
            "data.local_file.kubeconfig",
            "kubernetes_namespace.blob"
          ]
        }
      ]
    },
    {
      "mode": "managed",
      "type": "kubernetes_manifest",
      "name": "mssql_pvc",
      "provider": "provider[\"registry.terraform.io/hashicorp/kubernetes\"]",
      "instances": [
        {
          "schema_version": 1,
          "attributes": {
            "computed_fields": null,
            "field_manager": [],
            "manifest": {
              "value": {
                "apiVersion": "v1",
                "kind": "PersistentVolumeClaim",
                "metadata": {
                  "labels": {
                    "app": "mssql"
                  },
                  "name": "mssql-pvc",
                  "namespace": "shared"
                },
                "spec": {
                  "accessModes": [
                    "ReadWriteOnce"
                  ],
                  "resources": {
                    "requests": {
                      "storage": "10Gi"
                    }
                  }
                }
              },
              "type": [
                "object",
                {
                  "apiVersion": "string",
                  "kind": "string",
                  "metadata": [
                    "object",
                    {
                      "labels": [
                        "object",
                        {
                          "app": "string"
                        }
                      ],
                      "name": "string",
                      "namespace": "string"
                    }
                  ],
                  "spec": [
                    "object",
                    {
                      "accessModes": [
                        "tuple",
                        [
                          "string"
                        ]
                      ],
                      "resources": [
                        "object",
                        {
                          "requests": [
                            "object",
                            {
                              "storage": "string"
                            }
                          ]
                        }
                      ]
                    }
                  ]
                }
              ]
            },
            "object": {
              "value": {
                "apiVersion": "v1",
                "kind": "PersistentVolumeClaim",
                "metadata": {
                  "annotations": null,
                  "clusterName": null,
                  "creationTimestamp": null,
                  "deletionGracePeriodSeconds": null,
                  "deletionTimestamp": null,
                  "finalizers": [
                    "kubernetes.io/pvc-protection"
                  ],
                  "generateName": null,
                  "generation": null,
                  "labels": {
                    "app": "mssql"
                  },
                  "managedFields": null,
                  "name": "mssql-pvc",
                  "namespace": "shared",
                  "ownerReferences": null,
                  "resourceVersion": null,
                  "selfLink": null,
                  "uid": null
                },
                "spec": {
                  "accessModes": [
                    "ReadWriteOnce"
                  ],
                  "dataSource": {
                    "apiGroup": null,
                    "kind": null,
                    "name": null
                  },
                  "dataSourceRef": {
                    "apiGroup": null,
                    "kind": null,
                    "name": null
                  },
                  "resources": {
                    "limits": null,
                    "requests": {
                      "storage": "10Gi"
                    }
                  },
                  "selector": {
                    "matchExpressions": null,
                    "matchLabels": null
                  },
                  "storageClassName": "local-path",
                  "volumeMode": "Filesystem",
                  "volumeName": null
                }
              },
              "type": [
                "object",
                {
                  "apiVersion": "string",
                  "kind": "string",
                  "metadata": [
                    "object",
                    {
                      "annotations": [
                        "map",
                        "string"
                      ],
                      "clusterName": "string",
                      "creationTimestamp": "string",
                      "deletionGracePeriodSeconds": "number",
                      "deletionTimestamp": "string",
                      "finalizers": [
                        "list",
                        "string"
                      ],
                      "generateName": "string",
                      "generation": "number",
                      "labels": [
                        "map",
                        "string"
                      ],
                      "managedFields": [
                        "list",
                        [
                          "object",
                          {
                            "apiVersion": "string",
                            "fieldsType": "string",
                            "fieldsV1": "dynamic",
                            "manager": "string",
                            "operation": "string",
                            "subresource": "string",
                            "time": "string"
                          }
                        ]
                      ],
                      "name": "string",
                      "namespace": "string",
                      "ownerReferences": [
                        "list",
                        [
                          "object",
                          {
                            "apiVersion": "string",
                            "blockOwnerDeletion": "bool",
                            "controller": "bool",
                            "kind": "string",
                            "name": "string",
                            "uid": "string"
                          }
                        ]
                      ],
                      "resourceVersion": "string",
                      "selfLink": "string",
                      "uid": "string"
                    }
                  ],
                  "spec": [
                    "object",
                    {
                      "accessModes": [
                        "list",
                        "string"
                      ],
                      "dataSource": [
                        "object",
                        {
                          "apiGroup": "string",
                          "kind": "string",
                          "name": "string"
                        }
                      ],
                      "dataSourceRef": [
                        "object",
                        {
                          "apiGroup": "string",
                          "kind": "string",
                          "name": "string"
                        }
                      ],
                      "resources": [
                        "object",
                        {
                          "limits": [
                            "map",
                            "string"
                          ],
                          "requests": [
                            "map",
                            "string"
                          ]
                        }
                      ],
                      "selector": [
                        "object",
                        {
                          "matchExpressions": [
                            "list",
                            [
                              "object",
                              {
                                "key": "string",
                                "operator": "string",
                                "values": [
                                  "list",
                                  "string"
                                ]
                              }
                            ]
                          ],
                          "matchLabels": [
                            "map",
                            "string"
                          ]
                        }
                      ],
                      "storageClassName": "string",
                      "volumeMode": "string",
                      "volumeName": "string"
                    }
                  ]
                }
              ]
            },
            "timeouts": [],
            "wait_for": null
          },
          "sensitive_attributes": [],
          "dependencies": [
            "data.local_file.kubeconfig",
            "kubernetes_namespace.shared"
          ]
        }
      ]
    },
    {
      "mode": "managed",
      "type": "kubernetes_manifest",
      "name": "seq_pvc",
      "provider": "provider[\"registry.terraform.io/hashicorp/kubernetes\"]",
      "instances": [
        {
          "schema_version": 1,
          "attributes": {
            "computed_fields": null,
            "field_manager": [],
            "manifest": {
              "value": {
                "apiVersion": "v1",
                "kind": "PersistentVolumeClaim",
                "metadata": {
                  "labels": {
                    "app": "seq"
                  },
                  "name": "seq-pvc",
                  "namespace": "shared"
                },
                "spec": {
                  "accessModes": [
                    "ReadWriteOnce"
                  ],
                  "resources": {
                    "requests": {
                      "storage": "1Gi"
                    }
                  }
                }
              },
              "type": [
                "object",
                {
                  "apiVersion": "string",
                  "kind": "string",
                  "metadata": [
                    "object",
                    {
                      "labels": [
                        "object",
                        {
                          "app": "string"
                        }
                      ],
                      "name": "string",
                      "namespace": "string"
                    }
                  ],
                  "spec": [
                    "object",
                    {
                      "accessModes": [
                        "tuple",
                        [
                          "string"
                        ]
                      ],
                      "resources": [
                        "object",
                        {
                          "requests": [
                            "object",
                            {
                              "storage": "string"
                            }
                          ]
                        }
                      ]
                    }
                  ]
                }
              ]
            },
            "object": {
              "value": {
                "apiVersion": "v1",
                "kind": "PersistentVolumeClaim",
                "metadata": {
                  "annotations": null,
                  "clusterName": null,
                  "creationTimestamp": null,
                  "deletionGracePeriodSeconds": null,
                  "deletionTimestamp": null,
                  "finalizers": [
                    "kubernetes.io/pvc-protection"
                  ],
                  "generateName": null,
                  "generation": null,
                  "labels": {
                    "app": "seq"
                  },
                  "managedFields": null,
                  "name": "seq-pvc",
                  "namespace": "shared",
                  "ownerReferences": null,
                  "resourceVersion": null,
                  "selfLink": null,
                  "uid": null
                },
                "spec": {
                  "accessModes": [
                    "ReadWriteOnce"
                  ],
                  "dataSource": {
                    "apiGroup": null,
                    "kind": null,
                    "name": null
                  },
                  "dataSourceRef": {
                    "apiGroup": null,
                    "kind": null,
                    "name": null
                  },
                  "resources": {
                    "limits": null,
                    "requests": {
                      "storage": "1Gi"
                    }
                  },
                  "selector": {
                    "matchExpressions": null,
                    "matchLabels": null
                  },
                  "storageClassName": "local-path",
                  "volumeMode": "Filesystem",
                  "volumeName": null
                }
              },
              "type": [
                "object",
                {
                  "apiVersion": "string",
                  "kind": "string",
                  "metadata": [
                    "object",
                    {
                      "annotations": [
                        "map",
                        "string"
                      ],
                      "clusterName": "string",
                      "creationTimestamp": "string",
                      "deletionGracePeriodSeconds": "number",
                      "deletionTimestamp": "string",
                      "finalizers": [
                        "list",
                        "string"
                      ],
                      "generateName": "string",
                      "generation": "number",
                      "labels": [
                        "map",
                        "string"
                      ],
                      "managedFields": [
                        "list",
                        [
                          "object",
                          {
                            "apiVersion": "string",
                            "fieldsType": "string",
                            "fieldsV1": "dynamic",
                            "manager": "string",
                            "operation": "string",
                            "subresource": "string",
                            "time": "string"
                          }
                        ]
                      ],
                      "name": "string",
                      "namespace": "string",
                      "ownerReferences": [
                        "list",
                        [
                          "object",
                          {
                            "apiVersion": "string",
                            "blockOwnerDeletion": "bool",
                            "controller": "bool",
                            "kind": "string",
                            "name": "string",
                            "uid": "string"
                          }
                        ]
                      ],
                      "resourceVersion": "string",
                      "selfLink": "string",
                      "uid": "string"
                    }
                  ],
                  "spec": [
                    "object",
                    {
                      "accessModes": [
                        "list",
                        "string"
                      ],
                      "dataSource": [
                        "object",
                        {
                          "apiGroup": "string",
                          "kind": "string",
                          "name": "string"
                        }
                      ],
                      "dataSourceRef": [
                        "object",
                        {
                          "apiGroup": "string",
                          "kind": "string",
                          "name": "string"
                        }
                      ],
                      "resources": [
                        "object",
                        {
                          "limits": [
                            "map",
                            "string"
                          ],
                          "requests": [
                            "map",
                            "string"
                          ]
                        }
                      ],
                      "selector": [
                        "object",
                        {
                          "matchExpressions": [
                            "list",
                            [
                              "object",
                              {
                                "key": "string",
                                "operator": "string",
                                "values": [
                                  "list",
                                  "string"
                                ]
                              }
                            ]
                          ],
                          "matchLabels": [
                            "map",
                            "string"
                          ]
                        }
                      ],
                      "storageClassName": "string",
                      "volumeMode": "string",
                      "volumeName": "string"
                    }
                  ]
                }
              ]
            },
            "timeouts": [],
            "wait_for": null
          },
          "sensitive_attributes": [],
          "dependencies": [
            "data.local_file.kubeconfig",
            "kubernetes_namespace.shared"
          ]
        }
      ]
    },
    {
      "mode": "managed",
      "type": "kubernetes_namespace",
      "name": "blob",
      "provider": "provider[\"registry.terraform.io/hashicorp/kubernetes\"]",
      "instances": [
        {
          "schema_version": 0,
          "attributes": {
            "id": "blob",
            "metadata": [
              {
                "annotations": null,
                "generate_name": "",
                "generation": 0,
                "labels": null,
                "name": "blob",
                "resource_version": "604",
                "uid": "26c97482-17be-4f61-a5fd-b4e6fa986b4d"
              }
            ],
            "timeouts": null
          },
          "sensitive_attributes": [],
          "private": "eyJlMmJmYjczMC1lY2FhLTExZTYtOGY4OC0zNDM2M2JjN2M0YzAiOnsiZGVsZXRlIjozMDAwMDAwMDAwMDB9fQ==",
          "dependencies": [
            "data.local_file.kubeconfig"
          ]
        }
      ]
    },
    {
      "mode": "managed",
      "type": "kubernetes_namespace",
      "name": "main",
      "provider": "provider[\"registry.terraform.io/hashicorp/kubernetes\"]",
      "instances": [
        {
          "schema_version": 0,
          "attributes": {
            "id": "exampleapp-dev",
            "metadata": [
              {
                "annotations": null,
                "generate_name": "",
                "generation": 0,
                "labels": null,
                "name": "exampleapp-dev",
                "resource_version": "606",
                "uid": "edfa672d-5273-4ecd-9b72-06dde81d1b57"
              }
            ],
            "timeouts": null
          },
          "sensitive_attributes": [],
          "private": "eyJlMmJmYjczMC1lY2FhLTExZTYtOGY4OC0zNDM2M2JjN2M0YzAiOnsiZGVsZXRlIjozMDAwMDAwMDAwMDB9fQ==",
          "dependencies": [
            "data.local_file.kubeconfig"
          ]
        }
      ]
    },
    {
      "mode": "managed",
      "type": "kubernetes_namespace",
      "name": "shared",
      "provider": "provider[\"registry.terraform.io/hashicorp/kubernetes\"]",
      "instances": [
        {
          "schema_version": 0,
          "attributes": {
            "id": "shared",
            "metadata": [
              {
                "annotations": {},
                "generate_name": "",
                "generation": 0,
                "labels": {},
                "name": "shared",
                "resource_version": "338",
                "uid": "fd4eebfa-72f8-4032-b2dd-b12f731817a5"
              }
            ],
            "timeouts": null
          },
          "sensitive_attributes": [],
          "private": "eyJlMmJmYjczMC1lY2FhLTExZTYtOGY4OC0zNDM2M2JjN2M0YzAiOnsiZGVsZXRlIjozMDAwMDAwMDAwMDB9fQ==",
          "dependencies": [
            "data.local_file.kubeconfig",
            "null_resource.cluster",
            "null_resource.cluster_kubeconfig"
          ]
        }
      ]
    },
    {
      "mode": "managed",
      "type": "kubernetes_secret",
      "name": "otel_config",
      "provider": "provider[\"registry.terraform.io/hashicorp/kubernetes\"]",
      "instances": [
        {
          "schema_version": 0,
          "attributes": {
            "binary_data": null,
            "data": {
              "otel-agent-config.yaml": "\"exporters\":\n  \"jaeger\":\n    \"endpoint\": \"jaeger.shared.svc.cluster.local:14250\"\n    \"tls\":\n      \"insecure\": true\n\"extensions\":\n  \"health_check\": {}\n\"processors\":\n  \"batch\":\n    \"timeout\": \"10s\"\n  \"k8sattributes\":\n    \"passthrough\": true\n  \"resourcedetection\":\n    \"detectors\":\n    - \"env\"\n    \"override\": false\n    \"timeout\": \"5s\"\n\"receivers\":\n  \"jaeger\":\n    \"protocols\":\n      \"thrift_http\":\n        \"endpoint\": \"0.0.0.0:14268\"\n  \"otlp\":\n    \"protocols\":\n      \"grpc\":\n        \"endpoint\": \"0.0.0.0:55680\"\n      \"http\":\n        \"endpoint\": \"0.0.0.0:55681\"\n\"service\":\n  \"extensions\":\n  - \"health_check\"\n  \"pipelines\":\n    \"traces\":\n      \"exporters\":\n      - \"jaeger\"\n      \"processors\":\n      - \"batch\"\n      - \"resourcedetection\"\n      - \"k8sattributes\"\n      \"receivers\":\n      - \"otlp\"\n      - \"jaeger\"\n"
            },
            "id": "shared/otel-config",
            "immutable": false,
            "metadata": [
              {
                "annotations": null,
                "generate_name": "",
                "generation": 0,
                "labels": {
                  "app": "otlp"
                },
                "name": "otel-config",
                "namespace": "shared",
                "resource_version": "608",
                "uid": "df92f303-c3d2-4524-b893-5f77e34eb0c6"
              }
            ],
            "type": "Opaque"
          },
          "sensitive_attributes": [],
          "private": "bnVsbA==",
          "dependencies": [
            "data.local_file.kubeconfig",
            "kubernetes_namespace.shared"
          ]
        }
      ]
    },
    {
      "mode": "managed",
      "type": "kubernetes_service_v1",
      "name": "blobstorage_service",
      "provider": "provider[\"registry.terraform.io/hashicorp/kubernetes\"]",
      "instances": [
        {
          "schema_version": 1,
          "attributes": {
            "id": "blob/blobstorage",
            "metadata": [
              {
                "annotations": null,
                "generate_name": "",
                "generation": 0,
                "labels": {
                  "app": "blobstorage"
                },
                "name": "blobstorage",
                "namespace": "blob",
                "resource_version": "644",
                "uid": "54c409f1-8b32-4f33-96d2-1442539d7c18"
              }
            ],
            "spec": [
              {
                "cluster_ip": "10.43.243.217",
                "external_ips": null,
                "external_name": "",
                "external_traffic_policy": "",
                "health_check_node_port": 0,
                "load_balancer_ip": "",
                "load_balancer_source_ranges": null,
                "port": [
                  {
                    "name": "",
                    "node_port": 0,
                    "port": 80,
                    "protocol": "TCP",
                    "target_port": "10000"
                  }
                ],
                "publish_not_ready_addresses": false,
                "selector": {
                  "app": "blobstorage"
                },
                "session_affinity": "None",
                "type": "ClusterIP"
              }
            ],
            "status": [
              {
                "load_balancer": [
                  {
                    "ingress": []
                  }
                ]
              }
            ],
            "timeouts": null,
            "wait_for_load_balancer": true
          },
          "sensitive_attributes": [],
          "private": "eyJlMmJmYjczMC1lY2FhLTExZTYtOGY4OC0zNDM2M2JjN2M0YzAiOnsiY3JlYXRlIjo2MDAwMDAwMDAwMDB9LCJzY2hlbWFfdmVyc2lvbiI6IjEifQ==",
          "dependencies": [
            "data.local_file.kubeconfig",
            "kubernetes_namespace.blob"
          ]
        }
      ]
    },
    {
      "mode": "managed",
      "type": "kubernetes_service_v1",
      "name": "jaeger_service",
      "provider": "provider[\"registry.terraform.io/hashicorp/kubernetes\"]",
      "instances": [
        {
          "schema_version": 1,
          "attributes": {
            "id": "shared/jaeger-svc",
            "metadata": [
              {
                "annotations": null,
                "generate_name": "",
                "generation": 0,
                "labels": {
                  "app": "jaeger"
                },
                "name": "jaeger-svc",
                "namespace": "shared",
                "resource_version": "611",
                "uid": "81cd7c9a-4dc6-452c-96d3-b9322192ded2"
              }
            ],
            "spec": [
              {
                "cluster_ip": "10.43.204.195",
                "external_ips": null,
                "external_name": "",
                "external_traffic_policy": "",
                "health_check_node_port": 0,
                "load_balancer_ip": "",
                "load_balancer_source_ranges": null,
                "port": [
                  {
                    "name": "collector-http",
                    "node_port": 0,
                    "port": 14268,
                    "protocol": "TCP",
                    "target_port": "14268"
                  },
                  {
                    "name": "collector-grpc",
                    "node_port": 0,
                    "port": 14250,
                    "protocol": "TCP",
                    "target_port": "14250"
                  },
                  {
                    "name": "frontend",
                    "node_port": 0,
                    "port": 16686,
                    "protocol": "TCP",
                    "target_port": "16686"
                  }
                ],
                "publish_not_ready_addresses": false,
                "selector": {
                  "app": "jaeger"
                },
                "session_affinity": "None",
                "type": "ClusterIP"
              }
            ],
            "status": [
              {
                "load_balancer": [
                  {
                    "ingress": []
                  }
                ]
              }
            ],
            "timeouts": null,
            "wait_for_load_balancer": true
          },
          "sensitive_attributes": [],
          "private": "eyJlMmJmYjczMC1lY2FhLTExZTYtOGY4OC0zNDM2M2JjN2M0YzAiOnsiY3JlYXRlIjo2MDAwMDAwMDAwMDB9LCJzY2hlbWFfdmVyc2lvbiI6IjEifQ==",
          "dependencies": [
            "data.local_file.kubeconfig",
            "kubernetes_namespace.shared"
          ]
        }
      ]
    },
    {
      "mode": "managed",
      "type": "kubernetes_service_v1",
      "name": "mssql_service",
      "provider": "provider[\"registry.terraform.io/hashicorp/kubernetes\"]",
      "instances": [
        {
          "schema_version": 1,
          "attributes": {
            "id": "shared/mssql-svc",
            "metadata": [
              {
                "annotations": null,
                "generate_name": "",
                "generation": 0,
                "labels": {
                  "app": "mssql"
                },
                "name": "mssql-svc",
                "namespace": "shared",
                "resource_version": "734",
                "uid": "e9142612-9e95-491e-ae7c-3b549770c82b"
              }
            ],
            "spec": [
              {
                "cluster_ip": "10.43.195.175",
                "external_ips": null,
                "external_name": "",
                "external_traffic_policy": "Cluster",
                "health_check_node_port": 0,
                "load_balancer_ip": "",
                "load_balancer_source_ranges": null,
                "port": [
                  {
                    "name": "",
                    "node_port": 30266,
                    "port": 1433,
                    "protocol": "TCP",
                    "target_port": "1433"
                  }
                ],
                "publish_not_ready_addresses": false,
                "selector": {
                  "app": "mssql"
                },
                "session_affinity": "None",
                "type": "LoadBalancer"
              }
            ],
            "status": [
              {
                "load_balancer": [
                  {
                    "ingress": [
                      {
                        "hostname": "",
                        "ip": "172.24.0.3"
                      }
                    ]
                  }
                ]
              }
            ],
            "timeouts": null,
            "wait_for_load_balancer": true
          },
          "sensitive_attributes": [],
          "private": "eyJlMmJmYjczMC1lY2FhLTExZTYtOGY4OC0zNDM2M2JjN2M0YzAiOnsiY3JlYXRlIjo2MDAwMDAwMDAwMDB9LCJzY2hlbWFfdmVyc2lvbiI6IjEifQ==",
          "dependencies": [
            "data.local_file.kubeconfig",
            "kubernetes_namespace.shared"
          ]
        }
      ]
    },
    {
      "mode": "managed",
      "type": "kubernetes_service_v1",
      "name": "seq_service",
      "provider": "provider[\"registry.terraform.io/hashicorp/kubernetes\"]",
      "instances": [
        {
          "schema_version": 1,
          "attributes": {
            "id": "shared/seq-svc",
            "metadata": [
              {
                "annotations": null,
                "generate_name": "",
                "generation": 0,
                "labels": {
                  "app": "seq"
                },
                "name": "seq-svc",
                "namespace": "shared",
                "resource_version": "630",
                "uid": "bb462547-bfa5-4c07-a55a-138adfe9d613"
              }
            ],
            "spec": [
              {
                "cluster_ip": "10.43.237.154",
                "external_ips": null,
                "external_name": "",
                "external_traffic_policy": "",
                "health_check_node_port": 0,
                "load_balancer_ip": "",
                "load_balancer_source_ranges": null,
                "port": [
                  {
                    "name": "",
                    "node_port": 0,
                    "port": 80,
                    "protocol": "TCP",
                    "target_port": "80"
                  }
                ],
                "publish_not_ready_addresses": false,
                "selector": {
                  "app": "seq"
                },
                "session_affinity": "None",
                "type": "ClusterIP"
              }
            ],
            "status": [
              {
                "load_balancer": [
                  {
                    "ingress": []
                  }
                ]
              }
            ],
            "timeouts": null,
            "wait_for_load_balancer": true
          },
          "sensitive_attributes": [],
          "private": "eyJlMmJmYjczMC1lY2FhLTExZTYtOGY4OC0zNDM2M2JjN2M0YzAiOnsiY3JlYXRlIjo2MDAwMDAwMDAwMDB9LCJzY2hlbWFfdmVyc2lvbiI6IjEifQ==",
          "dependencies": [
            "data.local_file.kubeconfig",
            "kubernetes_namespace.shared"
          ]
        }
      ]
    },
    {
      "mode": "managed",
      "type": "null_resource",
      "name": "cluster",
      "provider": "provider[\"registry.terraform.io/hashicorp/null\"]",
      "instances": [
        {
          "schema_version": 0,
          "attributes": {
            "id": "2993270719522515986",
            "triggers": null
          },
          "sensitive_attributes": []
        }
      ]
    },
    {
      "mode": "managed",
      "type": "null_resource",
      "name": "cluster_kubeconfig",
      "provider": "provider[\"registry.terraform.io/hashicorp/null\"]",
      "instances": [
        {
          "schema_version": 0,
          "attributes": {
            "id": "6801865162461157121",
            "triggers": null
          },
          "sensitive_attributes": [],
          "dependencies": [
            "null_resource.cluster"
          ]
        }
      ]
    }
  ],
  "check_results": null
}
