{
  "version": 4,
  "terraform_version": "1.3.5",
  "serial": 27,
  "lineage": "de99c830-4c9d-ff43-f24e-f2c2cba5c6e9",
  "outputs": {},
  "resources": [
    {
      "mode": "data",
      "type": "local_file",
      "name": "kubeconfig",
      "provider": "provider[\"registry.terraform.io/hashicorp/local\"]",
      "instances": [
        {
          "schema_version": 0,
          "attributes": {
            "content": "---\napiVersion: v1\nclusters:\n- cluster:\n    certificate-authority-data: LS0tLS1CRUdJTiBDRVJUSUZJQ0FURS0tLS0tCk1JSUJkekNDQVIyZ0F3SUJBZ0lCQURBS0JnZ3Foa2pPUFFRREFqQWpNU0V3SHdZRFZRUUREQmhyTTNNdGMyVnkKZG1WeUxXTmhRREUyT0RVMU16RTJOVFl3SGhjTk1qTXdOVE14TVRFeE5ERTJXaGNOTXpNd05USTRNVEV4TkRFMgpXakFqTVNFd0h3WURWUVFEREJock0zTXRjMlZ5ZG1WeUxXTmhRREUyT0RVMU16RTJOVFl3V1RBVEJnY3Foa2pPClBRSUJCZ2dxaGtqT1BRTUJCd05DQUFTY21SVk9yWjJzNkNDb2xCNXZ6STJ2dkwxOGViQzZzWjYzOGNCRnRDd2cKNkUvYW1tcGtGOG44SkdDREhqWlV2cmpUcjFsRittM0lBVjQxTW1yU2lpSHBvMEl3UURBT0JnTlZIUThCQWY4RQpCQU1DQXFRd0R3WURWUjBUQVFIL0JBVXdBd0VCL3pBZEJnTlZIUTRFRmdRVTd0TGsvYW9aSmd1Qlc1ME5SaUFWCnp0WU1QRzh3Q2dZSUtvWkl6ajBFQXdJRFNBQXdSUUlnYm45WHBucURqOWpCR3Y2T1RQUFZvSkNjY0ZkakhqWWoKSEJ2STFBRzVsQm9DSVFDbGtIc3RnZTB6UWdYSzlaQUFQZkxNWTY2RlZnWHpOcG9lVHNhUVNGVjRiUT09Ci0tLS0tRU5EIENFUlRJRklDQVRFLS0tLS0K\n    server: https://exampleapp-cluster.local.lncd.pl:6445\n  name: k3d-exampleapp\ncontexts:\n- context:\n    cluster: k3d-exampleapp\n    user: admin@k3d-exampleapp\n  name: k3d-exampleapp\ncurrent-context: k3d-exampleapp\nkind: Config\npreferences: {}\nusers:\n- name: admin@k3d-exampleapp\n  user:\n    client-certificate-data: LS0tLS1CRUdJTiBDRVJUSUZJQ0FURS0tLS0tCk1JSUJrRENDQVRlZ0F3SUJBZ0lJRndxaTYxZ1FMc013Q2dZSUtvWkl6ajBFQXdJd0l6RWhNQjhHQTFVRUF3d1kKYXpOekxXTnNhV1Z1ZEMxallVQXhOamcxTlRNeE5qVTJNQjRYRFRJek1EVXpNVEV4TVRReE5sb1hEVEkwTURVegpNREV4TVRReE5sb3dNREVYTUJVR0ExVUVDaE1PYzNsemRHVnRPbTFoYzNSbGNuTXhGVEFUQmdOVkJBTVRESE41CmMzUmxiVHBoWkcxcGJqQlpNQk1HQnlxR1NNNDlBZ0VHQ0NxR1NNNDlBd0VIQTBJQUJNd2REenNMU3NBSnlxc3YKL29iSDNpZlAvWVNTOWs0ZGlDcXBSZ2hGa1pvQjU2Z3Q5YjMzL3M0QjdNZmpJaGp2bFcySXFWSXZsSSsrYVVmRgptS0xyeVlHalNEQkdNQTRHQTFVZER3RUIvd1FFQXdJRm9EQVRCZ05WSFNVRUREQUtCZ2dyQmdFRkJRY0RBakFmCkJnTlZIU01FR0RBV2dCUmZhK1UvWkJWV2tHeHh2QmovZHNCbTZHcXdWakFLQmdncWhrak9QUVFEQWdOSEFEQkUKQWlCTlc0TmJsQTN3anp4cE1pK01Xcmh3N3ZkZEtBbW5helprelAxMW13d0k1Z0lnZjZpeDVINGtvVHhPV2NwRQpQRGlYd09sakdpNnE1d3hndFNNdjNOekNHU2c9Ci0tLS0tRU5EIENFUlRJRklDQVRFLS0tLS0KLS0tLS1CRUdJTiBDRVJUSUZJQ0FURS0tLS0tCk1JSUJkekNDQVIyZ0F3SUJBZ0lCQURBS0JnZ3Foa2pPUFFRREFqQWpNU0V3SHdZRFZRUUREQmhyTTNNdFkyeHAKWlc1MExXTmhRREUyT0RVMU16RTJOVFl3SGhjTk1qTXdOVE14TVRFeE5ERTJXaGNOTXpNd05USTRNVEV4TkRFMgpXakFqTVNFd0h3WURWUVFEREJock0zTXRZMnhwWlc1MExXTmhRREUyT0RVMU16RTJOVFl3V1RBVEJnY3Foa2pPClBRSUJCZ2dxaGtqT1BRTUJCd05DQUFRZlZvZE9FM1lpaXlQRkUyYmU3cEk1T0NQcit2WkhDeW9vM2tZNEhSajIKdjlLcTA5QzdwV0xuSVl6WVU2K3lRWVRXN0Rjbm5zMlluOWJZZWVaVEhTUTRvMEl3UURBT0JnTlZIUThCQWY4RQpCQU1DQXFRd0R3WURWUjBUQVFIL0JBVXdBd0VCL3pBZEJnTlZIUTRFRmdRVVgydmxQMlFWVnBCc2Nid1kvM2JBClp1aHFzRll3Q2dZSUtvWkl6ajBFQXdJRFNBQXdSUUlnV2tsc0lVWmN4Wm5LeG1BZDNwR0dGdEw1ZFNMYUNGYXUKQk1FU3ZTUTQ4NzRDSVFDOUFJYWxmeUNRKzdWaEw0bGZwSEpWNFFZQjZGa3VxSHNML3M2V3daRmFnQT09Ci0tLS0tRU5EIENFUlRJRklDQVRFLS0tLS0K\n    client-key-data: LS0tLS1CRUdJTiBFQyBQUklWQVRFIEtFWS0tLS0tCk1IY0NBUUVFSUxjbTgrNUZkNC9JL2xIM21TU3FrZC9rSHdPU3BDdW5odFNoVk5OUVNoSDZvQW9HQ0NxR1NNNDkKQXdFSG9VUURRZ0FFekIwUE93dEt3QW5LcXkvK2hzZmVKOC85aEpMMlRoMklLcWxHQ0VXUm1nSG5xQzMxdmZmKwp6Z0hzeCtNaUdPK1ZiWWlwVWkrVWo3NXBSOFdZb3V2SmdRPT0KLS0tLS1FTkQgRUMgUFJJVkFURSBLRVktLS0tLQo=\n",
            "content_base64": "LS0tCmFwaVZlcnNpb246IHYxCmNsdXN0ZXJzOgotIGNsdXN0ZXI6CiAgICBjZXJ0aWZpY2F0ZS1hdXRob3JpdHktZGF0YTogTFMwdExTMUNSVWRKVGlCRFJWSlVTVVpKUTBGVVJTMHRMUzB0Q2sxSlNVSmtla05EUVZJeVowRjNTVUpCWjBsQ1FVUkJTMEpuWjNGb2EycFBVRkZSUkVGcVFXcE5VMFYzU0hkWlJGWlJVVVJFUW1oeVRUTk5kR015Vm5rS1pHMVdlVXhYVG1oUlJFVXlUMFJWTVUxNlJUSk9WRmwzU0doalRrMXFUWGRPVkUxNFRWUkZlRTVFUlRKWGFHTk9UWHBOZDA1VVNUUk5WRVY0VGtSRk1ncFhha0ZxVFZORmQwaDNXVVJXVVZGRVJFSm9jazB6VFhSak1sWjVaRzFXZVV4WFRtaFJSRVV5VDBSVk1VMTZSVEpPVkZsM1YxUkJWRUpuWTNGb2EycFBDbEJSU1VKQ1oyZHhhR3RxVDFCUlRVSkNkMDVEUVVGVFkyMVNWazl5V2pKek5rTkRiMnhDTlhaNlNUSjJka3d4T0dWaVF6WnpXall6T0dOQ1JuUkRkMmNLTmtVdllXMXRjR3RHT0c0NFNrZERSRWhxV2xWMmNtcFVjakZzUml0dE0wbEJWalF4VFcxeVUybHBTSEJ2TUVsM1VVUkJUMEpuVGxaSVVUaENRV1k0UlFwQ1FVMURRWEZSZDBSM1dVUldVakJVUVZGSUwwSkJWWGRCZDBWQ0wzcEJaRUpuVGxaSVVUUkZSbWRSVlRkMFRHc3ZZVzlhU21kMVFsYzFNRTVTYVVGV0NucDBXVTFRUnpoM1EyZFpTVXR2V2tsNmFqQkZRWGRKUkZOQlFYZFNVVWxuWW00NVdIQnVjVVJxT1dwQ1IzWTJUMVJRVUZadlNrTmpZMFprYWtocVdXb0tTRUoyU1RGQlJ6VnNRbTlEU1ZGRGJHdEljM1JuWlRCNlVXZFlTemxhUVVGUVpreE5XVFkyUmxabldIcE9jRzlsVkhOaFVWTkdWalJpVVQwOUNpMHRMUzB0UlU1RUlFTkZVbFJKUmtsRFFWUkZMUzB0TFMwSwogICAgc2VydmVyOiBodHRwczovL2V4YW1wbGVhcHAtY2x1c3Rlci5sb2NhbC5sbmNkLnBsOjY0NDUKICBuYW1lOiBrM2QtZXhhbXBsZWFwcApjb250ZXh0czoKLSBjb250ZXh0OgogICAgY2x1c3RlcjogazNkLWV4YW1wbGVhcHAKICAgIHVzZXI6IGFkbWluQGszZC1leGFtcGxlYXBwCiAgbmFtZTogazNkLWV4YW1wbGVhcHAKY3VycmVudC1jb250ZXh0OiBrM2QtZXhhbXBsZWFwcApraW5kOiBDb25maWcKcHJlZmVyZW5jZXM6IHt9CnVzZXJzOgotIG5hbWU6IGFkbWluQGszZC1leGFtcGxlYXBwCiAgdXNlcjoKICAgIGNsaWVudC1jZXJ0aWZpY2F0ZS1kYXRhOiBMUzB0TFMxQ1JVZEpUaUJEUlZKVVNVWkpRMEZVUlMwdExTMHRDazFKU1VKclJFTkRRVlJsWjBGM1NVSkJaMGxKUm5keGFUWXhaMUZNYzAxM1EyZFpTVXR2V2tsNmFqQkZRWGRKZDBsNlJXaE5RamhIUVRGVlJVRjNkMWtLWVhwT2VreFhUbk5oVjFaMVpFTXhhbGxWUVhoT2FtY3hUbFJOZUU1cVZUSk5RalJZUkZSSmVrMUVWWHBOVkVWNFRWUlJlRTVzYjFoRVZFa3dUVVJWZWdwTlJFVjRUVlJSZUU1c2IzZE5SRVZZVFVKVlIwRXhWVVZEYUUxUFl6TnNlbVJIVm5SUGJURm9Zek5TYkdOdVRYaEdWRUZVUW1kT1ZrSkJUVlJFU0U0MUNtTXpVbXhpVkhCb1drY3hjR0pxUWxwTlFrMUhRbmx4UjFOTk5EbEJaMFZIUTBOeFIxTk5ORGxCZDBWSVFUQkpRVUpOZDJSRWVuTk1VM05CU25seGMzWUtMMjlpU0ROcFpsQXZXVk5UT1dzMFpHbERjWEJTWjJoR2ExcHZRalUyWjNRNVlqTXpMM00wUWpkTlptcEphR3AyYkZjeVNYRldTWFpzU1NzcllWVm1SZ3B0UzB4eWVWbEhhbE5FUWtkTlFUUkhRVEZWWkVSM1JVSXZkMUZGUVhkSlJtOUVRVlJDWjA1V1NGTlZSVVJFUVV0Q1oyZHlRbWRGUmtKUlkwUkJha0ZtQ2tKblRsWklVMDFGUjBSQlYyZENVbVpoSzFVdldrSldWMnRIZUhoMlFtb3ZaSE5DYlRaSGNYZFdha0ZMUW1kbmNXaHJhazlRVVZGRVFXZE9TRUZFUWtVS1FXbENUbGMwVG1Kc1FUTjNhbnA0Y0UxcEswMVhjbWgzTjNaa1pFdEJiVzVoZWxwcmVsQXhNVzEzZDBrMVowbG5aalpwZURWSU5HdHZWSGhQVjJOd1JRcFFSR2xZZDA5c2FrZHBObkUxZDNobmRGTk5kak5PZWtOSFUyYzlDaTB0TFMwdFJVNUVJRU5GVWxSSlJrbERRVlJGTFMwdExTMEtMUzB0TFMxQ1JVZEpUaUJEUlZKVVNVWkpRMEZVUlMwdExTMHRDazFKU1VKa2VrTkRRVkl5WjBGM1NVSkJaMGxDUVVSQlMwSm5aM0ZvYTJwUFVGRlJSRUZxUVdwTlUwVjNTSGRaUkZaUlVVUkVRbWh5VFROTmRGa3llSEFLV2xjMU1FeFhUbWhSUkVVeVQwUlZNVTE2UlRKT1ZGbDNTR2hqVGsxcVRYZE9WRTE0VFZSRmVFNUVSVEpYYUdOT1RYcE5kMDVVU1RSTlZFVjRUa1JGTWdwWGFrRnFUVk5GZDBoM1dVUldVVkZFUkVKb2NrMHpUWFJaTW5od1dsYzFNRXhYVG1oUlJFVXlUMFJWTVUxNlJUSk9WRmwzVjFSQlZFSm5ZM0ZvYTJwUENsQlJTVUpDWjJkeGFHdHFUMUJSVFVKQ2QwNURRVUZSWmxadlpFOUZNMWxwYVhsUVJrVXlZbVUzY0VrMVQwTlFjaXQyV2toRGVXOXZNMnRaTkVoU2FqSUtkamxMY1RBNVF6ZHdWMHh1U1ZsNldWVTJLM2xSV1ZSWE4wUmpibTV6TWxsdU9XSlpaV1ZhVkVoVFVUUnZNRWwzVVVSQlQwSm5UbFpJVVRoQ1FXWTRSUXBDUVUxRFFYRlJkMFIzV1VSV1VqQlVRVkZJTDBKQlZYZEJkMFZDTDNwQlpFSm5UbFpJVVRSRlJtZFJWVmd5ZG14UU1sRldWbkJDYzJOaWQxa3ZNMkpCQ2xwMWFIRnpSbGwzUTJkWlNVdHZXa2w2YWpCRlFYZEpSRk5CUVhkU1VVbG5WMnRzYzBsVldtTjRXbTVMZUcxQlpETndSMGRHZEV3MVpGTk1ZVU5HWVhVS1FrMUZVM1pUVVRRNE56UkRTVkZET1VGSllXeG1lVU5SS3pkV2FFdzBiR1p3U0VwV05GRlpRalpHYTNWeFNITk1MM00yVjNkYVJtRm5RVDA5Q2kwdExTMHRSVTVFSUVORlVsUkpSa2xEUVZSRkxTMHRMUzBLCiAgICBjbGllbnQta2V5LWRhdGE6IExTMHRMUzFDUlVkSlRpQkZReUJRVWtsV1FWUkZJRXRGV1MwdExTMHRDazFJWTBOQlVVVkZTVXhqYlRnck5VWmtOQzlKTDJ4SU0yMVRVM0ZyWkM5clNIZFBVM0JEZFc1b2RGTm9WazVPVVZOb1NEWnZRVzlIUTBOeFIxTk5ORGtLUVhkRlNHOVZVVVJSWjBGRmVrSXdVRTkzZEV0M1FXNUxjWGt2SzJoelptVktPQzg1YUVwTU1sUm9Na2xMY1d4SFEwVlhVbTFuU0c1eFF6TXhkbVptS3dwNlowaHplQ3ROYVVkUEsxWmlXV2x3VldrclZXbzNOWEJTT0ZkWmIzVjJTbWRSUFQwS0xTMHRMUzFGVGtRZ1JVTWdVRkpKVmtGVVJTQkxSVmt0TFMwdExRbz0K",
            "content_base64sha256": "V2Ns6Euv9Pb90r4RHC80V6mDuQdJ1c8uoUSkAN2Xz/s=",
            "content_base64sha512": "Vo1KeMu44gvQQKGNyZCXOYq3DtkJ80L+CMXm42SVQtAd4da1UCNFZFbzyL173lh4N5wDQsyTFOAxwz+3bRrp+g==",
            "content_md5": "64da3271f22df72ed841d7fc8c57e6a7",
            "content_sha1": "fa917c0c7572f092b6cd1989c337a74cc4a133a4",
            "content_sha256": "57636ce84baff4f6fdd2be111c2f3457a983b90749d5cf2ea144a400dd97cffb",
            "content_sha512": "568d4a78cbb8e20bd040a18dc99097398ab70ed909f342fe08c5e6e3649542d01de1d6b55023456456f3c8bd7bde5878379c0342cc9314e031c33fb76d1ae9fa",
            "filename": ".terraform/local_kubeconfig",
            "id": "fa917c0c7572f092b6cd1989c337a74cc4a133a4"
          },
          "sensitive_attributes": []
        }
      ]
    },
    {
      "mode": "managed",
      "type": "docker_image",
      "name": "traefik",
      "provider": "provider[\"registry.terraform.io/kreuzwerker/docker\"]",
      "instances": [
        {
          "schema_version": 0,
          "attributes": {
            "build": [
              {
                "build_arg": {
                  "dockerfile_trigger": "f4cd9655f692f24f1555de7c77425e75",
                  "dynamic_toml_trigger": "74161a50f4e935312d01ab3430431604"
                },
                "dockerfile": "Dockerfile.traefik",
                "force_remove": false,
                "label": {},
                "no_cache": false,
                "path": "./apps",
                "remove": true,
                "tag": [],
                "target": ""
              }
            ],
            "force_remove": null,
            "id": "sha256:2c593024557ae2e1355dac0ab16d804d02422e0ddc5a8a782c42a7df6bc9cbfek3d-exampleapp-registry.local.lncd.pl:21345/traefik:2.6.0",
            "keep_locally": null,
            "latest": "sha256:2c593024557ae2e1355dac0ab16d804d02422e0ddc5a8a782c42a7df6bc9cbfe",
            "name": "k3d-exampleapp-registry.local.lncd.pl:21345/traefik:2.6.0",
            "output": null,
            "pull_trigger": null,
            "pull_triggers": null,
            "repo_digest": "k3d-exampleapp-registry.local.lncd.pl:21345/traefik@sha256:81b5a3647aad62495b6b04c6b88881e5b4f7c18651acc9cf935435f2aea5bfb1"
          },
          "sensitive_attributes": [],
          "private": "bnVsbA==",
          "dependencies": [
            "null_resource.cluster",
            "null_resource.cluster_kubeconfig"
          ]
        }
      ]
    },
    {
      "mode": "managed",
      "type": "helm_release",
      "name": "traefik",
      "provider": "provider[\"registry.terraform.io/hashicorp/helm\"]",
      "instances": [
        {
          "schema_version": 0,
          "attributes": {
            "atomic": false,
            "chart": "traefik/traefik",
            "cleanup_on_fail": false,
            "create_namespace": false,
            "dependency_update": false,
            "description": null,
            "devel": null,
            "disable_crd_hooks": false,
            "disable_openapi_validation": false,
            "disable_webhooks": false,
            "force_update": false,
            "id": "traefik",
            "keyring": null,
            "lint": false,
            "manifest": null,
            "max_history": 0,
            "metadata": [
              {
                "app_version": "2.6.0",
                "chart": "traefik",
                "name": "traefik",
                "namespace": "shared",
                "revision": 1,
                "values": "{\"additionalArguments\":[\"--providers.file.directory=/config/dynamic\",\"--log.level=DEBUG\",\"--api.insecure=true\",\"--api.debug=true\",\"--accesslog=true\"],\"globalArguments\":[\"--global.checkNewVersion=true\",\"--global.sendAnonymousUsage=false\"],\"image\":{\"name\":\"k3d-exampleapp-registry.local.lncd.pl:21345/traefik\",\"pullPolicy\":\"Always\",\"tag\":\"2.6.0\"},\"ports\":{\"web\":{\"redirectTo\":\"websecure\"},\"websecure\":{\"tls\":{\"enabled\":true}}},\"providers\":{\"kubernetesIngress\":{\"publishedService\":{\"enabled\":true}}}}",
                "version": "10.13.0"
              }
            ],
            "name": "traefik",
            "namespace": "shared",
            "postrender": [],
            "recreate_pods": false,
            "render_subchart_notes": true,
            "replace": false,
            "repository": "helm.traefik.io/traefik",
            "repository_ca_file": null,
            "repository_cert_file": null,
            "repository_key_file": null,
            "repository_password": null,
            "repository_username": null,
            "reset_values": false,
            "reuse_values": false,
            "set": [
              {
                "name": "image.name",
                "type": "",
                "value": "k3d-exampleapp-registry.local.lncd.pl:21345/traefik"
              },
              {
                "name": "image.pullPolicy",
                "type": "",
                "value": "Always"
              },
              {
                "name": "image.tag",
                "type": "",
                "value": "2.6.0"
              },
              {
                "name": "ports.web.redirectTo",
                "type": "",
                "value": "websecure"
              },
              {
                "name": "ports.websecure.tls.enabled",
                "type": "",
                "value": "true"
              },
              {
                "name": "providers.kubernetesIngress.publishedService.enabled",
                "type": "",
                "value": "true"
              }
            ],
            "set_sensitive": [],
            "skip_crds": false,
            "status": "deployed",
            "timeout": 300,
            "values": [
              "\"additionalArguments\":\n- \"--providers.file.directory=/config/dynamic\"\n- \"--log.level=DEBUG\"\n- \"--api.insecure=true\"\n- \"--api.debug=true\"\n- \"--accesslog=true\"\n\"globalArguments\":\n- \"--global.checkNewVersion=true\"\n- \"--global.sendAnonymousUsage=false\"\n"
            ],
            "verify": false,
            "version": "10.13.0",
            "wait": true,
            "wait_for_jobs": false
          },
          "sensitive_attributes": [],
          "private": "bnVsbA==",
          "dependencies": [
            "data.local_file.kubeconfig",
            "docker_image.traefik",
            "kubernetes_namespace.shared",
            "null_resource.cluster",
            "null_resource.cluster_kubeconfig"
          ]
        }
      ]
    },
    {
      "mode": "managed",
      "type": "kubernetes_daemonset",
      "name": "otel_agent",
      "provider": "provider[\"registry.terraform.io/hashicorp/kubernetes\"]",
      "instances": [
        {
          "schema_version": 1,
          "attributes": {
            "id": "shared/otel-agent",
            "metadata": [
              {
                "annotations": null,
                "generate_name": "",
                "generation": 1,
                "labels": {
                  "app": "otlp"
                },
                "name": "otel-agent",
                "namespace": "shared",
                "resource_version": "660",
                "uid": "6372a3b0-c659-40ef-9c69-6ae3a835ab15"
              }
            ],
            "spec": [
              {
                "min_ready_seconds": 0,
                "revision_history_limit": 10,
                "selector": [
                  {
                    "match_expressions": [],
                    "match_labels": {
                      "app": "opentelemetry-collector",
                      "component": "agent"
                    }
                  }
                ],
                "strategy": [
                  {
                    "rolling_update": [
                      {
                        "max_unavailable": "1"
                      }
                    ],
                    "type": "RollingUpdate"
                  }
                ],
                "template": [
                  {
                    "metadata": [
                      {
                        "annotations": null,
                        "generate_name": "",
                        "generation": 0,
                        "labels": {
                          "app": "opentelemetry-collector",
                          "component": "agent"
                        },
                        "name": "",
                        "resource_version": "",
                        "uid": ""
                      }
                    ],
                    "spec": [
                      {
                        "active_deadline_seconds": 0,
                        "affinity": [],
                        "automount_service_account_token": true,
                        "container": [
                          {
                            "args": [
                              "--config",
                              "/conf/otel-agent-config.yaml"
                            ],
                            "command": null,
                            "env": [],
                            "env_from": [],
                            "image": "otel/opentelemetry-collector-contrib:0.51.0",
                            "image_pull_policy": "Always",
                            "lifecycle": [],
                            "liveness_probe": [
                              {
                                "exec": [],
                                "failure_threshold": 3,
                                "http_get": [
                                  {
                                    "host": "",
                                    "http_header": [],
                                    "path": "/",
                                    "port": "13133",
                                    "scheme": "HTTP"
                                  }
                                ],
                                "initial_delay_seconds": 0,
                                "period_seconds": 10,
                                "success_threshold": 1,
                                "tcp_socket": [],
                                "timeout_seconds": 1
                              }
                            ],
                            "name": "agent",
                            "port": [
                              {
                                "container_port": 55680,
                                "host_ip": "",
                                "host_port": 55680,
                                "name": "",
                                "protocol": "TCP"
                              },
                              {
                                "container_port": 55681,
                                "host_ip": "",
                                "host_port": 55681,
                                "name": "",
                                "protocol": "TCP"
                              },
                              {
                                "container_port": 14268,
                                "host_ip": "",
                                "host_port": 14268,
                                "name": "",
                                "protocol": "TCP"
                              }
                            ],
                            "readiness_probe": [
                              {
                                "exec": [],
                                "failure_threshold": 3,
                                "http_get": [
                                  {
                                    "host": "",
                                    "http_header": [],
                                    "path": "/",
                                    "port": "13133",
                                    "scheme": "HTTP"
                                  }
                                ],
                                "initial_delay_seconds": 0,
                                "period_seconds": 10,
                                "success_threshold": 1,
                                "tcp_socket": [],
                                "timeout_seconds": 1
                              }
                            ],
                            "resources": [
                              {
                                "limits": null,
                                "requests": null
                              }
                            ],
                            "security_context": [],
                            "startup_probe": [],
                            "stdin": false,
                            "stdin_once": false,
                            "termination_message_path": "/dev/termination-log",
                            "termination_message_policy": "File",
                            "tty": false,
                            "volume_mount": [
                              {
                                "mount_path": "/conf",
                                "mount_propagation": "None",
                                "name": "config",
                                "read_only": false,
                                "sub_path": ""
                              }
                            ],
                            "working_dir": ""
                          }
                        ],
                        "dns_config": [],
                        "dns_policy": "ClusterFirst",
                        "enable_service_links": true,
                        "host_aliases": [],
                        "host_ipc": false,
                        "host_network": false,
                        "host_pid": false,
                        "hostname": "",
                        "image_pull_secrets": [],
                        "init_container": [],
                        "node_name": "",
                        "node_selector": null,
                        "priority_class_name": "",
                        "readiness_gate": [],
                        "restart_policy": "Always",
                        "security_context": [],
                        "service_account_name": "",
                        "share_process_namespace": false,
                        "subdomain": "",
                        "termination_grace_period_seconds": 30,
                        "toleration": [],
                        "topology_spread_constraint": [],
                        "volume": [
                          {
                            "aws_elastic_block_store": [],
                            "azure_disk": [],
                            "azure_file": [],
                            "ceph_fs": [],
                            "cinder": [],
                            "config_map": [],
                            "csi": [],
                            "downward_api": [],
                            "empty_dir": [],
                            "fc": [],
                            "flex_volume": [],
                            "flocker": [],
                            "gce_persistent_disk": [],
                            "git_repo": [],
                            "glusterfs": [],
                            "host_path": [],
                            "iscsi": [],
                            "local": [],
                            "name": "config",
                            "nfs": [],
                            "persistent_volume_claim": [],
                            "photon_persistent_disk": [],
                            "projected": [],
                            "quobyte": [],
                            "rbd": [],
                            "secret": [
                              {
                                "default_mode": "0644",
                                "items": [],
                                "optional": false,
                                "secret_name": "otel-config"
                              }
                            ],
                            "vsphere_volume": []
                          }
                        ]
                      }
                    ]
                  }
                ]
              }
            ],
            "timeouts": null,
            "wait_for_rollout": true
          },
          "sensitive_attributes": [],
          "private": "eyJlMmJmYjczMC1lY2FhLTExZTYtOGY4OC0zNDM2M2JjN2M0YzAiOnsiY3JlYXRlIjo2MDAwMDAwMDAwMDAsImRlbGV0ZSI6NjAwMDAwMDAwMDAwLCJ1cGRhdGUiOjYwMDAwMDAwMDAwMH0sInNjaGVtYV92ZXJzaW9uIjoiMSJ9",
          "dependencies": [
            "data.local_file.kubeconfig",
            "kubernetes_namespace.shared",
            "kubernetes_secret.otel_config"
          ]
        }
      ]
    },
    {
      "mode": "managed",
      "type": "kubernetes_deployment_v1",
      "name": "blobstorage_deployment",
      "provider": "provider[\"registry.terraform.io/hashicorp/kubernetes\"]",
      "instances": [
        {
          "schema_version": 1,
          "attributes": {
            "id": "blob/blobstorage",
            "metadata": [
              {
                "annotations": null,
                "generate_name": "",
                "generation": 1,
                "labels": {
                  "app": "blobstorage"
                },
                "name": "blobstorage",
                "namespace": "blob",
                "resource_version": "849",
                "uid": "479bff48-ca73-42f6-bc77-e0b2289c3498"
              }
            ],
            "spec": [
              {
                "min_ready_seconds": 0,
                "paused": false,
                "progress_deadline_seconds": 600,
                "replicas": "1",
                "revision_history_limit": 10,
                "selector": [
                  {
                    "match_expressions": [],
                    "match_labels": {
                      "app": "blobstorage"
                    }
                  }
                ],
                "strategy": [
                  {
                    "rolling_update": [
                      {
                        "max_surge": "25%",
                        "max_unavailable": "25%"
                      }
                    ],
                    "type": "RollingUpdate"
                  }
                ],
                "template": [
                  {
                    "metadata": [
                      {
                        "annotations": null,
                        "generate_name": "",
                        "generation": 0,
                        "labels": {
                          "app": "blobstorage"
                        },
                        "name": "",
                        "namespace": "",
                        "resource_version": "",
                        "uid": ""
                      }
                    ],
                    "spec": [
                      {
                        "active_deadline_seconds": 0,
                        "affinity": [],
                        "automount_service_account_token": true,
                        "container": [
                          {
                            "args": null,
                            "command": [
                              "azurite",
                              "--skipApiVersionCheck",
                              "--blobHost",
                              "0.0.0.0",
                              "-d",
                              "/var/debug.log"
                            ],
                            "env": [
                              {
                                "name": "executable",
                                "value": "blob",
                                "value_from": []
                              },
                              {
                                "name": "AZURITE_ACCOUNTS",
                                "value": "blobstorage:Eby8vdM02xNOcqFlqUwJPLlmEtlCDXJ1OUzFT50uSRZ6IFsuFq2UVErCz4I6tq/K1SZFPTOtr/KBHBeksoGMGw==",
                                "value_from": []
                              }
                            ],
                            "env_from": [],
                            "image": "mcr.microsoft.com/azure-storage/azurite:3.16.0",
                            "image_pull_policy": "IfNotPresent",
                            "lifecycle": [],
                            "liveness_probe": [],
                            "name": "blobstorage",
                            "port": [
                              {
                                "container_port": 10000,
                                "host_ip": "",
                                "host_port": 0,
                                "name": "",
                                "protocol": "TCP"
                              }
                            ],
                            "readiness_probe": [],
                            "resources": [
                              {
                                "limits": null,
                                "requests": null
                              }
                            ],
                            "security_context": [],
                            "startup_probe": [],
                            "stdin": false,
                            "stdin_once": false,
                            "termination_message_path": "/dev/termination-log",
                            "termination_message_policy": "File",
                            "tty": false,
                            "volume_mount": [
                              {
                                "mount_path": "/data",
                                "mount_propagation": "None",
                                "name": "data",
                                "read_only": false,
                                "sub_path": ""
                              }
                            ],
                            "working_dir": ""
                          }
                        ],
                        "dns_config": [],
                        "dns_policy": "ClusterFirst",
                        "enable_service_links": true,
                        "host_aliases": [],
                        "host_ipc": false,
                        "host_network": false,
                        "host_pid": false,
                        "hostname": "",
                        "image_pull_secrets": [],
                        "init_container": [],
                        "node_name": "",
                        "node_selector": null,
                        "priority_class_name": "",
                        "readiness_gate": [],
                        "restart_policy": "Always",
                        "security_context": [],
                        "service_account_name": "",
                        "share_process_namespace": false,
                        "subdomain": "",
                        "termination_grace_period_seconds": 30,
                        "toleration": [],
                        "topology_spread_constraint": [],
                        "volume": [
                          {
                            "aws_elastic_block_store": [],
                            "azure_disk": [],
                            "azure_file": [],
                            "ceph_fs": [],
                            "cinder": [],
                            "config_map": [],
                            "csi": [],
                            "downward_api": [],
                            "empty_dir": [],
                            "fc": [],
                            "flex_volume": [],
                            "flocker": [],
                            "gce_persistent_disk": [],
                            "git_repo": [],
                            "glusterfs": [],
                            "host_path": [],
                            "iscsi": [],
                            "local": [],
                            "name": "data",
                            "nfs": [],
                            "persistent_volume_claim": [
                              {
                                "claim_name": "blobstorage-pvc",
                                "read_only": false
                              }
                            ],
                            "photon_persistent_disk": [],
                            "projected": [],
                            "quobyte": [],
                            "rbd": [],
                            "secret": [],
                            "vsphere_volume": []
                          }
                        ]
                      }
                    ]
                  }
                ]
              }
            ],
            "timeouts": null,
            "wait_for_rollout": true
          },
          "sensitive_attributes": [],
          "private": "eyJlMmJmYjczMC1lY2FhLTExZTYtOGY4OC0zNDM2M2JjN2M0YzAiOnsiY3JlYXRlIjo2MDAwMDAwMDAwMDAsImRlbGV0ZSI6NjAwMDAwMDAwMDAwLCJ1cGRhdGUiOjYwMDAwMDAwMDAwMH0sInNjaGVtYV92ZXJzaW9uIjoiMSJ9",
          "dependencies": [
            "data.local_file.kubeconfig",
            "kubernetes_manifest.blobstorage_pvc",
            "kubernetes_namespace.blob"
          ]
        }
      ]
    },
    {
      "mode": "managed",
      "type": "kubernetes_deployment_v1",
      "name": "jaeger_deployment",
      "provider": "provider[\"registry.terraform.io/hashicorp/kubernetes\"]",
      "instances": [
        {
          "schema_version": 1,
          "attributes": {
            "id": "shared/jaeger",
            "metadata": [
              {
                "annotations": null,
                "generate_name": "",
                "generation": 1,
                "labels": {
                  "app": "jaeger"
                },
                "name": "jaeger",
                "namespace": "shared",
                "resource_version": "773",
                "uid": "3d8603a0-a559-4942-b5a3-149c4c75b885"
              }
            ],
            "spec": [
              {
                "min_ready_seconds": 0,
                "paused": false,
                "progress_deadline_seconds": 600,
                "replicas": "1",
                "revision_history_limit": 10,
                "selector": [
                  {
                    "match_expressions": [],
                    "match_labels": {
                      "app": "jaeger"
                    }
                  }
                ],
                "strategy": [
                  {
                    "rolling_update": [
                      {
                        "max_surge": "25%",
                        "max_unavailable": "25%"
                      }
                    ],
                    "type": "RollingUpdate"
                  }
                ],
                "template": [
                  {
                    "metadata": [
                      {
                        "annotations": null,
                        "generate_name": "",
                        "generation": 0,
                        "labels": {
                          "app": "jaeger"
                        },
                        "name": "",
                        "namespace": "",
                        "resource_version": "",
                        "uid": ""
                      }
                    ],
                    "spec": [
                      {
                        "active_deadline_seconds": 0,
                        "affinity": [],
                        "automount_service_account_token": true,
                        "container": [
                          {
                            "args": null,
                            "command": null,
                            "env": [],
                            "env_from": [],
                            "image": "jaegertracing/all-in-one",
                            "image_pull_policy": "Always",
                            "lifecycle": [],
                            "liveness_probe": [],
                            "name": "jaeger",
                            "port": [
                              {
                                "container_port": 14268,
                                "host_ip": "",
                                "host_port": 0,
                                "name": "collector-http",
                                "protocol": "TCP"
                              },
                              {
                                "container_port": 14250,
                                "host_ip": "",
                                "host_port": 0,
                                "name": "collector-grpc",
                                "protocol": "TCP"
                              },
                              {
                                "container_port": 16686,
                                "host_ip": "",
                                "host_port": 0,
                                "name": "frontend",
                                "protocol": "TCP"
                              }
                            ],
                            "readiness_probe": [],
                            "resources": [
                              {
                                "limits": null,
                                "requests": null
                              }
                            ],
                            "security_context": [],
                            "startup_probe": [],
                            "stdin": false,
                            "stdin_once": false,
                            "termination_message_path": "/dev/termination-log",
                            "termination_message_policy": "File",
                            "tty": false,
                            "volume_mount": [],
                            "working_dir": ""
                          }
                        ],
                        "dns_config": [],
                        "dns_policy": "ClusterFirst",
                        "enable_service_links": true,
                        "host_aliases": [],
                        "host_ipc": false,
                        "host_network": false,
                        "host_pid": false,
                        "hostname": "",
                        "image_pull_secrets": [],
                        "init_container": [],
                        "node_name": "",
                        "node_selector": null,
                        "priority_class_name": "",
                        "readiness_gate": [],
                        "restart_policy": "Always",
                        "security_context": [],
                        "service_account_name": "",
                        "share_process_namespace": false,
                        "subdomain": "",
                        "termination_grace_period_seconds": 30,
                        "toleration": [],
                        "topology_spread_constraint": [],
                        "volume": []
                      }
                    ]
                  }
                ]
              }
            ],
            "timeouts": null,
            "wait_for_rollout": true
          },
          "sensitive_attributes": [],
          "private": "eyJlMmJmYjczMC1lY2FhLTExZTYtOGY4OC0zNDM2M2JjN2M0YzAiOnsiY3JlYXRlIjo2MDAwMDAwMDAwMDAsImRlbGV0ZSI6NjAwMDAwMDAwMDAwLCJ1cGRhdGUiOjYwMDAwMDAwMDAwMH0sInNjaGVtYV92ZXJzaW9uIjoiMSJ9",
          "dependencies": [
            "data.local_file.kubeconfig",
            "kubernetes_namespace.shared"
          ]
        }
      ]
    },
    {
      "mode": "managed",
      "type": "kubernetes_deployment_v1",
      "name": "mssql_deployment",
      "provider": "provider[\"registry.terraform.io/hashicorp/kubernetes\"]",
      "instances": [
        {
          "schema_version": 1,
          "attributes": {
            "id": "shared/mssql",
            "metadata": [
              {
                "annotations": null,
                "generate_name": "",
                "generation": 1,
                "labels": {
                  "app": "mssql"
                },
                "name": "mssql",
                "namespace": "shared",
                "resource_version": "860",
                "uid": "321f9ca1-5c0d-4098-83eb-3c1cbed698c5"
              }
            ],
            "spec": [
              {
                "min_ready_seconds": 0,
                "paused": false,
                "progress_deadline_seconds": 600,
                "replicas": "1",
                "revision_history_limit": 10,
                "selector": [
                  {
                    "match_expressions": [],
                    "match_labels": {
                      "app": "mssql"
                    }
                  }
                ],
                "strategy": [
                  {
                    "rolling_update": [
                      {
                        "max_surge": "25%",
                        "max_unavailable": "25%"
                      }
                    ],
                    "type": "RollingUpdate"
                  }
                ],
                "template": [
                  {
                    "metadata": [
                      {
                        "annotations": null,
                        "generate_name": "",
                        "generation": 0,
                        "labels": {
                          "app": "mssql"
                        },
                        "name": "",
                        "namespace": "",
                        "resource_version": "",
                        "uid": ""
                      }
                    ],
                    "spec": [
                      {
                        "active_deadline_seconds": 0,
                        "affinity": [],
                        "automount_service_account_token": true,
                        "container": [
                          {
                            "args": null,
                            "command": null,
                            "env": [
                              {
                                "name": "ACCEPT_EULA",
                                "value": "Y",
                                "value_from": []
                              },
                              {
                                "name": "MSSQL_SA_PASSWORD",
                                "value": "Passw12#",
                                "value_from": []
                              }
                            ],
                            "env_from": [],
                            "image": "mcr.microsoft.com/mssql/server:2022-latest",
                            "image_pull_policy": "IfNotPresent",
                            "lifecycle": [],
                            "liveness_probe": [],
                            "name": "mssql",
                            "port": [],
                            "readiness_probe": [],
                            "resources": [
                              {
                                "limits": null,
                                "requests": null
                              }
                            ],
                            "security_context": [],
                            "startup_probe": [],
                            "stdin": false,
                            "stdin_once": false,
                            "termination_message_path": "/dev/termination-log",
                            "termination_message_policy": "File",
                            "tty": false,
                            "volume_mount": [
                              {
                                "mount_path": "/var/opt/mssql",
                                "mount_propagation": "None",
                                "name": "data",
                                "read_only": false,
                                "sub_path": ""
                              }
                            ],
                            "working_dir": ""
                          }
                        ],
                        "dns_config": [],
                        "dns_policy": "ClusterFirst",
                        "enable_service_links": true,
                        "host_aliases": [],
                        "host_ipc": false,
                        "host_network": false,
                        "host_pid": false,
                        "hostname": "",
                        "image_pull_secrets": [],
                        "init_container": [],
                        "node_name": "",
                        "node_selector": null,
                        "priority_class_name": "",
                        "readiness_gate": [],
                        "restart_policy": "Always",
                        "security_context": [],
                        "service_account_name": "",
                        "share_process_namespace": false,
                        "subdomain": "",
                        "termination_grace_period_seconds": 30,
                        "toleration": [],
                        "topology_spread_constraint": [],
                        "volume": [
                          {
                            "aws_elastic_block_store": [],
                            "azure_disk": [],
                            "azure_file": [],
                            "ceph_fs": [],
                            "cinder": [],
                            "config_map": [],
                            "csi": [],
                            "downward_api": [],
                            "empty_dir": [],
                            "fc": [],
                            "flex_volume": [],
                            "flocker": [],
                            "gce_persistent_disk": [],
                            "git_repo": [],
                            "glusterfs": [],
                            "host_path": [],
                            "iscsi": [],
                            "local": [],
                            "name": "data",
                            "nfs": [],
                            "persistent_volume_claim": [
                              {
                                "claim_name": "mssql-pvc",
                                "read_only": false
                              }
                            ],
                            "photon_persistent_disk": [],
                            "projected": [],
                            "quobyte": [],
                            "rbd": [],
                            "secret": [],
                            "vsphere_volume": []
                          }
                        ]
                      }
                    ]
                  }
                ]
              }
            ],
            "timeouts": null,
            "wait_for_rollout": true
          },
          "sensitive_attributes": [],
          "private": "eyJlMmJmYjczMC1lY2FhLTExZTYtOGY4OC0zNDM2M2JjN2M0YzAiOnsiY3JlYXRlIjo2MDAwMDAwMDAwMDAsImRlbGV0ZSI6NjAwMDAwMDAwMDAwLCJ1cGRhdGUiOjYwMDAwMDAwMDAwMH0sInNjaGVtYV92ZXJzaW9uIjoiMSJ9",
          "dependencies": [
            "data.local_file.kubeconfig",
            "kubernetes_manifest.mssql_pvc",
            "kubernetes_namespace.shared"
          ]
        }
      ]
    },
    {
      "mode": "managed",
      "type": "kubernetes_deployment_v1",
      "name": "seq_deployment",
      "provider": "provider[\"registry.terraform.io/hashicorp/kubernetes\"]",
      "instances": [
        {
          "schema_version": 1,
          "attributes": {
            "id": "shared/seq",
            "metadata": [
              {
                "annotations": null,
                "generate_name": "",
                "generation": 1,
                "labels": {
                  "app": "seq"
                },
                "name": "seq",
                "namespace": "shared",
                "resource_version": "841",
                "uid": "5f750c87-656f-4231-a13d-f458bce76a74"
              }
            ],
            "spec": [
              {
                "min_ready_seconds": 0,
                "paused": false,
                "progress_deadline_seconds": 600,
                "replicas": "1",
                "revision_history_limit": 10,
                "selector": [
                  {
                    "match_expressions": [],
                    "match_labels": {
                      "app": "seq"
                    }
                  }
                ],
                "strategy": [
                  {
                    "rolling_update": [
                      {
                        "max_surge": "25%",
                        "max_unavailable": "25%"
                      }
                    ],
                    "type": "RollingUpdate"
                  }
                ],
                "template": [
                  {
                    "metadata": [
                      {
                        "annotations": null,
                        "generate_name": "",
                        "generation": 0,
                        "labels": {
                          "app": "seq"
                        },
                        "name": "",
                        "namespace": "",
                        "resource_version": "",
                        "uid": ""
                      }
                    ],
                    "spec": [
                      {
                        "active_deadline_seconds": 0,
                        "affinity": [],
                        "automount_service_account_token": true,
                        "container": [
                          {
                            "args": null,
                            "command": null,
                            "env": [
                              {
                                "name": "ACCEPT_EULA",
                                "value": "Y",
                                "value_from": []
                              }
                            ],
                            "env_from": [],
                            "image": "datalust/seq",
                            "image_pull_policy": "Always",
                            "lifecycle": [],
                            "liveness_probe": [],
                            "name": "seq",
                            "port": [
                              {
                                "container_port": 80,
                                "host_ip": "",
                                "host_port": 0,
                                "name": "",
                                "protocol": "TCP"
                              },
                              {
                                "container_port": 5341,
                                "host_ip": "",
                                "host_port": 0,
                                "name": "",
                                "protocol": "TCP"
                              }
                            ],
                            "readiness_probe": [],
                            "resources": [
                              {
                                "limits": null,
                                "requests": null
                              }
                            ],
                            "security_context": [],
                            "startup_probe": [],
                            "stdin": false,
                            "stdin_once": false,
                            "termination_message_path": "/dev/termination-log",
                            "termination_message_policy": "File",
                            "tty": false,
                            "volume_mount": [
                              {
                                "mount_path": "/data",
                                "mount_propagation": "None",
                                "name": "data",
                                "read_only": false,
                                "sub_path": ""
                              }
                            ],
                            "working_dir": ""
                          }
                        ],
                        "dns_config": [],
                        "dns_policy": "ClusterFirst",
                        "enable_service_links": true,
                        "host_aliases": [],
                        "host_ipc": false,
                        "host_network": false,
                        "host_pid": false,
                        "hostname": "",
                        "image_pull_secrets": [],
                        "init_container": [],
                        "node_name": "",
                        "node_selector": null,
                        "priority_class_name": "",
                        "readiness_gate": [],
                        "restart_policy": "Always",
                        "security_context": [],
                        "service_account_name": "",
                        "share_process_namespace": false,
                        "subdomain": "",
                        "termination_grace_period_seconds": 30,
                        "toleration": [],
                        "topology_spread_constraint": [],
                        "volume": [
                          {
                            "aws_elastic_block_store": [],
                            "azure_disk": [],
                            "azure_file": [],
                            "ceph_fs": [],
                            "cinder": [],
                            "config_map": [],
                            "csi": [],
                            "downward_api": [],
                            "empty_dir": [],
                            "fc": [],
                            "flex_volume": [],
                            "flocker": [],
                            "gce_persistent_disk": [],
                            "git_repo": [],
                            "glusterfs": [],
                            "host_path": [],
                            "iscsi": [],
                            "local": [],
                            "name": "data",
                            "nfs": [],
                            "persistent_volume_claim": [
                              {
                                "claim_name": "seq-pvc",
                                "read_only": false
                              }
                            ],
                            "photon_persistent_disk": [],
                            "projected": [],
                            "quobyte": [],
                            "rbd": [],
                            "secret": [],
                            "vsphere_volume": []
                          }
                        ]
                      }
                    ]
                  }
                ]
              }
            ],
            "timeouts": null,
            "wait_for_rollout": true
          },
          "sensitive_attributes": [],
          "private": "eyJlMmJmYjczMC1lY2FhLTExZTYtOGY4OC0zNDM2M2JjN2M0YzAiOnsiY3JlYXRlIjo2MDAwMDAwMDAwMDAsImRlbGV0ZSI6NjAwMDAwMDAwMDAwLCJ1cGRhdGUiOjYwMDAwMDAwMDAwMH0sInNjaGVtYV92ZXJzaW9uIjoiMSJ9",
          "dependencies": [
            "data.local_file.kubeconfig",
            "kubernetes_manifest.seq_pvc",
            "kubernetes_namespace.shared"
          ]
        }
      ]
    },
    {
      "mode": "managed",
      "type": "kubernetes_ingress_v1",
      "name": "blobstorage_ingress",
      "provider": "provider[\"registry.terraform.io/hashicorp/kubernetes\"]",
      "instances": [
        {
          "schema_version": 0,
          "attributes": {
            "id": "blob/blobstorage-ingress",
            "metadata": [
              {
                "annotations": null,
                "generate_name": "",
                "generation": 1,
                "labels": {
                  "app": "blobstorage"
                },
                "name": "blobstorage-ingress",
                "namespace": "blob",
                "resource_version": "673",
                "uid": "ab4cd914-49c5-49f3-a062-8828b6bf08fb"
              }
            ],
            "spec": [
              {
                "default_backend": [],
                "ingress_class_name": "",
                "rule": [
                  {
                    "host": "blobstorage.local.lncd.pl",
                    "http": [
                      {
                        "path": [
                          {
                            "backend": [
                              {
                                "resource": [],
                                "service": [
                                  {
                                    "name": "blobstorage",
                                    "port": [
                                      {
                                        "name": 0,
                                        "number": 80
                                      }
                                    ]
                                  }
                                ]
                              }
                            ],
                            "path": "",
                            "path_type": "ImplementationSpecific"
                          }
                        ]
                      }
                    ]
                  }
                ],
                "tls": []
              }
            ],
            "status": [
              {
                "load_balancer": [
                  {
                    "ingress": [
                      {
                        "hostname": "",
                        "ip": "172.24.0.2"
                      }
                    ]
                  }
                ]
              }
            ],
            "wait_for_load_balancer": null
          },
          "sensitive_attributes": [],
          "private": "bnVsbA==",
          "dependencies": [
            "data.local_file.kubeconfig",
            "kubernetes_namespace.blob",
            "kubernetes_service_v1.blobstorage_service"
          ]
        }
      ]
    },
    {
      "mode": "managed",
      "type": "kubernetes_ingress_v1",
      "name": "jaeger_ingress",
      "provider": "provider[\"registry.terraform.io/hashicorp/kubernetes\"]",
      "instances": [
        {
          "schema_version": 0,
          "attributes": {
            "id": "shared/jaeger-ingress",
            "metadata": [
              {
                "annotations": null,
                "generate_name": "",
                "generation": 1,
                "labels": {
                  "app": "jaeger"
                },
                "name": "jaeger-ingress",
                "namespace": "shared",
                "resource_version": "636",
                "uid": "4b65e332-6f50-4270-a231-60e2fc7f4d96"
              }
            ],
            "spec": [
              {
                "default_backend": [],
                "ingress_class_name": "",
                "rule": [
                  {
                    "host": "jaeger.local.lncd.pl",
                    "http": [
                      {
                        "path": [
                          {
                            "backend": [
                              {
                                "resource": [],
                                "service": [
                                  {
                                    "name": "jaeger-svc",
                                    "port": [
                                      {
                                        "name": 0,
                                        "number": 16686
                                      }
                                    ]
                                  }
                                ]
                              }
                            ],
                            "path": "",
                            "path_type": "ImplementationSpecific"
                          }
                        ]
                      }
                    ]
                  }
                ],
                "tls": []
              }
            ],
            "status": [
              {
                "load_balancer": [
                  {
                    "ingress": [
                      {
                        "hostname": "",
                        "ip": "172.24.0.2"
                      }
                    ]
                  }
                ]
              }
            ],
            "wait_for_load_balancer": null
          },
          "sensitive_attributes": [],
          "private": "bnVsbA==",
          "dependencies": [
            "data.local_file.kubeconfig",
            "kubernetes_namespace.shared",
            "kubernetes_service_v1.jaeger_service"
          ]
        }
      ]
    },
    {
      "mode": "managed",
      "type": "kubernetes_ingress_v1",
      "name": "seq_ingress",
      "provider": "provider[\"registry.terraform.io/hashicorp/kubernetes\"]",
      "instances": [
        {
          "schema_version": 0,
          "attributes": {
            "id": "shared/seq-ingress",
            "metadata": [
              {
                "annotations": null,
                "generate_name": "",
                "generation": 1,
                "labels": {
                  "app": "seq"
                },
                "name": "seq-ingress",
                "namespace": "shared",
                "resource_version": "646",
                "uid": "18725594-52f1-494b-9a19-e55b8f0bab43"
              }
            ],
            "spec": [
              {
                "default_backend": [],
                "ingress_class_name": "",
                "rule": [
                  {
                    "host": "seq.local.lncd.pl",
                    "http": [
                      {
                        "path": [
                          {
                            "backend": [
                              {
                                "resource": [],
                                "service": [
                                  {
                                    "name": "seq-svc",
                                    "port": [
                                      {
                                        "name": 0,
                                        "number": 80
                                      }
                                    ]
                                  }
                                ]
                              }
                            ],
                            "path": "",
                            "path_type": "ImplementationSpecific"
                          }
                        ]
                      }
                    ]
                  }
                ],
                "tls": []
              }
            ],
            "status": [
              {
                "load_balancer": [
                  {
                    "ingress": [
                      {
                        "hostname": "",
                        "ip": "172.24.0.2"
                      }
                    ]
                  }
                ]
              }
            ],
            "wait_for_load_balancer": null
          },
          "sensitive_attributes": [],
          "private": "bnVsbA==",
          "dependencies": [
            "data.local_file.kubeconfig",
            "kubernetes_namespace.shared",
            "kubernetes_service_v1.seq_service"
          ]
        }
      ]
    },
    {
      "mode": "managed",
      "type": "kubernetes_manifest",
      "name": "blobstorage_pvc",
      "provider": "provider[\"registry.terraform.io/hashicorp/kubernetes\"]",
      "instances": [
        {
          "schema_version": 1,
          "attributes": {
            "computed_fields": null,
            "field_manager": [],
            "manifest": {
              "value": {
                "apiVersion": "v1",
                "kind": "PersistentVolumeClaim",
                "metadata": {
                  "labels": {
                    "app": "blobstorage"
                  },
                  "name": "blobstorage-pvc",
                  "namespace": "blob"
                },
                "spec": {
                  "accessModes": [
                    "ReadWriteOnce"
                  ],
                  "resources": {
                    "requests": {
                      "storage": "10Gi"
                    }
                  }
                }
              },
              "type": [
                "object",
                {
                  "apiVersion": "string",
                  "kind": "string",
                  "metadata": [
                    "object",
                    {
                      "labels": [
                        "object",
                        {
                          "app": "string"
                        }
                      ],
                      "name": "string",
                      "namespace": "string"
                    }
                  ],
                  "spec": [
                    "object",
                    {
                      "accessModes": [
                        "tuple",
                        [
                          "string"
                        ]
                      ],
                      "resources": [
                        "object",
                        {
                          "requests": [
                            "object",
                            {
                              "storage": "string"
                            }
                          ]
                        }
                      ]
                    }
                  ]
                }
              ]
            },
            "object": {
              "value": {
                "apiVersion": "v1",
                "kind": "PersistentVolumeClaim",
                "metadata": {
                  "annotations": null,
                  "clusterName": null,
                  "creationTimestamp": null,
                  "deletionGracePeriodSeconds": null,
                  "deletionTimestamp": null,
                  "finalizers": [
                    "kubernetes.io/pvc-protection"
                  ],
                  "generateName": null,
                  "generation": null,
                  "labels": {
                    "app": "blobstorage"
                  },
                  "managedFields": null,
                  "name": "blobstorage-pvc",
                  "namespace": "blob",
                  "ownerReferences": null,
                  "resourceVersion": null,
                  "selfLink": null,
                  "uid": null
                },
                "spec": {
                  "accessModes": [
                    "ReadWriteOnce"
                  ],
                  "dataSource": {
                    "apiGroup": null,
                    "kind": null,
                    "name": null
                  },
                  "dataSourceRef": {
                    "apiGroup": null,
                    "kind": null,
                    "name": null
                  },
                  "resources": {
                    "limits": null,
                    "requests": {
                      "storage": "10Gi"
                    }
                  },
                  "selector": {
                    "matchExpressions": null,
                    "matchLabels": null
                  },
                  "storageClassName": "local-path",
                  "volumeMode": "Filesystem",
                  "volumeName": null
                }
              },
              "type": [
                "object",
                {
                  "apiVersion": "string",
                  "kind": "string",
                  "metadata": [
                    "object",
                    {
                      "annotations": [
                        "map",
                        "string"
                      ],
                      "clusterName": "string",
                      "creationTimestamp": "string",
                      "deletionGracePeriodSeconds": "number",
                      "deletionTimestamp": "string",
                      "finalizers": [
                        "list",
                        "string"
                      ],
                      "generateName": "string",
                      "generation": "number",
                      "labels": [
                        "map",
                        "string"
                      ],
                      "managedFields": [
                        "list",
                        [
                          "object",
                          {
                            "apiVersion": "string",
                            "fieldsType": "string",
                            "fieldsV1": "dynamic",
                            "manager": "string",
                            "operation": "string",
                            "subresource": "string",
                            "time": "string"
                          }
                        ]
                      ],
                      "name": "string",
                      "namespace": "string",
                      "ownerReferences": [
                        "list",
                        [
                          "object",
                          {
                            "apiVersion": "string",
                            "blockOwnerDeletion": "bool",
                            "controller": "bool",
                            "kind": "string",
                            "name": "string",
                            "uid": "string"
                          }
                        ]
                      ],
                      "resourceVersion": "string",
                      "selfLink": "string",
                      "uid": "string"
                    }
                  ],
                  "spec": [
                    "object",
                    {
                      "accessModes": [
                        "list",
                        "string"
                      ],
                      "dataSource": [
                        "object",
                        {
                          "apiGroup": "string",
                          "kind": "string",
                          "name": "string"
                        }
                      ],
                      "dataSourceRef": [
                        "object",
                        {
                          "apiGroup": "string",
                          "kind": "string",
                          "name": "string"
                        }
                      ],
                      "resources": [
                        "object",
                        {
                          "limits": [
                            "map",
                            "string"
                          ],
                          "requests": [
                            "map",
                            "string"
                          ]
                        }
                      ],
                      "selector": [
                        "object",
                        {
                          "matchExpressions": [
                            "list",
                            [
                              "object",
                              {
                                "key": "string",
                                "operator": "string",
                                "values": [
                                  "list",
                                  "string"
                                ]
                              }
                            ]
                          ],
                          "matchLabels": [
                            "map",
                            "string"
                          ]
                        }
                      ],
                      "storageClassName": "string",
                      "volumeMode": "string",
                      "volumeName": "string"
                    }
                  ]
                }
              ]
            },
            "timeouts": [],
            "wait_for": null
          },
          "sensitive_attributes": [],
          "dependencies": [
            "data.local_file.kubeconfig",
            "kubernetes_namespace.blob"
          ]
        }
      ]
    },
    {
      "mode": "managed",
      "type": "kubernetes_manifest",
      "name": "mssql_pvc",
      "provider": "provider[\"registry.terraform.io/hashicorp/kubernetes\"]",
      "instances": [
        {
          "schema_version": 1,
          "attributes": {
            "computed_fields": null,
            "field_manager": [],
            "manifest": {
              "value": {
                "apiVersion": "v1",
                "kind": "PersistentVolumeClaim",
                "metadata": {
                  "labels": {
                    "app": "mssql"
                  },
                  "name": "mssql-pvc",
                  "namespace": "shared"
                },
                "spec": {
                  "accessModes": [
                    "ReadWriteOnce"
                  ],
                  "resources": {
                    "requests": {
                      "storage": "10Gi"
                    }
                  }
                }
              },
              "type": [
                "object",
                {
                  "apiVersion": "string",
                  "kind": "string",
                  "metadata": [
                    "object",
                    {
                      "labels": [
                        "object",
                        {
                          "app": "string"
                        }
                      ],
                      "name": "string",
                      "namespace": "string"
                    }
                  ],
                  "spec": [
                    "object",
                    {
                      "accessModes": [
                        "tuple",
                        [
                          "string"
                        ]
                      ],
                      "resources": [
                        "object",
                        {
                          "requests": [
                            "object",
                            {
                              "storage": "string"
                            }
                          ]
                        }
                      ]
                    }
                  ]
                }
              ]
            },
            "object": {
              "value": {
                "apiVersion": "v1",
                "kind": "PersistentVolumeClaim",
                "metadata": {
                  "annotations": null,
                  "clusterName": null,
                  "creationTimestamp": null,
                  "deletionGracePeriodSeconds": null,
                  "deletionTimestamp": null,
                  "finalizers": [
                    "kubernetes.io/pvc-protection"
                  ],
                  "generateName": null,
                  "generation": null,
                  "labels": {
                    "app": "mssql"
                  },
                  "managedFields": null,
                  "name": "mssql-pvc",
                  "namespace": "shared",
                  "ownerReferences": null,
                  "resourceVersion": null,
                  "selfLink": null,
                  "uid": null
                },
                "spec": {
                  "accessModes": [
                    "ReadWriteOnce"
                  ],
                  "dataSource": {
                    "apiGroup": null,
                    "kind": null,
                    "name": null
                  },
                  "dataSourceRef": {
                    "apiGroup": null,
                    "kind": null,
                    "name": null
                  },
                  "resources": {
                    "limits": null,
                    "requests": {
                      "storage": "10Gi"
                    }
                  },
                  "selector": {
                    "matchExpressions": null,
                    "matchLabels": null
                  },
                  "storageClassName": "local-path",
                  "volumeMode": "Filesystem",
                  "volumeName": null
                }
              },
              "type": [
                "object",
                {
                  "apiVersion": "string",
                  "kind": "string",
                  "metadata": [
                    "object",
                    {
                      "annotations": [
                        "map",
                        "string"
                      ],
                      "clusterName": "string",
                      "creationTimestamp": "string",
                      "deletionGracePeriodSeconds": "number",
                      "deletionTimestamp": "string",
                      "finalizers": [
                        "list",
                        "string"
                      ],
                      "generateName": "string",
                      "generation": "number",
                      "labels": [
                        "map",
                        "string"
                      ],
                      "managedFields": [
                        "list",
                        [
                          "object",
                          {
                            "apiVersion": "string",
                            "fieldsType": "string",
                            "fieldsV1": "dynamic",
                            "manager": "string",
                            "operation": "string",
                            "subresource": "string",
                            "time": "string"
                          }
                        ]
                      ],
                      "name": "string",
                      "namespace": "string",
                      "ownerReferences": [
                        "list",
                        [
                          "object",
                          {
                            "apiVersion": "string",
                            "blockOwnerDeletion": "bool",
                            "controller": "bool",
                            "kind": "string",
                            "name": "string",
                            "uid": "string"
                          }
                        ]
                      ],
                      "resourceVersion": "string",
                      "selfLink": "string",
                      "uid": "string"
                    }
                  ],
                  "spec": [
                    "object",
                    {
                      "accessModes": [
                        "list",
                        "string"
                      ],
                      "dataSource": [
                        "object",
                        {
                          "apiGroup": "string",
                          "kind": "string",
                          "name": "string"
                        }
                      ],
                      "dataSourceRef": [
                        "object",
                        {
                          "apiGroup": "string",
                          "kind": "string",
                          "name": "string"
                        }
                      ],
                      "resources": [
                        "object",
                        {
                          "limits": [
                            "map",
                            "string"
                          ],
                          "requests": [
                            "map",
                            "string"
                          ]
                        }
                      ],
                      "selector": [
                        "object",
                        {
                          "matchExpressions": [
                            "list",
                            [
                              "object",
                              {
                                "key": "string",
                                "operator": "string",
                                "values": [
                                  "list",
                                  "string"
                                ]
                              }
                            ]
                          ],
                          "matchLabels": [
                            "map",
                            "string"
                          ]
                        }
                      ],
                      "storageClassName": "string",
                      "volumeMode": "string",
                      "volumeName": "string"
                    }
                  ]
                }
              ]
            },
            "timeouts": [],
            "wait_for": null
          },
          "sensitive_attributes": [],
          "dependencies": [
            "data.local_file.kubeconfig",
            "kubernetes_namespace.shared"
          ]
        }
      ]
    },
    {
      "mode": "managed",
      "type": "kubernetes_manifest",
      "name": "seq_pvc",
      "provider": "provider[\"registry.terraform.io/hashicorp/kubernetes\"]",
      "instances": [
        {
          "schema_version": 1,
          "attributes": {
            "computed_fields": null,
            "field_manager": [],
            "manifest": {
              "value": {
                "apiVersion": "v1",
                "kind": "PersistentVolumeClaim",
                "metadata": {
                  "labels": {
                    "app": "seq"
                  },
                  "name": "seq-pvc",
                  "namespace": "shared"
                },
                "spec": {
                  "accessModes": [
                    "ReadWriteOnce"
                  ],
                  "resources": {
                    "requests": {
                      "storage": "1Gi"
                    }
                  }
                }
              },
              "type": [
                "object",
                {
                  "apiVersion": "string",
                  "kind": "string",
                  "metadata": [
                    "object",
                    {
                      "labels": [
                        "object",
                        {
                          "app": "string"
                        }
                      ],
                      "name": "string",
                      "namespace": "string"
                    }
                  ],
                  "spec": [
                    "object",
                    {
                      "accessModes": [
                        "tuple",
                        [
                          "string"
                        ]
                      ],
                      "resources": [
                        "object",
                        {
                          "requests": [
                            "object",
                            {
                              "storage": "string"
                            }
                          ]
                        }
                      ]
                    }
                  ]
                }
              ]
            },
            "object": {
              "value": {
                "apiVersion": "v1",
                "kind": "PersistentVolumeClaim",
                "metadata": {
                  "annotations": null,
                  "clusterName": null,
                  "creationTimestamp": null,
                  "deletionGracePeriodSeconds": null,
                  "deletionTimestamp": null,
                  "finalizers": [
                    "kubernetes.io/pvc-protection"
                  ],
                  "generateName": null,
                  "generation": null,
                  "labels": {
                    "app": "seq"
                  },
                  "managedFields": null,
                  "name": "seq-pvc",
                  "namespace": "shared",
                  "ownerReferences": null,
                  "resourceVersion": null,
                  "selfLink": null,
                  "uid": null
                },
                "spec": {
                  "accessModes": [
                    "ReadWriteOnce"
                  ],
                  "dataSource": {
                    "apiGroup": null,
                    "kind": null,
                    "name": null
                  },
                  "dataSourceRef": {
                    "apiGroup": null,
                    "kind": null,
                    "name": null
                  },
                  "resources": {
                    "limits": null,
                    "requests": {
                      "storage": "1Gi"
                    }
                  },
                  "selector": {
                    "matchExpressions": null,
                    "matchLabels": null
                  },
                  "storageClassName": "local-path",
                  "volumeMode": "Filesystem",
                  "volumeName": null
                }
              },
              "type": [
                "object",
                {
                  "apiVersion": "string",
                  "kind": "string",
                  "metadata": [
                    "object",
                    {
                      "annotations": [
                        "map",
                        "string"
                      ],
                      "clusterName": "string",
                      "creationTimestamp": "string",
                      "deletionGracePeriodSeconds": "number",
                      "deletionTimestamp": "string",
                      "finalizers": [
                        "list",
                        "string"
                      ],
                      "generateName": "string",
                      "generation": "number",
                      "labels": [
                        "map",
                        "string"
                      ],
                      "managedFields": [
                        "list",
                        [
                          "object",
                          {
                            "apiVersion": "string",
                            "fieldsType": "string",
                            "fieldsV1": "dynamic",
                            "manager": "string",
                            "operation": "string",
                            "subresource": "string",
                            "time": "string"
                          }
                        ]
                      ],
                      "name": "string",
                      "namespace": "string",
                      "ownerReferences": [
                        "list",
                        [
                          "object",
                          {
                            "apiVersion": "string",
                            "blockOwnerDeletion": "bool",
                            "controller": "bool",
                            "kind": "string",
                            "name": "string",
                            "uid": "string"
                          }
                        ]
                      ],
                      "resourceVersion": "string",
                      "selfLink": "string",
                      "uid": "string"
                    }
                  ],
                  "spec": [
                    "object",
                    {
                      "accessModes": [
                        "list",
                        "string"
                      ],
                      "dataSource": [
                        "object",
                        {
                          "apiGroup": "string",
                          "kind": "string",
                          "name": "string"
                        }
                      ],
                      "dataSourceRef": [
                        "object",
                        {
                          "apiGroup": "string",
                          "kind": "string",
                          "name": "string"
                        }
                      ],
                      "resources": [
                        "object",
                        {
                          "limits": [
                            "map",
                            "string"
                          ],
                          "requests": [
                            "map",
                            "string"
                          ]
                        }
                      ],
                      "selector": [
                        "object",
                        {
                          "matchExpressions": [
                            "list",
                            [
                              "object",
                              {
                                "key": "string",
                                "operator": "string",
                                "values": [
                                  "list",
                                  "string"
                                ]
                              }
                            ]
                          ],
                          "matchLabels": [
                            "map",
                            "string"
                          ]
                        }
                      ],
                      "storageClassName": "string",
                      "volumeMode": "string",
                      "volumeName": "string"
                    }
                  ]
                }
              ]
            },
            "timeouts": [],
            "wait_for": null
          },
          "sensitive_attributes": [],
          "dependencies": [
            "data.local_file.kubeconfig",
            "kubernetes_namespace.shared"
          ]
        }
      ]
    },
    {
      "mode": "managed",
      "type": "kubernetes_namespace",
      "name": "blob",
      "provider": "provider[\"registry.terraform.io/hashicorp/kubernetes\"]",
      "instances": [
        {
          "schema_version": 0,
          "attributes": {
            "id": "blob",
            "metadata": [
              {
                "annotations": null,
                "generate_name": "",
                "generation": 0,
                "labels": null,
                "name": "blob",
                "resource_version": "612",
                "uid": "2ced1f1f-9672-4529-acd7-1dd767fa4412"
              }
            ],
            "timeouts": null
          },
          "sensitive_attributes": [],
          "private": "eyJlMmJmYjczMC1lY2FhLTExZTYtOGY4OC0zNDM2M2JjN2M0YzAiOnsiZGVsZXRlIjozMDAwMDAwMDAwMDB9fQ==",
          "dependencies": [
            "data.local_file.kubeconfig"
          ]
        }
      ]
    },
    {
      "mode": "managed",
      "type": "kubernetes_namespace",
      "name": "main",
      "provider": "provider[\"registry.terraform.io/hashicorp/kubernetes\"]",
      "instances": [
        {
          "schema_version": 0,
          "attributes": {
            "id": "exampleapp-dev",
            "metadata": [
              {
                "annotations": null,
                "generate_name": "",
                "generation": 0,
                "labels": null,
                "name": "exampleapp-dev",
                "resource_version": "615",
                "uid": "4d785d30-fe84-4056-9c82-cc707458d8c1"
              }
            ],
            "timeouts": null
          },
          "sensitive_attributes": [],
          "private": "eyJlMmJmYjczMC1lY2FhLTExZTYtOGY4OC0zNDM2M2JjN2M0YzAiOnsiZGVsZXRlIjozMDAwMDAwMDAwMDB9fQ==",
          "dependencies": [
            "data.local_file.kubeconfig"
          ]
        }
      ]
    },
    {
      "mode": "managed",
      "type": "kubernetes_namespace",
      "name": "shared",
      "provider": "provider[\"registry.terraform.io/hashicorp/kubernetes\"]",
      "instances": [
        {
          "schema_version": 0,
          "attributes": {
            "id": "shared",
            "metadata": [
              {
                "annotations": {},
                "generate_name": "",
                "generation": 0,
                "labels": {},
                "name": "shared",
                "resource_version": "374",
                "uid": "18fff877-bdb7-4b02-827e-ebbbc3a1278a"
              }
            ],
            "timeouts": null
          },
          "sensitive_attributes": [],
          "private": "eyJlMmJmYjczMC1lY2FhLTExZTYtOGY4OC0zNDM2M2JjN2M0YzAiOnsiZGVsZXRlIjozMDAwMDAwMDAwMDB9fQ==",
          "dependencies": [
            "data.local_file.kubeconfig",
            "null_resource.cluster",
            "null_resource.cluster_kubeconfig"
          ]
        }
      ]
    },
    {
      "mode": "managed",
      "type": "kubernetes_secret",
      "name": "otel_config",
      "provider": "provider[\"registry.terraform.io/hashicorp/kubernetes\"]",
      "instances": [
        {
          "schema_version": 0,
          "attributes": {
            "binary_data": null,
            "data": {
              "otel-agent-config.yaml": "\"exporters\":\n  \"jaeger\":\n    \"endpoint\": \"jaeger.shared.svc.cluster.local:14250\"\n    \"tls\":\n      \"insecure\": true\n\"extensions\":\n  \"health_check\": {}\n\"processors\":\n  \"batch\":\n    \"timeout\": \"10s\"\n  \"k8sattributes\":\n    \"passthrough\": true\n  \"resourcedetection\":\n    \"detectors\":\n    - \"env\"\n    \"override\": false\n    \"timeout\": \"5s\"\n\"receivers\":\n  \"jaeger\":\n    \"protocols\":\n      \"thrift_http\":\n        \"endpoint\": \"0.0.0.0:14268\"\n  \"otlp\":\n    \"protocols\":\n      \"grpc\":\n        \"endpoint\": \"0.0.0.0:55680\"\n      \"http\":\n        \"endpoint\": \"0.0.0.0:55681\"\n\"service\":\n  \"extensions\":\n  - \"health_check\"\n  \"pipelines\":\n    \"traces\":\n      \"exporters\":\n      - \"jaeger\"\n      \"processors\":\n      - \"batch\"\n      - \"resourcedetection\"\n      - \"k8sattributes\"\n      \"receivers\":\n      - \"otlp\"\n      - \"jaeger\"\n"
            },
            "id": "shared/otel-config",
            "immutable": false,
            "metadata": [
              {
                "annotations": null,
                "generate_name": "",
                "generation": 0,
                "labels": {
                  "app": "otlp"
                },
                "name": "otel-config",
                "namespace": "shared",
                "resource_version": "614",
                "uid": "26fb2914-805f-4288-a622-9caca0f5b6a4"
              }
            ],
            "type": "Opaque"
          },
          "sensitive_attributes": [],
          "private": "bnVsbA==",
          "dependencies": [
            "data.local_file.kubeconfig",
            "kubernetes_namespace.shared"
          ]
        }
      ]
    },
    {
      "mode": "managed",
      "type": "kubernetes_service_v1",
      "name": "blobstorage_service",
      "provider": "provider[\"registry.terraform.io/hashicorp/kubernetes\"]",
      "instances": [
        {
          "schema_version": 1,
          "attributes": {
            "id": "blob/blobstorage",
            "metadata": [
              {
                "annotations": null,
                "generate_name": "",
                "generation": 0,
                "labels": {
                  "app": "blobstorage"
                },
                "name": "blobstorage",
                "namespace": "blob",
                "resource_version": "645",
                "uid": "19419357-30e2-40d2-a34d-7364ed429812"
              }
            ],
            "spec": [
              {
                "cluster_ip": "10.43.6.123",
                "external_ips": null,
                "external_name": "",
                "external_traffic_policy": "",
                "health_check_node_port": 0,
                "load_balancer_ip": "",
                "load_balancer_source_ranges": null,
                "port": [
                  {
                    "name": "",
                    "node_port": 0,
                    "port": 80,
                    "protocol": "TCP",
                    "target_port": "10000"
                  }
                ],
                "publish_not_ready_addresses": false,
                "selector": {
                  "app": "blobstorage"
                },
                "session_affinity": "None",
                "type": "ClusterIP"
              }
            ],
            "status": [
              {
                "load_balancer": [
                  {
                    "ingress": []
                  }
                ]
              }
            ],
            "timeouts": null,
            "wait_for_load_balancer": true
          },
          "sensitive_attributes": [],
          "private": "eyJlMmJmYjczMC1lY2FhLTExZTYtOGY4OC0zNDM2M2JjN2M0YzAiOnsiY3JlYXRlIjo2MDAwMDAwMDAwMDB9LCJzY2hlbWFfdmVyc2lvbiI6IjEifQ==",
          "dependencies": [
            "data.local_file.kubeconfig",
            "kubernetes_namespace.blob"
          ]
        }
      ]
    },
    {
      "mode": "managed",
      "type": "kubernetes_service_v1",
      "name": "jaeger_service",
      "provider": "provider[\"registry.terraform.io/hashicorp/kubernetes\"]",
      "instances": [
        {
          "schema_version": 1,
          "attributes": {
            "id": "shared/jaeger-svc",
            "metadata": [
              {
                "annotations": null,
                "generate_name": "",
                "generation": 0,
                "labels": {
                  "app": "jaeger"
                },
                "name": "jaeger-svc",
                "namespace": "shared",
                "resource_version": "617",
                "uid": "08c67bbc-ef1d-4908-9891-e5d0a40d8d8f"
              }
            ],
            "spec": [
              {
                "cluster_ip": "10.43.235.38",
                "external_ips": null,
                "external_name": "",
                "external_traffic_policy": "",
                "health_check_node_port": 0,
                "load_balancer_ip": "",
                "load_balancer_source_ranges": null,
                "port": [
                  {
                    "name": "collector-http",
                    "node_port": 0,
                    "port": 14268,
                    "protocol": "TCP",
                    "target_port": "14268"
                  },
                  {
                    "name": "collector-grpc",
                    "node_port": 0,
                    "port": 14250,
                    "protocol": "TCP",
                    "target_port": "14250"
                  },
                  {
                    "name": "frontend",
                    "node_port": 0,
                    "port": 16686,
                    "protocol": "TCP",
                    "target_port": "16686"
                  }
                ],
                "publish_not_ready_addresses": false,
                "selector": {
                  "app": "jaeger"
                },
                "session_affinity": "None",
                "type": "ClusterIP"
              }
            ],
            "status": [
              {
                "load_balancer": [
                  {
                    "ingress": []
                  }
                ]
              }
            ],
            "timeouts": null,
            "wait_for_load_balancer": true
          },
          "sensitive_attributes": [],
          "private": "eyJlMmJmYjczMC1lY2FhLTExZTYtOGY4OC0zNDM2M2JjN2M0YzAiOnsiY3JlYXRlIjo2MDAwMDAwMDAwMDB9LCJzY2hlbWFfdmVyc2lvbiI6IjEifQ==",
          "dependencies": [
            "data.local_file.kubeconfig",
            "kubernetes_namespace.shared"
          ]
        }
      ]
    },
    {
      "mode": "managed",
      "type": "kubernetes_service_v1",
      "name": "mssql_service",
      "provider": "provider[\"registry.terraform.io/hashicorp/kubernetes\"]",
      "instances": [
        {
          "schema_version": 1,
          "attributes": {
            "id": "shared/mssql-svc",
            "metadata": [
              {
                "annotations": null,
                "generate_name": "",
                "generation": 0,
                "labels": {
                  "app": "mssql"
                },
                "name": "mssql-svc",
                "namespace": "shared",
                "resource_version": "748",
                "uid": "ec3e79ec-da1b-464b-b81a-dbd418b8f49a"
              }
            ],
            "spec": [
              {
                "cluster_ip": "10.43.173.250",
                "external_ips": null,
                "external_name": "",
                "external_traffic_policy": "Cluster",
                "health_check_node_port": 0,
                "load_balancer_ip": "",
                "load_balancer_source_ranges": null,
                "port": [
                  {
                    "name": "",
                    "node_port": 32162,
                    "port": 1433,
                    "protocol": "TCP",
                    "target_port": "1433"
                  }
                ],
                "publish_not_ready_addresses": false,
                "selector": {
                  "app": "mssql"
                },
                "session_affinity": "None",
                "type": "LoadBalancer"
              }
            ],
            "status": [
              {
                "load_balancer": [
                  {
                    "ingress": [
                      {
                        "hostname": "",
                        "ip": "172.24.0.2"
                      }
                    ]
                  }
                ]
              }
            ],
            "timeouts": null,
            "wait_for_load_balancer": true
          },
          "sensitive_attributes": [],
          "private": "eyJlMmJmYjczMC1lY2FhLTExZTYtOGY4OC0zNDM2M2JjN2M0YzAiOnsiY3JlYXRlIjo2MDAwMDAwMDAwMDB9LCJzY2hlbWFfdmVyc2lvbiI6IjEifQ==",
          "dependencies": [
            "data.local_file.kubeconfig",
            "kubernetes_namespace.shared"
          ]
        }
      ]
    },
    {
      "mode": "managed",
      "type": "kubernetes_service_v1",
      "name": "seq_service",
      "provider": "provider[\"registry.terraform.io/hashicorp/kubernetes\"]",
      "instances": [
        {
          "schema_version": 1,
          "attributes": {
            "id": "shared/seq-svc",
            "metadata": [
              {
                "annotations": null,
                "generate_name": "",
                "generation": 0,
                "labels": {
                  "app": "seq"
                },
                "name": "seq-svc",
                "namespace": "shared",
                "resource_version": "613",
                "uid": "22367ad2-f2e0-4474-b083-28bf1e95c7dd"
              }
            ],
            "spec": [
              {
                "cluster_ip": "10.43.144.120",
                "external_ips": null,
                "external_name": "",
                "external_traffic_policy": "",
                "health_check_node_port": 0,
                "load_balancer_ip": "",
                "load_balancer_source_ranges": null,
                "port": [
                  {
                    "name": "",
                    "node_port": 0,
                    "port": 80,
                    "protocol": "TCP",
                    "target_port": "80"
                  }
                ],
                "publish_not_ready_addresses": false,
                "selector": {
                  "app": "seq"
                },
                "session_affinity": "None",
                "type": "ClusterIP"
              }
            ],
            "status": [
              {
                "load_balancer": [
                  {
                    "ingress": []
                  }
                ]
              }
            ],
            "timeouts": null,
            "wait_for_load_balancer": true
          },
          "sensitive_attributes": [],
          "private": "eyJlMmJmYjczMC1lY2FhLTExZTYtOGY4OC0zNDM2M2JjN2M0YzAiOnsiY3JlYXRlIjo2MDAwMDAwMDAwMDB9LCJzY2hlbWFfdmVyc2lvbiI6IjEifQ==",
          "dependencies": [
            "data.local_file.kubeconfig",
            "kubernetes_namespace.shared"
          ]
        }
      ]
    },
    {
      "mode": "managed",
      "type": "null_resource",
      "name": "cluster",
      "provider": "provider[\"registry.terraform.io/hashicorp/null\"]",
      "instances": [
        {
          "schema_version": 0,
          "attributes": {
            "id": "4425498729260186426",
            "triggers": null
          },
          "sensitive_attributes": []
        }
      ]
    },
    {
      "mode": "managed",
      "type": "null_resource",
      "name": "cluster_kubeconfig",
      "provider": "provider[\"registry.terraform.io/hashicorp/null\"]",
      "instances": [
        {
          "schema_version": 0,
          "attributes": {
            "id": "1798699914898249489",
            "triggers": null
          },
          "sensitive_attributes": [],
          "dependencies": [
            "null_resource.cluster"
          ]
        }
      ]
    }
  ],
  "check_results": null
}
